// !$*UTF8*$!
{
	archiveVersion = 1;
	classes = {
	};
	objectVersion = 48;
	objects = {

/* Begin PBXBuildFile section */
		21570D0120BB8D8B002585CB /* AppDelegate.m in Sources */ = {isa = PBXBuildFile; fileRef = 21570D0020BB8D8B002585CB /* AppDelegate.m */; };
		21570D0420BB8D8B002585CB /* ViewController.m in Sources */ = {isa = PBXBuildFile; fileRef = 21570D0320BB8D8B002585CB /* ViewController.m */; };
		21570D0720BB8D8B002585CB /* Main.storyboard in Resources */ = {isa = PBXBuildFile; fileRef = 21570D0520BB8D8B002585CB /* Main.storyboard */; };
		21570D0920BB8D8B002585CB /* Assets.xcassets in Resources */ = {isa = PBXBuildFile; fileRef = 21570D0820BB8D8B002585CB /* Assets.xcassets */; };
		21570D0C20BB8D8B002585CB /* LaunchScreen.storyboard in Resources */ = {isa = PBXBuildFile; fileRef = 21570D0A20BB8D8B002585CB /* LaunchScreen.storyboard */; };
		21570D0F20BB8D8B002585CB /* main.m in Sources */ = {isa = PBXBuildFile; fileRef = 21570D0E20BB8D8B002585CB /* main.m */; };
		21570D1920BB8D8B002585CB /* FilterCameraTests.m in Sources */ = {isa = PBXBuildFile; fileRef = 21570D1820BB8D8B002585CB /* FilterCameraTests.m */; };
		21570D2420BB8D8B002585CB /* FilterCameraUITests.m in Sources */ = {isa = PBXBuildFile; fileRef = 21570D2320BB8D8B002585CB /* FilterCameraUITests.m */; };
		21570DB220BB9145002585CB /* amaroMap.png in Resources */ = {isa = PBXBuildFile; fileRef = 21570D3320BB9145002585CB /* amaroMap.png */; };
		21570DB320BB9145002585CB /* blackboard1024.png in Resources */ = {isa = PBXBuildFile; fileRef = 21570D3420BB9145002585CB /* blackboard1024.png */; };
		21570DB420BB9145002585CB /* FWAmaroFilter.m in Sources */ = {isa = PBXBuildFile; fileRef = 21570D3620BB9145002585CB /* FWAmaroFilter.m */; };
		21570DB520BB9145002585CB /* overlayMap.png in Resources */ = {isa = PBXBuildFile; fileRef = 21570D3720BB9145002585CB /* overlayMap.png */; };
		21570DB620BB9145002585CB /* brannanBlowout.png in Resources */ = {isa = PBXBuildFile; fileRef = 21570D3920BB9145002585CB /* brannanBlowout.png */; };
		21570DB720BB9145002585CB /* brannanContrast.png in Resources */ = {isa = PBXBuildFile; fileRef = 21570D3A20BB9145002585CB /* brannanContrast.png */; };
		21570DB820BB9145002585CB /* brannanLuma.png in Resources */ = {isa = PBXBuildFile; fileRef = 21570D3B20BB9145002585CB /* brannanLuma.png */; };
		21570DB920BB9145002585CB /* brannanProcess.png in Resources */ = {isa = PBXBuildFile; fileRef = 21570D3C20BB9145002585CB /* brannanProcess.png */; };
		21570DBA20BB9145002585CB /* brannanScreen.png in Resources */ = {isa = PBXBuildFile; fileRef = 21570D3D20BB9145002585CB /* brannanScreen.png */; };
		21570DBB20BB9145002585CB /* FWBrannanFilter.m in Sources */ = {isa = PBXBuildFile; fileRef = 21570D3F20BB9145002585CB /* FWBrannanFilter.m */; };
		21570DBC20BB9145002585CB /* earlybirdBlowout.png in Resources */ = {isa = PBXBuildFile; fileRef = 21570D4120BB9145002585CB /* earlybirdBlowout.png */; };
		21570DBD20BB9145002585CB /* earlyBirdCurves.png in Resources */ = {isa = PBXBuildFile; fileRef = 21570D4220BB9145002585CB /* earlyBirdCurves.png */; };
		21570DBE20BB9145002585CB /* earlybirdMap.png in Resources */ = {isa = PBXBuildFile; fileRef = 21570D4320BB9145002585CB /* earlybirdMap.png */; };
		21570DBF20BB9145002585CB /* earlybirdOverlayMap.png in Resources */ = {isa = PBXBuildFile; fileRef = 21570D4420BB9145002585CB /* earlybirdOverlayMap.png */; };
		21570DC020BB9145002585CB /* FWEarlybirdFilter.m in Sources */ = {isa = PBXBuildFile; fileRef = 21570D4620BB9145002585CB /* FWEarlybirdFilter.m */; };
		21570DC120BB9145002585CB /* edgeBurn.png in Resources */ = {isa = PBXBuildFile; fileRef = 21570D4820BB9145002585CB /* edgeBurn.png */; };
		21570DC220BB9145002585CB /* FWHefeFilter.m in Sources */ = {isa = PBXBuildFile; fileRef = 21570D4A20BB9145002585CB /* FWHefeFilter.m */; };
		21570DC320BB9145002585CB /* hefeGradientMap.png in Resources */ = {isa = PBXBuildFile; fileRef = 21570D4B20BB9145002585CB /* hefeGradientMap.png */; };
		21570DC420BB9145002585CB /* hefeMap.png in Resources */ = {isa = PBXBuildFile; fileRef = 21570D4C20BB9145002585CB /* hefeMap.png */; };
		21570DC520BB9145002585CB /* hefeMetal.png in Resources */ = {isa = PBXBuildFile; fileRef = 21570D4D20BB9145002585CB /* hefeMetal.png */; };
		21570DC620BB9145002585CB /* hefeSoftLight.png in Resources */ = {isa = PBXBuildFile; fileRef = 21570D4E20BB9145002585CB /* hefeSoftLight.png */; };
		21570DC720BB9145002585CB /* FWHudsonFilter.m in Sources */ = {isa = PBXBuildFile; fileRef = 21570D5120BB9145002585CB /* FWHudsonFilter.m */; };
		21570DC820BB9145002585CB /* hudsonBackground.png in Resources */ = {isa = PBXBuildFile; fileRef = 21570D5220BB9145002585CB /* hudsonBackground.png */; };
		21570DC920BB9145002585CB /* hudsonMap.png in Resources */ = {isa = PBXBuildFile; fileRef = 21570D5320BB9145002585CB /* hudsonMap.png */; };
		21570DCA20BB9145002585CB /* overlayMap.png in Resources */ = {isa = PBXBuildFile; fileRef = 21570D5420BB9145002585CB /* overlayMap.png */; };
		21570DCB20BB9145002585CB /* FWInkwellFilter.m in Sources */ = {isa = PBXBuildFile; fileRef = 21570D5720BB9145002585CB /* FWInkwellFilter.m */; };
		21570DCC20BB9145002585CB /* inkwellMap.png in Resources */ = {isa = PBXBuildFile; fileRef = 21570D5820BB9145002585CB /* inkwellMap.png */; };
		21570DCD20BB9145002585CB /* FWLomofiFilter.m in Sources */ = {isa = PBXBuildFile; fileRef = 21570D5B20BB9145002585CB /* FWLomofiFilter.m */; };
		21570DCE20BB9145002585CB /* lomoMap.png in Resources */ = {isa = PBXBuildFile; fileRef = 21570D5C20BB9145002585CB /* lomoMap.png */; };
		21570DCF20BB9145002585CB /* vignetteMap.png in Resources */ = {isa = PBXBuildFile; fileRef = 21570D5D20BB9145002585CB /* vignetteMap.png */; };
		21570DD020BB9145002585CB /* FWNashvilleFilter.m in Sources */ = {isa = PBXBuildFile; fileRef = 21570D6020BB9145002585CB /* FWNashvilleFilter.m */; };
		21570DD120BB9145002585CB /* nashvilleMap.png in Resources */ = {isa = PBXBuildFile; fileRef = 21570D6120BB9145002585CB /* nashvilleMap.png */; };
		21570DD220BB9145002585CB /* blackboard1024.png in Resources */ = {isa = PBXBuildFile; fileRef = 21570D6320BB9145002585CB /* blackboard1024.png */; };
		21570DD320BB9145002585CB /* FWRiseFilter.m in Sources */ = {isa = PBXBuildFile; fileRef = 21570D6520BB9145002585CB /* FWRiseFilter.m */; };
		21570DD420BB9145002585CB /* overlayMap.png in Resources */ = {isa = PBXBuildFile; fileRef = 21570D6620BB9145002585CB /* overlayMap.png */; };
		21570DD520BB9145002585CB /* riseMap.png in Resources */ = {isa = PBXBuildFile; fileRef = 21570D6720BB9145002585CB /* riseMap.png */; };
		21570DD620BB9145002585CB /* FWSierraFilter.m in Sources */ = {isa = PBXBuildFile; fileRef = 21570D6A20BB9145002585CB /* FWSierraFilter.m */; };
		21570DD720BB9145002585CB /* overlayMap.png in Resources */ = {isa = PBXBuildFile; fileRef = 21570D6B20BB9145002585CB /* overlayMap.png */; };
		21570DD820BB9145002585CB /* sierraMap.png in Resources */ = {isa = PBXBuildFile; fileRef = 21570D6C20BB9145002585CB /* sierraMap.png */; };
		21570DD920BB9145002585CB /* sierraVignette.png in Resources */ = {isa = PBXBuildFile; fileRef = 21570D6D20BB9145002585CB /* sierraVignette.png */; };
		21570DDA20BB9145002585CB /* FWSutroFilter.m in Sources */ = {isa = PBXBuildFile; fileRef = 21570D7020BB9145002585CB /* FWSutroFilter.m */; };
		21570DDB20BB9145002585CB /* softLight.png in Resources */ = {isa = PBXBuildFile; fileRef = 21570D7120BB9145002585CB /* softLight.png */; };
		21570DDC20BB9145002585CB /* sutroCurves.png in Resources */ = {isa = PBXBuildFile; fileRef = 21570D7220BB9145002585CB /* sutroCurves.png */; };
		21570DDD20BB9145002585CB /* sutroEdgeBurn.png in Resources */ = {isa = PBXBuildFile; fileRef = 21570D7320BB9145002585CB /* sutroEdgeBurn.png */; };
		21570DDE20BB9145002585CB /* sutroMetal.png in Resources */ = {isa = PBXBuildFile; fileRef = 21570D7420BB9145002585CB /* sutroMetal.png */; };
		21570DDF20BB9145002585CB /* vignetteMap.png in Resources */ = {isa = PBXBuildFile; fileRef = 21570D7520BB9145002585CB /* vignetteMap.png */; };
		21570DE020BB9145002585CB /* FWToasterFilter.m in Sources */ = {isa = PBXBuildFile; fileRef = 21570D7820BB9145002585CB /* FWToasterFilter.m */; };
		21570DE120BB9145002585CB /* toasterColorShift.png in Resources */ = {isa = PBXBuildFile; fileRef = 21570D7920BB9145002585CB /* toasterColorShift.png */; };
		21570DE220BB9145002585CB /* toasterCurves.png in Resources */ = {isa = PBXBuildFile; fileRef = 21570D7A20BB9145002585CB /* toasterCurves.png */; };
		21570DE320BB9145002585CB /* toasterMetal.png in Resources */ = {isa = PBXBuildFile; fileRef = 21570D7B20BB9145002585CB /* toasterMetal.png */; };
		21570DE420BB9145002585CB /* toasterOverlayMapWarm.png in Resources */ = {isa = PBXBuildFile; fileRef = 21570D7C20BB9145002585CB /* toasterOverlayMapWarm.png */; };
		21570DE520BB9145002585CB /* toasterSoftLight.png in Resources */ = {isa = PBXBuildFile; fileRef = 21570D7D20BB9145002585CB /* toasterSoftLight.png */; };
		21570DE620BB9145002585CB /* FWValenciaFilter.m in Sources */ = {isa = PBXBuildFile; fileRef = 21570D8020BB9145002585CB /* FWValenciaFilter.m */; };
		21570DE720BB9145002585CB /* valenciaGradientMap.png in Resources */ = {isa = PBXBuildFile; fileRef = 21570D8120BB9145002585CB /* valenciaGradientMap.png */; };
		21570DE820BB9145002585CB /* valenciaMap.png in Resources */ = {isa = PBXBuildFile; fileRef = 21570D8220BB9145002585CB /* valenciaMap.png */; };
		21570DE920BB9145002585CB /* FWWaldenFilter.m in Sources */ = {isa = PBXBuildFile; fileRef = 21570D8520BB9145002585CB /* FWWaldenFilter.m */; };
		21570DEA20BB9145002585CB /* vignetteMap.png in Resources */ = {isa = PBXBuildFile; fileRef = 21570D8620BB9145002585CB /* vignetteMap.png */; };
		21570DEB20BB9145002585CB /* waldenMap.png in Resources */ = {isa = PBXBuildFile; fileRef = 21570D8720BB9145002585CB /* waldenMap.png */; };
		21570DEC20BB9145002585CB /* FWXproIIFilter.m in Sources */ = {isa = PBXBuildFile; fileRef = 21570D8A20BB9145002585CB /* FWXproIIFilter.m */; };
		21570DED20BB9145002585CB /* vignetteMap.png in Resources */ = {isa = PBXBuildFile; fileRef = 21570D8B20BB9145002585CB /* vignetteMap.png */; };
		21570DEE20BB9145002585CB /* xproMap.png in Resources */ = {isa = PBXBuildFile; fileRef = 21570D8C20BB9145002585CB /* xproMap.png */; };
		21570DEF20BB9145002585CB /* FWFiveInputFilter.m in Sources */ = {isa = PBXBuildFile; fileRef = 21570D8E20BB9145002585CB /* FWFiveInputFilter.m */; };
		21570DF020BB9145002585CB /* FWSixInputFilter.m in Sources */ = {isa = PBXBuildFile; fileRef = 21570D9020BB9145002585CB /* FWSixInputFilter.m */; };
		21570DF120BB9145002585CB /* GPUImageFourInputFilter.m in Sources */ = {isa = PBXBuildFile; fileRef = 21570D9220BB9145002585CB /* GPUImageFourInputFilter.m */; };
		21570DF220BB9145002585CB /* YJHalfGrayFilter.m in Sources */ = {isa = PBXBuildFile; fileRef = 21570D9520BB9145002585CB /* YJHalfGrayFilter.m */; };
		21570DF320BB9145002585CB /* HalfSketchController.m in Sources */ = {isa = PBXBuildFile; fileRef = 21570D9820BB9145002585CB /* HalfSketchController.m */; };
		21570DF420BB9145002585CB /* HalfSketchFilter.m in Sources */ = {isa = PBXBuildFile; fileRef = 21570D9A20BB9145002585CB /* HalfSketchFilter.m */; };
		21570DF520BB9145002585CB /* amatorka2.png in Resources */ = {isa = PBXBuildFile; fileRef = 21570D9C20BB9145002585CB /* amatorka2.png */; };
		21570DF620BB9145002585CB /* amatorka_action_2.png in Resources */ = {isa = PBXBuildFile; fileRef = 21570D9D20BB9145002585CB /* amatorka_action_2.png */; };
		21570DF720BB9145002585CB /* lookup_amatorka.png in Resources */ = {isa = PBXBuildFile; fileRef = 21570D9E20BB9145002585CB /* lookup_amatorka.png */; };
		21570DF820BB9145002585CB /* LUTAmatorkaFilter.m in Sources */ = {isa = PBXBuildFile; fileRef = 21570DA020BB9145002585CB /* LUTAmatorkaFilter.m */; };
		21570DF920BB9145002585CB /* YJOldPhoteFilter.m in Sources */ = {isa = PBXBuildFile; fileRef = 21570DA320BB9145002585CB /* YJOldPhoteFilter.m */; };
		21570DFA20BB9145002585CB /* CustomAlphaBlendFilter.m in Sources */ = {isa = PBXBuildFile; fileRef = 21570DA620BB9145002585CB /* CustomAlphaBlendFilter.m */; };
		21570DFB20BB9145002585CB /* CustomFrameBlendThreeFilter.m in Sources */ = {isa = PBXBuildFile; fileRef = 21570DA820BB9145002585CB /* CustomFrameBlendThreeFilter.m */; };
		21570DFC20BB9145002585CB /* frame.png in Resources */ = {isa = PBXBuildFile; fileRef = 21570DA920BB9145002585CB /* frame.png */; };
		21570DFD20BB9145002585CB /* frame1.png in Resources */ = {isa = PBXBuildFile; fileRef = 21570DAA20BB9145002585CB /* frame1.png */; };
		21570DFE20BB9145002585CB /* FrameBlendController.m in Sources */ = {isa = PBXBuildFile; fileRef = 21570DAC20BB9145002585CB /* FrameBlendController.m */; };
		21570DFF20BB9145002585CB /* CustomSketchFilter.m in Sources */ = {isa = PBXBuildFile; fileRef = 21570DAF20BB9145002585CB /* CustomSketchFilter.m */; };
		21570E0020BB9145002585CB /* SimpleSketchController.m in Sources */ = {isa = PBXBuildFile; fileRef = 21570DB120BB9145002585CB /* SimpleSketchController.m */; };
		21570E0720BBA8AE002585CB /* COStillCamera.m in Sources */ = {isa = PBXBuildFile; fileRef = 21570E0620BBA8AE002585CB /* COStillCamera.m */; };
		21570E0A20BBA8CF002585CB /* COStillCameraPreview.m in Sources */ = {isa = PBXBuildFile; fileRef = 21570E0920BBA8CF002585CB /* COStillCameraPreview.m */; };
		21570E0F20BBA995002585CB /* COCameraViewController.m in Sources */ = {isa = PBXBuildFile; fileRef = 21570E0E20BBA995002585CB /* COCameraViewController.m */; };
		21570E1A20BBC576002585CB /* ShakeButton.m in Sources */ = {isa = PBXBuildFile; fileRef = 21570E1920BBC576002585CB /* ShakeButton.m */; };
		46520FC3277AC77D1B267CA2 /* libPods-FilterCamera.a in Frameworks */ = {isa = PBXBuildFile; fileRef = C28BC55EB39A6840AB95792C /* libPods-FilterCamera.a */; };
/* End PBXBuildFile section */

/* Begin PBXContainerItemProxy section */
		21570D1520BB8D8B002585CB /* PBXContainerItemProxy */ = {
			isa = PBXContainerItemProxy;
			containerPortal = 21570CF420BB8D8B002585CB /* Project object */;
			proxyType = 1;
			remoteGlobalIDString = 21570CFB20BB8D8B002585CB;
			remoteInfo = FilterCamera;
		};
		21570D2020BB8D8B002585CB /* PBXContainerItemProxy */ = {
			isa = PBXContainerItemProxy;
			containerPortal = 21570CF420BB8D8B002585CB /* Project object */;
			proxyType = 1;
			remoteGlobalIDString = 21570CFB20BB8D8B002585CB;
			remoteInfo = FilterCamera;
		};
/* End PBXContainerItemProxy section */

/* Begin PBXFileReference section */
		1615DFB7149362BBBCE8FCD7 /* Pods-FilterCamera.release.xcconfig */ = {isa = PBXFileReference; includeInIndex = 1; lastKnownFileType = text.xcconfig; name = "Pods-FilterCamera.release.xcconfig"; path = "Pods/Target Support Files/Pods-FilterCamera/Pods-FilterCamera.release.xcconfig"; sourceTree = "<group>"; };
		21570CFC20BB8D8B002585CB /* FilterCamera.app */ = {isa = PBXFileReference; explicitFileType = wrapper.application; includeInIndex = 0; path = FilterCamera.app; sourceTree = BUILT_PRODUCTS_DIR; };
		21570CFF20BB8D8B002585CB /* AppDelegate.h */ = {isa = PBXFileReference; lastKnownFileType = sourcecode.c.h; path = AppDelegate.h; sourceTree = "<group>"; };
		21570D0020BB8D8B002585CB /* AppDelegate.m */ = {isa = PBXFileReference; lastKnownFileType = sourcecode.c.objc; path = AppDelegate.m; sourceTree = "<group>"; };
		21570D0220BB8D8B002585CB /* ViewController.h */ = {isa = PBXFileReference; lastKnownFileType = sourcecode.c.h; path = ViewController.h; sourceTree = "<group>"; };
		21570D0320BB8D8B002585CB /* ViewController.m */ = {isa = PBXFileReference; lastKnownFileType = sourcecode.c.objc; path = ViewController.m; sourceTree = "<group>"; };
		21570D0620BB8D8B002585CB /* Base */ = {isa = PBXFileReference; lastKnownFileType = file.storyboard; name = Base; path = Base.lproj/Main.storyboard; sourceTree = "<group>"; };
		21570D0820BB8D8B002585CB /* Assets.xcassets */ = {isa = PBXFileReference; lastKnownFileType = folder.assetcatalog; path = Assets.xcassets; sourceTree = "<group>"; };
		21570D0B20BB8D8B002585CB /* Base */ = {isa = PBXFileReference; lastKnownFileType = file.storyboard; name = Base; path = Base.lproj/LaunchScreen.storyboard; sourceTree = "<group>"; };
		21570D0D20BB8D8B002585CB /* Info.plist */ = {isa = PBXFileReference; lastKnownFileType = text.plist.xml; path = Info.plist; sourceTree = "<group>"; };
		21570D0E20BB8D8B002585CB /* main.m */ = {isa = PBXFileReference; lastKnownFileType = sourcecode.c.objc; path = main.m; sourceTree = "<group>"; };
		21570D1420BB8D8B002585CB /* FilterCameraTests.xctest */ = {isa = PBXFileReference; explicitFileType = wrapper.cfbundle; includeInIndex = 0; path = FilterCameraTests.xctest; sourceTree = BUILT_PRODUCTS_DIR; };
		21570D1820BB8D8B002585CB /* FilterCameraTests.m */ = {isa = PBXFileReference; lastKnownFileType = sourcecode.c.objc; path = FilterCameraTests.m; sourceTree = "<group>"; };
		21570D1A20BB8D8B002585CB /* Info.plist */ = {isa = PBXFileReference; lastKnownFileType = text.plist.xml; path = Info.plist; sourceTree = "<group>"; };
		21570D1F20BB8D8B002585CB /* FilterCameraUITests.xctest */ = {isa = PBXFileReference; explicitFileType = wrapper.cfbundle; includeInIndex = 0; path = FilterCameraUITests.xctest; sourceTree = BUILT_PRODUCTS_DIR; };
		21570D2320BB8D8B002585CB /* FilterCameraUITests.m */ = {isa = PBXFileReference; lastKnownFileType = sourcecode.c.objc; path = FilterCameraUITests.m; sourceTree = "<group>"; };
		21570D2520BB8D8B002585CB /* Info.plist */ = {isa = PBXFileReference; lastKnownFileType = text.plist.xml; path = Info.plist; sourceTree = "<group>"; };
		21570D3320BB9145002585CB /* amaroMap.png */ = {isa = PBXFileReference; lastKnownFileType = image.png; path = amaroMap.png; sourceTree = "<group>"; };
		21570D3420BB9145002585CB /* blackboard1024.png */ = {isa = PBXFileReference; lastKnownFileType = image.png; path = blackboard1024.png; sourceTree = "<group>"; };
		21570D3520BB9145002585CB /* FWAmaroFilter.h */ = {isa = PBXFileReference; fileEncoding = 4; lastKnownFileType = sourcecode.c.h; path = FWAmaroFilter.h; sourceTree = "<group>"; };
		21570D3620BB9145002585CB /* FWAmaroFilter.m */ = {isa = PBXFileReference; fileEncoding = 4; lastKnownFileType = sourcecode.c.objc; path = FWAmaroFilter.m; sourceTree = "<group>"; };
		21570D3720BB9145002585CB /* overlayMap.png */ = {isa = PBXFileReference; lastKnownFileType = image.png; path = overlayMap.png; sourceTree = "<group>"; };
		21570D3920BB9145002585CB /* brannanBlowout.png */ = {isa = PBXFileReference; lastKnownFileType = image.png; path = brannanBlowout.png; sourceTree = "<group>"; };
		21570D3A20BB9145002585CB /* brannanContrast.png */ = {isa = PBXFileReference; lastKnownFileType = image.png; path = brannanContrast.png; sourceTree = "<group>"; };
		21570D3B20BB9145002585CB /* brannanLuma.png */ = {isa = PBXFileReference; lastKnownFileType = image.png; path = brannanLuma.png; sourceTree = "<group>"; };
		21570D3C20BB9145002585CB /* brannanProcess.png */ = {isa = PBXFileReference; lastKnownFileType = image.png; path = brannanProcess.png; sourceTree = "<group>"; };
		21570D3D20BB9145002585CB /* brannanScreen.png */ = {isa = PBXFileReference; lastKnownFileType = image.png; path = brannanScreen.png; sourceTree = "<group>"; };
		21570D3E20BB9145002585CB /* FWBrannanFilter.h */ = {isa = PBXFileReference; fileEncoding = 4; lastKnownFileType = sourcecode.c.h; path = FWBrannanFilter.h; sourceTree = "<group>"; };
		21570D3F20BB9145002585CB /* FWBrannanFilter.m */ = {isa = PBXFileReference; fileEncoding = 4; lastKnownFileType = sourcecode.c.objc; path = FWBrannanFilter.m; sourceTree = "<group>"; };
		21570D4120BB9145002585CB /* earlybirdBlowout.png */ = {isa = PBXFileReference; lastKnownFileType = image.png; path = earlybirdBlowout.png; sourceTree = "<group>"; };
		21570D4220BB9145002585CB /* earlyBirdCurves.png */ = {isa = PBXFileReference; lastKnownFileType = image.png; path = earlyBirdCurves.png; sourceTree = "<group>"; };
		21570D4320BB9145002585CB /* earlybirdMap.png */ = {isa = PBXFileReference; lastKnownFileType = image.png; path = earlybirdMap.png; sourceTree = "<group>"; };
		21570D4420BB9145002585CB /* earlybirdOverlayMap.png */ = {isa = PBXFileReference; lastKnownFileType = image.png; path = earlybirdOverlayMap.png; sourceTree = "<group>"; };
		21570D4520BB9145002585CB /* FWEarlybirdFilter.h */ = {isa = PBXFileReference; fileEncoding = 4; lastKnownFileType = sourcecode.c.h; path = FWEarlybirdFilter.h; sourceTree = "<group>"; };
		21570D4620BB9145002585CB /* FWEarlybirdFilter.m */ = {isa = PBXFileReference; fileEncoding = 4; lastKnownFileType = sourcecode.c.objc; path = FWEarlybirdFilter.m; sourceTree = "<group>"; };
		21570D4820BB9145002585CB /* edgeBurn.png */ = {isa = PBXFileReference; lastKnownFileType = image.png; path = edgeBurn.png; sourceTree = "<group>"; };
		21570D4920BB9145002585CB /* FWHefeFilter.h */ = {isa = PBXFileReference; fileEncoding = 4; lastKnownFileType = sourcecode.c.h; path = FWHefeFilter.h; sourceTree = "<group>"; };
		21570D4A20BB9145002585CB /* FWHefeFilter.m */ = {isa = PBXFileReference; fileEncoding = 4; lastKnownFileType = sourcecode.c.objc; path = FWHefeFilter.m; sourceTree = "<group>"; };
		21570D4B20BB9145002585CB /* hefeGradientMap.png */ = {isa = PBXFileReference; lastKnownFileType = image.png; path = hefeGradientMap.png; sourceTree = "<group>"; };
		21570D4C20BB9145002585CB /* hefeMap.png */ = {isa = PBXFileReference; lastKnownFileType = image.png; path = hefeMap.png; sourceTree = "<group>"; };
		21570D4D20BB9145002585CB /* hefeMetal.png */ = {isa = PBXFileReference; lastKnownFileType = image.png; path = hefeMetal.png; sourceTree = "<group>"; };
		21570D4E20BB9145002585CB /* hefeSoftLight.png */ = {isa = PBXFileReference; lastKnownFileType = image.png; path = hefeSoftLight.png; sourceTree = "<group>"; };
		21570D5020BB9145002585CB /* FWHudsonFilter.h */ = {isa = PBXFileReference; fileEncoding = 4; lastKnownFileType = sourcecode.c.h; path = FWHudsonFilter.h; sourceTree = "<group>"; };
		21570D5120BB9145002585CB /* FWHudsonFilter.m */ = {isa = PBXFileReference; fileEncoding = 4; lastKnownFileType = sourcecode.c.objc; path = FWHudsonFilter.m; sourceTree = "<group>"; };
		21570D5220BB9145002585CB /* hudsonBackground.png */ = {isa = PBXFileReference; lastKnownFileType = image.png; path = hudsonBackground.png; sourceTree = "<group>"; };
		21570D5320BB9145002585CB /* hudsonMap.png */ = {isa = PBXFileReference; lastKnownFileType = image.png; path = hudsonMap.png; sourceTree = "<group>"; };
		21570D5420BB9145002585CB /* overlayMap.png */ = {isa = PBXFileReference; lastKnownFileType = image.png; path = overlayMap.png; sourceTree = "<group>"; };
		21570D5620BB9145002585CB /* FWInkwellFilter.h */ = {isa = PBXFileReference; fileEncoding = 4; lastKnownFileType = sourcecode.c.h; path = FWInkwellFilter.h; sourceTree = "<group>"; };
		21570D5720BB9145002585CB /* FWInkwellFilter.m */ = {isa = PBXFileReference; fileEncoding = 4; lastKnownFileType = sourcecode.c.objc; path = FWInkwellFilter.m; sourceTree = "<group>"; };
		21570D5820BB9145002585CB /* inkwellMap.png */ = {isa = PBXFileReference; lastKnownFileType = image.png; path = inkwellMap.png; sourceTree = "<group>"; };
		21570D5A20BB9145002585CB /* FWLomofiFilter.h */ = {isa = PBXFileReference; fileEncoding = 4; lastKnownFileType = sourcecode.c.h; path = FWLomofiFilter.h; sourceTree = "<group>"; };
		21570D5B20BB9145002585CB /* FWLomofiFilter.m */ = {isa = PBXFileReference; fileEncoding = 4; lastKnownFileType = sourcecode.c.objc; path = FWLomofiFilter.m; sourceTree = "<group>"; };
		21570D5C20BB9145002585CB /* lomoMap.png */ = {isa = PBXFileReference; lastKnownFileType = image.png; path = lomoMap.png; sourceTree = "<group>"; };
		21570D5D20BB9145002585CB /* vignetteMap.png */ = {isa = PBXFileReference; lastKnownFileType = image.png; path = vignetteMap.png; sourceTree = "<group>"; };
		21570D5F20BB9145002585CB /* FWNashvilleFilter.h */ = {isa = PBXFileReference; fileEncoding = 4; lastKnownFileType = sourcecode.c.h; path = FWNashvilleFilter.h; sourceTree = "<group>"; };
		21570D6020BB9145002585CB /* FWNashvilleFilter.m */ = {isa = PBXFileReference; fileEncoding = 4; lastKnownFileType = sourcecode.c.objc; path = FWNashvilleFilter.m; sourceTree = "<group>"; };
		21570D6120BB9145002585CB /* nashvilleMap.png */ = {isa = PBXFileReference; lastKnownFileType = image.png; path = nashvilleMap.png; sourceTree = "<group>"; };
		21570D6320BB9145002585CB /* blackboard1024.png */ = {isa = PBXFileReference; lastKnownFileType = image.png; path = blackboard1024.png; sourceTree = "<group>"; };
		21570D6420BB9145002585CB /* FWRiseFilter.h */ = {isa = PBXFileReference; fileEncoding = 4; lastKnownFileType = sourcecode.c.h; path = FWRiseFilter.h; sourceTree = "<group>"; };
		21570D6520BB9145002585CB /* FWRiseFilter.m */ = {isa = PBXFileReference; fileEncoding = 4; lastKnownFileType = sourcecode.c.objc; path = FWRiseFilter.m; sourceTree = "<group>"; };
		21570D6620BB9145002585CB /* overlayMap.png */ = {isa = PBXFileReference; lastKnownFileType = image.png; path = overlayMap.png; sourceTree = "<group>"; };
		21570D6720BB9145002585CB /* riseMap.png */ = {isa = PBXFileReference; lastKnownFileType = image.png; path = riseMap.png; sourceTree = "<group>"; };
		21570D6920BB9145002585CB /* FWSierraFilter.h */ = {isa = PBXFileReference; fileEncoding = 4; lastKnownFileType = sourcecode.c.h; path = FWSierraFilter.h; sourceTree = "<group>"; };
		21570D6A20BB9145002585CB /* FWSierraFilter.m */ = {isa = PBXFileReference; fileEncoding = 4; lastKnownFileType = sourcecode.c.objc; path = FWSierraFilter.m; sourceTree = "<group>"; };
		21570D6B20BB9145002585CB /* overlayMap.png */ = {isa = PBXFileReference; lastKnownFileType = image.png; path = overlayMap.png; sourceTree = "<group>"; };
		21570D6C20BB9145002585CB /* sierraMap.png */ = {isa = PBXFileReference; lastKnownFileType = image.png; path = sierraMap.png; sourceTree = "<group>"; };
		21570D6D20BB9145002585CB /* sierraVignette.png */ = {isa = PBXFileReference; lastKnownFileType = image.png; path = sierraVignette.png; sourceTree = "<group>"; };
		21570D6F20BB9145002585CB /* FWSutroFilter.h */ = {isa = PBXFileReference; fileEncoding = 4; lastKnownFileType = sourcecode.c.h; path = FWSutroFilter.h; sourceTree = "<group>"; };
		21570D7020BB9145002585CB /* FWSutroFilter.m */ = {isa = PBXFileReference; fileEncoding = 4; lastKnownFileType = sourcecode.c.objc; path = FWSutroFilter.m; sourceTree = "<group>"; };
		21570D7120BB9145002585CB /* softLight.png */ = {isa = PBXFileReference; lastKnownFileType = image.png; path = softLight.png; sourceTree = "<group>"; };
		21570D7220BB9145002585CB /* sutroCurves.png */ = {isa = PBXFileReference; lastKnownFileType = image.png; path = sutroCurves.png; sourceTree = "<group>"; };
		21570D7320BB9145002585CB /* sutroEdgeBurn.png */ = {isa = PBXFileReference; lastKnownFileType = image.png; path = sutroEdgeBurn.png; sourceTree = "<group>"; };
		21570D7420BB9145002585CB /* sutroMetal.png */ = {isa = PBXFileReference; lastKnownFileType = image.png; path = sutroMetal.png; sourceTree = "<group>"; };
		21570D7520BB9145002585CB /* vignetteMap.png */ = {isa = PBXFileReference; lastKnownFileType = image.png; path = vignetteMap.png; sourceTree = "<group>"; };
		21570D7720BB9145002585CB /* FWToasterFilter.h */ = {isa = PBXFileReference; fileEncoding = 4; lastKnownFileType = sourcecode.c.h; path = FWToasterFilter.h; sourceTree = "<group>"; };
		21570D7820BB9145002585CB /* FWToasterFilter.m */ = {isa = PBXFileReference; fileEncoding = 4; lastKnownFileType = sourcecode.c.objc; path = FWToasterFilter.m; sourceTree = "<group>"; };
		21570D7920BB9145002585CB /* toasterColorShift.png */ = {isa = PBXFileReference; lastKnownFileType = image.png; path = toasterColorShift.png; sourceTree = "<group>"; };
		21570D7A20BB9145002585CB /* toasterCurves.png */ = {isa = PBXFileReference; lastKnownFileType = image.png; path = toasterCurves.png; sourceTree = "<group>"; };
		21570D7B20BB9145002585CB /* toasterMetal.png */ = {isa = PBXFileReference; lastKnownFileType = image.png; path = toasterMetal.png; sourceTree = "<group>"; };
		21570D7C20BB9145002585CB /* toasterOverlayMapWarm.png */ = {isa = PBXFileReference; lastKnownFileType = image.png; path = toasterOverlayMapWarm.png; sourceTree = "<group>"; };
		21570D7D20BB9145002585CB /* toasterSoftLight.png */ = {isa = PBXFileReference; lastKnownFileType = image.png; path = toasterSoftLight.png; sourceTree = "<group>"; };
		21570D7F20BB9145002585CB /* FWValenciaFilter.h */ = {isa = PBXFileReference; fileEncoding = 4; lastKnownFileType = sourcecode.c.h; path = FWValenciaFilter.h; sourceTree = "<group>"; };
		21570D8020BB9145002585CB /* FWValenciaFilter.m */ = {isa = PBXFileReference; fileEncoding = 4; lastKnownFileType = sourcecode.c.objc; path = FWValenciaFilter.m; sourceTree = "<group>"; };
		21570D8120BB9145002585CB /* valenciaGradientMap.png */ = {isa = PBXFileReference; lastKnownFileType = image.png; path = valenciaGradientMap.png; sourceTree = "<group>"; };
		21570D8220BB9145002585CB /* valenciaMap.png */ = {isa = PBXFileReference; lastKnownFileType = image.png; path = valenciaMap.png; sourceTree = "<group>"; };
		21570D8420BB9145002585CB /* FWWaldenFilter.h */ = {isa = PBXFileReference; fileEncoding = 4; lastKnownFileType = sourcecode.c.h; path = FWWaldenFilter.h; sourceTree = "<group>"; };
		21570D8520BB9145002585CB /* FWWaldenFilter.m */ = {isa = PBXFileReference; fileEncoding = 4; lastKnownFileType = sourcecode.c.objc; path = FWWaldenFilter.m; sourceTree = "<group>"; };
		21570D8620BB9145002585CB /* vignetteMap.png */ = {isa = PBXFileReference; lastKnownFileType = image.png; path = vignetteMap.png; sourceTree = "<group>"; };
		21570D8720BB9145002585CB /* waldenMap.png */ = {isa = PBXFileReference; lastKnownFileType = image.png; path = waldenMap.png; sourceTree = "<group>"; };
		21570D8920BB9145002585CB /* FWXproIIFilter.h */ = {isa = PBXFileReference; fileEncoding = 4; lastKnownFileType = sourcecode.c.h; path = FWXproIIFilter.h; sourceTree = "<group>"; };
		21570D8A20BB9145002585CB /* FWXproIIFilter.m */ = {isa = PBXFileReference; fileEncoding = 4; lastKnownFileType = sourcecode.c.objc; path = FWXproIIFilter.m; sourceTree = "<group>"; };
		21570D8B20BB9145002585CB /* vignetteMap.png */ = {isa = PBXFileReference; lastKnownFileType = image.png; path = vignetteMap.png; sourceTree = "<group>"; };
		21570D8C20BB9145002585CB /* xproMap.png */ = {isa = PBXFileReference; lastKnownFileType = image.png; path = xproMap.png; sourceTree = "<group>"; };
		21570D8D20BB9145002585CB /* FWFiveInputFilter.h */ = {isa = PBXFileReference; fileEncoding = 4; lastKnownFileType = sourcecode.c.h; path = FWFiveInputFilter.h; sourceTree = "<group>"; };
		21570D8E20BB9145002585CB /* FWFiveInputFilter.m */ = {isa = PBXFileReference; fileEncoding = 4; lastKnownFileType = sourcecode.c.objc; path = FWFiveInputFilter.m; sourceTree = "<group>"; };
		21570D8F20BB9145002585CB /* FWSixInputFilter.h */ = {isa = PBXFileReference; fileEncoding = 4; lastKnownFileType = sourcecode.c.h; path = FWSixInputFilter.h; sourceTree = "<group>"; };
		21570D9020BB9145002585CB /* FWSixInputFilter.m */ = {isa = PBXFileReference; fileEncoding = 4; lastKnownFileType = sourcecode.c.objc; path = FWSixInputFilter.m; sourceTree = "<group>"; };
		21570D9120BB9145002585CB /* GPUImageFourInputFilter.h */ = {isa = PBXFileReference; fileEncoding = 4; lastKnownFileType = sourcecode.c.h; path = GPUImageFourInputFilter.h; sourceTree = "<group>"; };
		21570D9220BB9145002585CB /* GPUImageFourInputFilter.m */ = {isa = PBXFileReference; fileEncoding = 4; lastKnownFileType = sourcecode.c.objc; path = GPUImageFourInputFilter.m; sourceTree = "<group>"; };
		21570D9420BB9145002585CB /* YJHalfGrayFilter.h */ = {isa = PBXFileReference; fileEncoding = 4; lastKnownFileType = sourcecode.c.h; path = YJHalfGrayFilter.h; sourceTree = "<group>"; };
		21570D9520BB9145002585CB /* YJHalfGrayFilter.m */ = {isa = PBXFileReference; fileEncoding = 4; lastKnownFileType = sourcecode.c.objc; path = YJHalfGrayFilter.m; sourceTree = "<group>"; };
		21570D9720BB9145002585CB /* HalfSketchController.h */ = {isa = PBXFileReference; fileEncoding = 4; lastKnownFileType = sourcecode.c.h; path = HalfSketchController.h; sourceTree = "<group>"; };
		21570D9820BB9145002585CB /* HalfSketchController.m */ = {isa = PBXFileReference; fileEncoding = 4; lastKnownFileType = sourcecode.c.objc; path = HalfSketchController.m; sourceTree = "<group>"; };
		21570D9920BB9145002585CB /* HalfSketchFilter.h */ = {isa = PBXFileReference; fileEncoding = 4; lastKnownFileType = sourcecode.c.h; path = HalfSketchFilter.h; sourceTree = "<group>"; };
		21570D9A20BB9145002585CB /* HalfSketchFilter.m */ = {isa = PBXFileReference; fileEncoding = 4; lastKnownFileType = sourcecode.c.objc; path = HalfSketchFilter.m; sourceTree = "<group>"; };
		21570D9C20BB9145002585CB /* amatorka2.png */ = {isa = PBXFileReference; lastKnownFileType = image.png; path = amatorka2.png; sourceTree = "<group>"; };
		21570D9D20BB9145002585CB /* amatorka_action_2.png */ = {isa = PBXFileReference; lastKnownFileType = image.png; path = amatorka_action_2.png; sourceTree = "<group>"; };
		21570D9E20BB9145002585CB /* lookup_amatorka.png */ = {isa = PBXFileReference; lastKnownFileType = image.png; path = lookup_amatorka.png; sourceTree = "<group>"; };
		21570D9F20BB9145002585CB /* LUTAmatorkaFilter.h */ = {isa = PBXFileReference; fileEncoding = 4; lastKnownFileType = sourcecode.c.h; path = LUTAmatorkaFilter.h; sourceTree = "<group>"; };
		21570DA020BB9145002585CB /* LUTAmatorkaFilter.m */ = {isa = PBXFileReference; fileEncoding = 4; lastKnownFileType = sourcecode.c.objc; path = LUTAmatorkaFilter.m; sourceTree = "<group>"; };
		21570DA220BB9145002585CB /* YJOldPhoteFilter.h */ = {isa = PBXFileReference; fileEncoding = 4; lastKnownFileType = sourcecode.c.h; path = YJOldPhoteFilter.h; sourceTree = "<group>"; };
		21570DA320BB9145002585CB /* YJOldPhoteFilter.m */ = {isa = PBXFileReference; fileEncoding = 4; lastKnownFileType = sourcecode.c.objc; path = YJOldPhoteFilter.m; sourceTree = "<group>"; };
		21570DA520BB9145002585CB /* CustomAlphaBlendFilter.h */ = {isa = PBXFileReference; fileEncoding = 4; lastKnownFileType = sourcecode.c.h; path = CustomAlphaBlendFilter.h; sourceTree = "<group>"; };
		21570DA620BB9145002585CB /* CustomAlphaBlendFilter.m */ = {isa = PBXFileReference; fileEncoding = 4; lastKnownFileType = sourcecode.c.objc; path = CustomAlphaBlendFilter.m; sourceTree = "<group>"; };
		21570DA720BB9145002585CB /* CustomFrameBlendThreeFilter.h */ = {isa = PBXFileReference; fileEncoding = 4; lastKnownFileType = sourcecode.c.h; path = CustomFrameBlendThreeFilter.h; sourceTree = "<group>"; };
		21570DA820BB9145002585CB /* CustomFrameBlendThreeFilter.m */ = {isa = PBXFileReference; fileEncoding = 4; lastKnownFileType = sourcecode.c.objc; path = CustomFrameBlendThreeFilter.m; sourceTree = "<group>"; };
		21570DA920BB9145002585CB /* frame.png */ = {isa = PBXFileReference; lastKnownFileType = image.png; path = frame.png; sourceTree = "<group>"; };
		21570DAA20BB9145002585CB /* frame1.png */ = {isa = PBXFileReference; lastKnownFileType = image.png; path = frame1.png; sourceTree = "<group>"; };
		21570DAB20BB9145002585CB /* FrameBlendController.h */ = {isa = PBXFileReference; fileEncoding = 4; lastKnownFileType = sourcecode.c.h; path = FrameBlendController.h; sourceTree = "<group>"; };
		21570DAC20BB9145002585CB /* FrameBlendController.m */ = {isa = PBXFileReference; fileEncoding = 4; lastKnownFileType = sourcecode.c.objc; path = FrameBlendController.m; sourceTree = "<group>"; };
		21570DAE20BB9145002585CB /* CustomSketchFilter.h */ = {isa = PBXFileReference; fileEncoding = 4; lastKnownFileType = sourcecode.c.h; path = CustomSketchFilter.h; sourceTree = "<group>"; };
		21570DAF20BB9145002585CB /* CustomSketchFilter.m */ = {isa = PBXFileReference; fileEncoding = 4; lastKnownFileType = sourcecode.c.objc; path = CustomSketchFilter.m; sourceTree = "<group>"; };
		21570DB020BB9145002585CB /* SimpleSketchController.h */ = {isa = PBXFileReference; fileEncoding = 4; lastKnownFileType = sourcecode.c.h; path = SimpleSketchController.h; sourceTree = "<group>"; };
		21570DB120BB9145002585CB /* SimpleSketchController.m */ = {isa = PBXFileReference; fileEncoding = 4; lastKnownFileType = sourcecode.c.objc; path = SimpleSketchController.m; sourceTree = "<group>"; };
		21570E0120BB934A002585CB /* Coco.pch */ = {isa = PBXFileReference; lastKnownFileType = sourcecode.c.h; path = Coco.pch; sourceTree = "<group>"; };
		21570E0520BBA8AE002585CB /* COStillCamera.h */ = {isa = PBXFileReference; lastKnownFileType = sourcecode.c.h; path = COStillCamera.h; sourceTree = "<group>"; };
		21570E0620BBA8AE002585CB /* COStillCamera.m */ = {isa = PBXFileReference; lastKnownFileType = sourcecode.c.objc; path = COStillCamera.m; sourceTree = "<group>"; };
		21570E0820BBA8CF002585CB /* COStillCameraPreview.h */ = {isa = PBXFileReference; lastKnownFileType = sourcecode.c.h; path = COStillCameraPreview.h; sourceTree = "<group>"; };
		21570E0920BBA8CF002585CB /* COStillCameraPreview.m */ = {isa = PBXFileReference; lastKnownFileType = sourcecode.c.objc; path = COStillCameraPreview.m; sourceTree = "<group>"; };
		21570E0D20BBA995002585CB /* COCameraViewController.h */ = {isa = PBXFileReference; lastKnownFileType = sourcecode.c.h; path = COCameraViewController.h; sourceTree = "<group>"; };
		21570E0E20BBA995002585CB /* COCameraViewController.m */ = {isa = PBXFileReference; lastKnownFileType = sourcecode.c.objc; path = COCameraViewController.m; sourceTree = "<group>"; };
		21570E1320BBAFCA002585CB /* Macro.h */ = {isa = PBXFileReference; lastKnownFileType = sourcecode.c.h; path = Macro.h; sourceTree = "<group>"; };
		21570E1820BBC576002585CB /* ShakeButton.h */ = {isa = PBXFileReference; lastKnownFileType = sourcecode.c.h; path = ShakeButton.h; sourceTree = "<group>"; };
		21570E1920BBC576002585CB /* ShakeButton.m */ = {isa = PBXFileReference; lastKnownFileType = sourcecode.c.objc; path = ShakeButton.m; sourceTree = "<group>"; };
		51D1F414044E7FC6FE339144 /* Pods-FilterCamera.debug.xcconfig */ = {isa = PBXFileReference; includeInIndex = 1; lastKnownFileType = text.xcconfig; name = "Pods-FilterCamera.debug.xcconfig"; path = "Pods/Target Support Files/Pods-FilterCamera/Pods-FilterCamera.debug.xcconfig"; sourceTree = "<group>"; };
		C28BC55EB39A6840AB95792C /* libPods-FilterCamera.a */ = {isa = PBXFileReference; explicitFileType = archive.ar; includeInIndex = 0; path = "libPods-FilterCamera.a"; sourceTree = BUILT_PRODUCTS_DIR; };
/* End PBXFileReference section */

/* Begin PBXFrameworksBuildPhase section */
		21570CF920BB8D8B002585CB /* Frameworks */ = {
			isa = PBXFrameworksBuildPhase;
			buildActionMask = 2147483647;
			files = (
				46520FC3277AC77D1B267CA2 /* libPods-FilterCamera.a in Frameworks */,
			);
			runOnlyForDeploymentPostprocessing = 0;
		};
		21570D1120BB8D8B002585CB /* Frameworks */ = {
			isa = PBXFrameworksBuildPhase;
			buildActionMask = 2147483647;
			files = (
			);
			runOnlyForDeploymentPostprocessing = 0;
		};
		21570D1C20BB8D8B002585CB /* Frameworks */ = {
			isa = PBXFrameworksBuildPhase;
			buildActionMask = 2147483647;
			files = (
			);
			runOnlyForDeploymentPostprocessing = 0;
		};
/* End PBXFrameworksBuildPhase section */

/* Begin PBXGroup section */
		21570CF320BB8D8B002585CB = {
			isa = PBXGroup;
			children = (
				21570CFE20BB8D8B002585CB /* FilterCamera */,
				21570D1720BB8D8B002585CB /* FilterCameraTests */,
				21570D2220BB8D8B002585CB /* FilterCameraUITests */,
				21570CFD20BB8D8B002585CB /* Products */,
				72D5EB4AEE9C2B950BE5BA90 /* Pods */,
				BAADFFE61C90C61551197A81 /* Frameworks */,
			);
			sourceTree = "<group>";
		};
		21570CFD20BB8D8B002585CB /* Products */ = {
			isa = PBXGroup;
			children = (
				21570CFC20BB8D8B002585CB /* FilterCamera.app */,
				21570D1420BB8D8B002585CB /* FilterCameraTests.xctest */,
				21570D1F20BB8D8B002585CB /* FilterCameraUITests.xctest */,
			);
			name = Products;
			sourceTree = "<group>";
		};
		21570CFE20BB8D8B002585CB /* FilterCamera */ = {
			isa = PBXGroup;
			children = (
				21570E0220BBA887002585CB /* Modules */,
				21570D3120BB9145002585CB /* FilterController */,
				21570CFF20BB8D8B002585CB /* AppDelegate.h */,
				21570D0020BB8D8B002585CB /* AppDelegate.m */,
				21570D0220BB8D8B002585CB /* ViewController.h */,
				21570D0320BB8D8B002585CB /* ViewController.m */,
				21570D0520BB8D8B002585CB /* Main.storyboard */,
				21570D0820BB8D8B002585CB /* Assets.xcassets */,
				21570D0A20BB8D8B002585CB /* LaunchScreen.storyboard */,
				21570D0D20BB8D8B002585CB /* Info.plist */,
				21570D0E20BB8D8B002585CB /* main.m */,
				21570E0120BB934A002585CB /* Coco.pch */,
				21570E1320BBAFCA002585CB /* Macro.h */,
			);
			path = FilterCamera;
			sourceTree = "<group>";
		};
		21570D1720BB8D8B002585CB /* FilterCameraTests */ = {
			isa = PBXGroup;
			children = (
				21570D1820BB8D8B002585CB /* FilterCameraTests.m */,
				21570D1A20BB8D8B002585CB /* Info.plist */,
			);
			path = FilterCameraTests;
			sourceTree = "<group>";
		};
		21570D2220BB8D8B002585CB /* FilterCameraUITests */ = {
			isa = PBXGroup;
			children = (
				21570D2320BB8D8B002585CB /* FilterCameraUITests.m */,
				21570D2520BB8D8B002585CB /* Info.plist */,
			);
			path = FilterCameraUITests;
			sourceTree = "<group>";
		};
		21570D3120BB9145002585CB /* FilterController */ = {
			isa = PBXGroup;
			children = (
				21570D3220BB9145002585CB /* fw_amaro_鸡尾酒 */,
				21570D3820BB9145002585CB /* fw_brannan_海风 */,
				21570D4020BB9145002585CB /* fw_earlybird_加菲 */,
				21570D4720BB9145002585CB /* fw_hefe_涂鸦 */,
				21570D4F20BB9145002585CB /* fw_hudson_雾夜 */,
				21570D5520BB9145002585CB /* fw_Inkwell_历史 */,
				21570D5920BB9145002585CB /* fw_lomofi_随心 */,
				21570D5E20BB9145002585CB /* fw_nashville_奶昔 */,
				21570D6220BB9145002585CB /* fw_rise_明珀 */,
				21570D6820BB9145002585CB /* fw_sierra_柔暖 */,
				21570D6E20BB9145002585CB /* fw_sutro_丛林 */,
				21570D7620BB9145002585CB /* fw_toaster_依偎 */,
				21570D7E20BB9145002585CB /* fw_valencia_沙滩 */,
				21570D8320BB9145002585CB /* fw_Walden_牛仔 */,
				21570D8820BB9145002585CB /* fw_XproII_雅熙 */,
				21570D8D20BB9145002585CB /* FWFiveInputFilter.h */,
				21570D8E20BB9145002585CB /* FWFiveInputFilter.m */,
				21570D8F20BB9145002585CB /* FWSixInputFilter.h */,
				21570D9020BB9145002585CB /* FWSixInputFilter.m */,
				21570D9120BB9145002585CB /* GPUImageFourInputFilter.h */,
				21570D9220BB9145002585CB /* GPUImageFourInputFilter.m */,
				21570D9320BB9145002585CB /* HalfGray */,
				21570D9620BB9145002585CB /* HalfSketch */,
				21570D9B20BB9145002585CB /* lut_amatorke */,
				21570DA120BB9145002585CB /* OldPhoto */,
				21570DA420BB9145002585CB /* PhotoFrame */,
				21570DAD20BB9145002585CB /* SimpleSketch */,
			);
			path = FilterController;
			sourceTree = "<group>";
		};
		21570D3220BB9145002585CB /* fw_amaro_鸡尾酒 */ = {
			isa = PBXGroup;
			children = (
				21570D3320BB9145002585CB /* amaroMap.png */,
				21570D3420BB9145002585CB /* blackboard1024.png */,
				21570D3520BB9145002585CB /* FWAmaroFilter.h */,
				21570D3620BB9145002585CB /* FWAmaroFilter.m */,
				21570D3720BB9145002585CB /* overlayMap.png */,
			);
			path = "fw_amaro_鸡尾酒";
			sourceTree = "<group>";
		};
		21570D3820BB9145002585CB /* fw_brannan_海风 */ = {
			isa = PBXGroup;
			children = (
				21570D3920BB9145002585CB /* brannanBlowout.png */,
				21570D3A20BB9145002585CB /* brannanContrast.png */,
				21570D3B20BB9145002585CB /* brannanLuma.png */,
				21570D3C20BB9145002585CB /* brannanProcess.png */,
				21570D3D20BB9145002585CB /* brannanScreen.png */,
				21570D3E20BB9145002585CB /* FWBrannanFilter.h */,
				21570D3F20BB9145002585CB /* FWBrannanFilter.m */,
			);
			path = "fw_brannan_海风";
			sourceTree = "<group>";
		};
		21570D4020BB9145002585CB /* fw_earlybird_加菲 */ = {
			isa = PBXGroup;
			children = (
				21570D4120BB9145002585CB /* earlybirdBlowout.png */,
				21570D4220BB9145002585CB /* earlyBirdCurves.png */,
				21570D4320BB9145002585CB /* earlybirdMap.png */,
				21570D4420BB9145002585CB /* earlybirdOverlayMap.png */,
				21570D4520BB9145002585CB /* FWEarlybirdFilter.h */,
				21570D4620BB9145002585CB /* FWEarlybirdFilter.m */,
			);
			path = "fw_earlybird_加菲";
			sourceTree = "<group>";
		};
		21570D4720BB9145002585CB /* fw_hefe_涂鸦 */ = {
			isa = PBXGroup;
			children = (
				21570D4820BB9145002585CB /* edgeBurn.png */,
				21570D4920BB9145002585CB /* FWHefeFilter.h */,
				21570D4A20BB9145002585CB /* FWHefeFilter.m */,
				21570D4B20BB9145002585CB /* hefeGradientMap.png */,
				21570D4C20BB9145002585CB /* hefeMap.png */,
				21570D4D20BB9145002585CB /* hefeMetal.png */,
				21570D4E20BB9145002585CB /* hefeSoftLight.png */,
			);
			path = "fw_hefe_涂鸦";
			sourceTree = "<group>";
		};
		21570D4F20BB9145002585CB /* fw_hudson_雾夜 */ = {
			isa = PBXGroup;
			children = (
				21570D5020BB9145002585CB /* FWHudsonFilter.h */,
				21570D5120BB9145002585CB /* FWHudsonFilter.m */,
				21570D5220BB9145002585CB /* hudsonBackground.png */,
				21570D5320BB9145002585CB /* hudsonMap.png */,
				21570D5420BB9145002585CB /* overlayMap.png */,
			);
			path = "fw_hudson_雾夜";
			sourceTree = "<group>";
		};
		21570D5520BB9145002585CB /* fw_Inkwell_历史 */ = {
			isa = PBXGroup;
			children = (
				21570D5620BB9145002585CB /* FWInkwellFilter.h */,
				21570D5720BB9145002585CB /* FWInkwellFilter.m */,
				21570D5820BB9145002585CB /* inkwellMap.png */,
			);
			path = "fw_Inkwell_历史";
			sourceTree = "<group>";
		};
		21570D5920BB9145002585CB /* fw_lomofi_随心 */ = {
			isa = PBXGroup;
			children = (
				21570D5A20BB9145002585CB /* FWLomofiFilter.h */,
				21570D5B20BB9145002585CB /* FWLomofiFilter.m */,
				21570D5C20BB9145002585CB /* lomoMap.png */,
				21570D5D20BB9145002585CB /* vignetteMap.png */,
			);
			path = "fw_lomofi_随心";
			sourceTree = "<group>";
		};
		21570D5E20BB9145002585CB /* fw_nashville_奶昔 */ = {
			isa = PBXGroup;
			children = (
				21570D5F20BB9145002585CB /* FWNashvilleFilter.h */,
				21570D6020BB9145002585CB /* FWNashvilleFilter.m */,
				21570D6120BB9145002585CB /* nashvilleMap.png */,
			);
			path = "fw_nashville_奶昔";
			sourceTree = "<group>";
		};
		21570D6220BB9145002585CB /* fw_rise_明珀 */ = {
			isa = PBXGroup;
			children = (
				21570D6320BB9145002585CB /* blackboard1024.png */,
				21570D6420BB9145002585CB /* FWRiseFilter.h */,
				21570D6520BB9145002585CB /* FWRiseFilter.m */,
				21570D6620BB9145002585CB /* overlayMap.png */,
				21570D6720BB9145002585CB /* riseMap.png */,
			);
			path = "fw_rise_明珀";
			sourceTree = "<group>";
		};
		21570D6820BB9145002585CB /* fw_sierra_柔暖 */ = {
			isa = PBXGroup;
			children = (
				21570D6920BB9145002585CB /* FWSierraFilter.h */,
				21570D6A20BB9145002585CB /* FWSierraFilter.m */,
				21570D6B20BB9145002585CB /* overlayMap.png */,
				21570D6C20BB9145002585CB /* sierraMap.png */,
				21570D6D20BB9145002585CB /* sierraVignette.png */,
			);
			path = "fw_sierra_柔暖";
			sourceTree = "<group>";
		};
		21570D6E20BB9145002585CB /* fw_sutro_丛林 */ = {
			isa = PBXGroup;
			children = (
				21570D6F20BB9145002585CB /* FWSutroFilter.h */,
				21570D7020BB9145002585CB /* FWSutroFilter.m */,
				21570D7120BB9145002585CB /* softLight.png */,
				21570D7220BB9145002585CB /* sutroCurves.png */,
				21570D7320BB9145002585CB /* sutroEdgeBurn.png */,
				21570D7420BB9145002585CB /* sutroMetal.png */,
				21570D7520BB9145002585CB /* vignetteMap.png */,
			);
			path = "fw_sutro_丛林";
			sourceTree = "<group>";
		};
		21570D7620BB9145002585CB /* fw_toaster_依偎 */ = {
			isa = PBXGroup;
			children = (
				21570D7720BB9145002585CB /* FWToasterFilter.h */,
				21570D7820BB9145002585CB /* FWToasterFilter.m */,
				21570D7920BB9145002585CB /* toasterColorShift.png */,
				21570D7A20BB9145002585CB /* toasterCurves.png */,
				21570D7B20BB9145002585CB /* toasterMetal.png */,
				21570D7C20BB9145002585CB /* toasterOverlayMapWarm.png */,
				21570D7D20BB9145002585CB /* toasterSoftLight.png */,
			);
			path = "fw_toaster_依偎";
			sourceTree = "<group>";
		};
		21570D7E20BB9145002585CB /* fw_valencia_沙滩 */ = {
			isa = PBXGroup;
			children = (
				21570D7F20BB9145002585CB /* FWValenciaFilter.h */,
				21570D8020BB9145002585CB /* FWValenciaFilter.m */,
				21570D8120BB9145002585CB /* valenciaGradientMap.png */,
				21570D8220BB9145002585CB /* valenciaMap.png */,
			);
			path = "fw_valencia_沙滩";
			sourceTree = "<group>";
		};
		21570D8320BB9145002585CB /* fw_Walden_牛仔 */ = {
			isa = PBXGroup;
			children = (
				21570D8420BB9145002585CB /* FWWaldenFilter.h */,
				21570D8520BB9145002585CB /* FWWaldenFilter.m */,
				21570D8620BB9145002585CB /* vignetteMap.png */,
				21570D8720BB9145002585CB /* waldenMap.png */,
			);
			path = "fw_Walden_牛仔";
			sourceTree = "<group>";
		};
		21570D8820BB9145002585CB /* fw_XproII_雅熙 */ = {
			isa = PBXGroup;
			children = (
				21570D8920BB9145002585CB /* FWXproIIFilter.h */,
				21570D8A20BB9145002585CB /* FWXproIIFilter.m */,
				21570D8B20BB9145002585CB /* vignetteMap.png */,
				21570D8C20BB9145002585CB /* xproMap.png */,
			);
			path = "fw_XproII_雅熙";
			sourceTree = "<group>";
		};
		21570D9320BB9145002585CB /* HalfGray */ = {
			isa = PBXGroup;
			children = (
				21570D9420BB9145002585CB /* YJHalfGrayFilter.h */,
				21570D9520BB9145002585CB /* YJHalfGrayFilter.m */,
			);
			path = HalfGray;
			sourceTree = "<group>";
		};
		21570D9620BB9145002585CB /* HalfSketch */ = {
			isa = PBXGroup;
			children = (
				21570D9720BB9145002585CB /* HalfSketchController.h */,
				21570D9820BB9145002585CB /* HalfSketchController.m */,
				21570D9920BB9145002585CB /* HalfSketchFilter.h */,
				21570D9A20BB9145002585CB /* HalfSketchFilter.m */,
			);
			path = HalfSketch;
			sourceTree = "<group>";
		};
		21570D9B20BB9145002585CB /* lut_amatorke */ = {
			isa = PBXGroup;
			children = (
				21570D9C20BB9145002585CB /* amatorka2.png */,
				21570D9D20BB9145002585CB /* amatorka_action_2.png */,
				21570D9E20BB9145002585CB /* lookup_amatorka.png */,
				21570D9F20BB9145002585CB /* LUTAmatorkaFilter.h */,
				21570DA020BB9145002585CB /* LUTAmatorkaFilter.m */,
			);
			path = lut_amatorke;
			sourceTree = "<group>";
		};
		21570DA120BB9145002585CB /* OldPhoto */ = {
			isa = PBXGroup;
			children = (
				21570DA220BB9145002585CB /* YJOldPhoteFilter.h */,
				21570DA320BB9145002585CB /* YJOldPhoteFilter.m */,
			);
			path = OldPhoto;
			sourceTree = "<group>";
		};
		21570DA420BB9145002585CB /* PhotoFrame */ = {
			isa = PBXGroup;
			children = (
				21570DA520BB9145002585CB /* CustomAlphaBlendFilter.h */,
				21570DA620BB9145002585CB /* CustomAlphaBlendFilter.m */,
				21570DA720BB9145002585CB /* CustomFrameBlendThreeFilter.h */,
				21570DA820BB9145002585CB /* CustomFrameBlendThreeFilter.m */,
				21570DA920BB9145002585CB /* frame.png */,
				21570DAA20BB9145002585CB /* frame1.png */,
				21570DAB20BB9145002585CB /* FrameBlendController.h */,
				21570DAC20BB9145002585CB /* FrameBlendController.m */,
			);
			path = PhotoFrame;
			sourceTree = "<group>";
		};
		21570DAD20BB9145002585CB /* SimpleSketch */ = {
			isa = PBXGroup;
			children = (
				21570DAE20BB9145002585CB /* CustomSketchFilter.h */,
				21570DAF20BB9145002585CB /* CustomSketchFilter.m */,
				21570DB020BB9145002585CB /* SimpleSketchController.h */,
				21570DB120BB9145002585CB /* SimpleSketchController.m */,
			);
			path = SimpleSketch;
			sourceTree = "<group>";
		};
		21570E0220BBA887002585CB /* Modules */ = {
			isa = PBXGroup;
			children = (
				21570E0B20BBA927002585CB /* MainCamera */,
				21570E0320BBA887002585CB /* PublicModules */,
			);
			path = Modules;
			sourceTree = "<group>";
		};
		21570E0320BBA887002585CB /* PublicModules */ = {
			isa = PBXGroup;
			children = (
				21570E1720BBB605002585CB /* ShakeButton */,
				21570E0420BBA887002585CB /* CameraKit */,
			);
			path = PublicModules;
			sourceTree = "<group>";
		};
		21570E0420BBA887002585CB /* CameraKit */ = {
			isa = PBXGroup;
			children = (
				21570E0520BBA8AE002585CB /* COStillCamera.h */,
				21570E0620BBA8AE002585CB /* COStillCamera.m */,
				21570E0820BBA8CF002585CB /* COStillCameraPreview.h */,
				21570E0920BBA8CF002585CB /* COStillCameraPreview.m */,
			);
			path = CameraKit;
			sourceTree = "<group>";
		};
		21570E0B20BBA927002585CB /* MainCamera */ = {
			isa = PBXGroup;
			children = (
				21570E0C20BBA927002585CB /* Controller */,
			);
			path = MainCamera;
			sourceTree = "<group>";
		};
		21570E0C20BBA927002585CB /* Controller */ = {
			isa = PBXGroup;
			children = (
				21570E0D20BBA995002585CB /* COCameraViewController.h */,
				21570E0E20BBA995002585CB /* COCameraViewController.m */,
			);
			path = Controller;
			sourceTree = "<group>";
		};
		21570E1720BBB605002585CB /* ShakeButton */ = {
			isa = PBXGroup;
			children = (
				21570E1820BBC576002585CB /* ShakeButton.h */,
				21570E1920BBC576002585CB /* ShakeButton.m */,
			);
			path = ShakeButton;
			sourceTree = "<group>";
		};
		72D5EB4AEE9C2B950BE5BA90 /* Pods */ = {
			isa = PBXGroup;
			children = (
				51D1F414044E7FC6FE339144 /* Pods-FilterCamera.debug.xcconfig */,
				1615DFB7149362BBBCE8FCD7 /* Pods-FilterCamera.release.xcconfig */,
			);
			name = Pods;
			sourceTree = "<group>";
		};
		BAADFFE61C90C61551197A81 /* Frameworks */ = {
			isa = PBXGroup;
			children = (
				C28BC55EB39A6840AB95792C /* libPods-FilterCamera.a */,
			);
			name = Frameworks;
			sourceTree = "<group>";
		};
/* End PBXGroup section */

/* Begin PBXNativeTarget section */
		21570CFB20BB8D8B002585CB /* FilterCamera */ = {
			isa = PBXNativeTarget;
			buildConfigurationList = 21570D2820BB8D8B002585CB /* Build configuration list for PBXNativeTarget "FilterCamera" */;
			buildPhases = (
				099182A886D02296A8AB17FB /* [CP] Check Pods Manifest.lock */,
				21570CF820BB8D8B002585CB /* Sources */,
				21570CF920BB8D8B002585CB /* Frameworks */,
				21570CFA20BB8D8B002585CB /* Resources */,
				8B7D36C5EE2290EAE6E2ACBB /* [CP] Embed Pods Frameworks */,
				3423209EE795D7CFE36CA79D /* [CP] Copy Pods Resources */,
			);
			buildRules = (
			);
			dependencies = (
			);
			name = FilterCamera;
			productName = FilterCamera;
			productReference = 21570CFC20BB8D8B002585CB /* FilterCamera.app */;
			productType = "com.apple.product-type.application";
		};
		21570D1320BB8D8B002585CB /* FilterCameraTests */ = {
			isa = PBXNativeTarget;
			buildConfigurationList = 21570D2B20BB8D8B002585CB /* Build configuration list for PBXNativeTarget "FilterCameraTests" */;
			buildPhases = (
				21570D1020BB8D8B002585CB /* Sources */,
				21570D1120BB8D8B002585CB /* Frameworks */,
				21570D1220BB8D8B002585CB /* Resources */,
			);
			buildRules = (
			);
			dependencies = (
				21570D1620BB8D8B002585CB /* PBXTargetDependency */,
			);
			name = FilterCameraTests;
			productName = FilterCameraTests;
			productReference = 21570D1420BB8D8B002585CB /* FilterCameraTests.xctest */;
			productType = "com.apple.product-type.bundle.unit-test";
		};
		21570D1E20BB8D8B002585CB /* FilterCameraUITests */ = {
			isa = PBXNativeTarget;
			buildConfigurationList = 21570D2E20BB8D8B002585CB /* Build configuration list for PBXNativeTarget "FilterCameraUITests" */;
			buildPhases = (
				21570D1B20BB8D8B002585CB /* Sources */,
				21570D1C20BB8D8B002585CB /* Frameworks */,
				21570D1D20BB8D8B002585CB /* Resources */,
			);
			buildRules = (
			);
			dependencies = (
				21570D2120BB8D8B002585CB /* PBXTargetDependency */,
			);
			name = FilterCameraUITests;
			productName = FilterCameraUITests;
			productReference = 21570D1F20BB8D8B002585CB /* FilterCameraUITests.xctest */;
			productType = "com.apple.product-type.bundle.ui-testing";
		};
/* End PBXNativeTarget section */

/* Begin PBXProject section */
		21570CF420BB8D8B002585CB /* Project object */ = {
			isa = PBXProject;
			attributes = {
				LastUpgradeCheck = 0920;
				ORGANIZATIONNAME = wan;
				TargetAttributes = {
					21570CFB20BB8D8B002585CB = {
						CreatedOnToolsVersion = 9.2;
						ProvisioningStyle = Automatic;
					};
					21570D1320BB8D8B002585CB = {
						CreatedOnToolsVersion = 9.2;
						ProvisioningStyle = Automatic;
						TestTargetID = 21570CFB20BB8D8B002585CB;
					};
					21570D1E20BB8D8B002585CB = {
						CreatedOnToolsVersion = 9.2;
						ProvisioningStyle = Automatic;
						TestTargetID = 21570CFB20BB8D8B002585CB;
					};
				};
			};
			buildConfigurationList = 21570CF720BB8D8B002585CB /* Build configuration list for PBXProject "FilterCamera" */;
			compatibilityVersion = "Xcode 8.0";
			developmentRegion = en;
			hasScannedForEncodings = 0;
			knownRegions = (
				en,
				Base,
			);
			mainGroup = 21570CF320BB8D8B002585CB;
			productRefGroup = 21570CFD20BB8D8B002585CB /* Products */;
			projectDirPath = "";
			projectRoot = "";
			targets = (
				21570CFB20BB8D8B002585CB /* FilterCamera */,
				21570D1320BB8D8B002585CB /* FilterCameraTests */,
				21570D1E20BB8D8B002585CB /* FilterCameraUITests */,
			);
		};
/* End PBXProject section */

/* Begin PBXResourcesBuildPhase section */
		21570CFA20BB8D8B002585CB /* Resources */ = {
			isa = PBXResourcesBuildPhase;
			buildActionMask = 2147483647;
			files = (
				21570DBA20BB9145002585CB /* brannanScreen.png in Resources */,
				21570DE720BB9145002585CB /* valenciaGradientMap.png in Resources */,
				21570DBE20BB9145002585CB /* earlybirdMap.png in Resources */,
				21570DE120BB9145002585CB /* toasterColorShift.png in Resources */,
				21570DF520BB9145002585CB /* amatorka2.png in Resources */,
				21570DDB20BB9145002585CB /* softLight.png in Resources */,
				21570DCF20BB9145002585CB /* vignetteMap.png in Resources */,
				21570DEA20BB9145002585CB /* vignetteMap.png in Resources */,
				21570DB920BB9145002585CB /* brannanProcess.png in Resources */,
				21570DFD20BB9145002585CB /* frame1.png in Resources */,
				21570DFC20BB9145002585CB /* frame.png in Resources */,
				21570DD820BB9145002585CB /* sierraMap.png in Resources */,
				21570DD720BB9145002585CB /* overlayMap.png in Resources */,
				21570DBF20BB9145002585CB /* earlybirdOverlayMap.png in Resources */,
				21570DC320BB9145002585CB /* hefeGradientMap.png in Resources */,
				21570D0C20BB8D8B002585CB /* LaunchScreen.storyboard in Resources */,
				21570DE820BB9145002585CB /* valenciaMap.png in Resources */,
				21570DBD20BB9145002585CB /* earlyBirdCurves.png in Resources */,
				21570DB220BB9145002585CB /* amaroMap.png in Resources */,
				21570DD220BB9145002585CB /* blackboard1024.png in Resources */,
				21570DB820BB9145002585CB /* brannanLuma.png in Resources */,
				21570DE420BB9145002585CB /* toasterOverlayMapWarm.png in Resources */,
				21570DB320BB9145002585CB /* blackboard1024.png in Resources */,
				21570DC420BB9145002585CB /* hefeMap.png in Resources */,
				21570DEB20BB9145002585CB /* waldenMap.png in Resources */,
				21570DCE20BB9145002585CB /* lomoMap.png in Resources */,
				21570DD120BB9145002585CB /* nashvilleMap.png in Resources */,
				21570DC820BB9145002585CB /* hudsonBackground.png in Resources */,
				21570DB620BB9145002585CB /* brannanBlowout.png in Resources */,
				21570DDE20BB9145002585CB /* sutroMetal.png in Resources */,
				21570DE220BB9145002585CB /* toasterCurves.png in Resources */,
				21570DF620BB9145002585CB /* amatorka_action_2.png in Resources */,
				21570DCC20BB9145002585CB /* inkwellMap.png in Resources */,
				21570DE520BB9145002585CB /* toasterSoftLight.png in Resources */,
				21570DB720BB9145002585CB /* brannanContrast.png in Resources */,
				21570DC120BB9145002585CB /* edgeBurn.png in Resources */,
				21570DC520BB9145002585CB /* hefeMetal.png in Resources */,
				21570DEE20BB9145002585CB /* xproMap.png in Resources */,
				21570D0920BB8D8B002585CB /* Assets.xcassets in Resources */,
				21570DDF20BB9145002585CB /* vignetteMap.png in Resources */,
				21570DE320BB9145002585CB /* toasterMetal.png in Resources */,
				21570DF720BB9145002585CB /* lookup_amatorka.png in Resources */,
				21570DC620BB9145002585CB /* hefeSoftLight.png in Resources */,
				21570DBC20BB9145002585CB /* earlybirdBlowout.png in Resources */,
				21570DED20BB9145002585CB /* vignetteMap.png in Resources */,
				21570D0720BB8D8B002585CB /* Main.storyboard in Resources */,
				21570DD920BB9145002585CB /* sierraVignette.png in Resources */,
				21570DDC20BB9145002585CB /* sutroCurves.png in Resources */,
				21570DB520BB9145002585CB /* overlayMap.png in Resources */,
				21570DCA20BB9145002585CB /* overlayMap.png in Resources */,
				21570DC920BB9145002585CB /* hudsonMap.png in Resources */,
				21570DDD20BB9145002585CB /* sutroEdgeBurn.png in Resources */,
				21570DD420BB9145002585CB /* overlayMap.png in Resources */,
				21570DD520BB9145002585CB /* riseMap.png in Resources */,
			);
			runOnlyForDeploymentPostprocessing = 0;
		};
		21570D1220BB8D8B002585CB /* Resources */ = {
			isa = PBXResourcesBuildPhase;
			buildActionMask = 2147483647;
			files = (
			);
			runOnlyForDeploymentPostprocessing = 0;
		};
		21570D1D20BB8D8B002585CB /* Resources */ = {
			isa = PBXResourcesBuildPhase;
			buildActionMask = 2147483647;
			files = (
			);
			runOnlyForDeploymentPostprocessing = 0;
		};
/* End PBXResourcesBuildPhase section */

/* Begin PBXShellScriptBuildPhase section */
		099182A886D02296A8AB17FB /* [CP] Check Pods Manifest.lock */ = {
			isa = PBXShellScriptBuildPhase;
			buildActionMask = 2147483647;
			files = (
			);
			inputPaths = (
				"${PODS_PODFILE_DIR_PATH}/Podfile.lock",
				"${PODS_ROOT}/Manifest.lock",
			);
			name = "[CP] Check Pods Manifest.lock";
			outputPaths = (
				"$(DERIVED_FILE_DIR)/Pods-FilterCamera-checkManifestLockResult.txt",
			);
			runOnlyForDeploymentPostprocessing = 0;
			shellPath = /bin/sh;
			shellScript = "diff \"${PODS_PODFILE_DIR_PATH}/Podfile.lock\" \"${PODS_ROOT}/Manifest.lock\" > /dev/null\nif [ $? != 0 ] ; then\n    # print error to STDERR\n    echo \"error: The sandbox is not in sync with the Podfile.lock. Run 'pod install' or update your CocoaPods installation.\" >&2\n    exit 1\nfi\n# This output is used by Xcode 'outputs' to avoid re-running this script phase.\necho \"SUCCESS\" > \"${SCRIPT_OUTPUT_FILE_0}\"\n";
			showEnvVarsInLog = 0;
		};
		3423209EE795D7CFE36CA79D /* [CP] Copy Pods Resources */ = {
			isa = PBXShellScriptBuildPhase;
			buildActionMask = 2147483647;
			files = (
			);
			inputPaths = (
				"${SRCROOT}/Pods/Target Support Files/Pods-FilterCamera/Pods-FilterCamera-resources.sh",
				"${PODS_ROOT}/GPUImage/framework/Resources/lookup.png",
				"${PODS_ROOT}/GPUImage/framework/Resources/lookup_amatorka.png",
				"${PODS_ROOT}/GPUImage/framework/Resources/lookup_miss_etikate.png",
				"${PODS_ROOT}/GPUImage/framework/Resources/lookup_soft_elegance_1.png",
				"${PODS_ROOT}/GPUImage/framework/Resources/lookup_soft_elegance_2.png",
			);
			name = "[CP] Copy Pods Resources";
			outputPaths = (
				"${TARGET_BUILD_DIR}/${UNLOCALIZED_RESOURCES_FOLDER_PATH}/lookup.png",
				"${TARGET_BUILD_DIR}/${UNLOCALIZED_RESOURCES_FOLDER_PATH}/lookup_amatorka.png",
				"${TARGET_BUILD_DIR}/${UNLOCALIZED_RESOURCES_FOLDER_PATH}/lookup_miss_etikate.png",
				"${TARGET_BUILD_DIR}/${UNLOCALIZED_RESOURCES_FOLDER_PATH}/lookup_soft_elegance_1.png",
				"${TARGET_BUILD_DIR}/${UNLOCALIZED_RESOURCES_FOLDER_PATH}/lookup_soft_elegance_2.png",
			);
			runOnlyForDeploymentPostprocessing = 0;
			shellPath = /bin/sh;
			shellScript = "\"${SRCROOT}/Pods/Target Support Files/Pods-FilterCamera/Pods-FilterCamera-resources.sh\"\n";
			showEnvVarsInLog = 0;
		};
		8B7D36C5EE2290EAE6E2ACBB /* [CP] Embed Pods Frameworks */ = {
			isa = PBXShellScriptBuildPhase;
			buildActionMask = 2147483647;
			files = (
			);
			inputPaths = (
			);
			name = "[CP] Embed Pods Frameworks";
			outputPaths = (
			);
			runOnlyForDeploymentPostprocessing = 0;
			shellPath = /bin/sh;
			shellScript = "\"${SRCROOT}/Pods/Target Support Files/Pods-FilterCamera/Pods-FilterCamera-frameworks.sh\"\n";
			showEnvVarsInLog = 0;
		};
/* End PBXShellScriptBuildPhase section */

/* Begin PBXSourcesBuildPhase section */
		21570CF820BB8D8B002585CB /* Sources */ = {
			isa = PBXSourcesBuildPhase;
			buildActionMask = 2147483647;
			files = (
				21570DF020BB9145002585CB /* FWSixInputFilter.m in Sources */,
				21570D0420BB8D8B002585CB /* ViewController.m in Sources */,
				21570E0A20BBA8CF002585CB /* COStillCameraPreview.m in Sources */,
				21570DB420BB9145002585CB /* FWAmaroFilter.m in Sources */,
				21570E1A20BBC576002585CB /* ShakeButton.m in Sources */,
				21570D0F20BB8D8B002585CB /* main.m in Sources */,
				21570DF320BB9145002585CB /* HalfSketchController.m in Sources */,
				21570DE620BB9145002585CB /* FWValenciaFilter.m in Sources */,
				21570E0F20BBA995002585CB /* COCameraViewController.m in Sources */,
				21570DFA20BB9145002585CB /* CustomAlphaBlendFilter.m in Sources */,
				21570DC020BB9145002585CB /* FWEarlybirdFilter.m in Sources */,
				21570DBB20BB9145002585CB /* FWBrannanFilter.m in Sources */,
				21570DF120BB9145002585CB /* GPUImageFourInputFilter.m in Sources */,
				21570DEF20BB9145002585CB /* FWFiveInputFilter.m in Sources */,
				21570DD620BB9145002585CB /* FWSierraFilter.m in Sources */,
				21570DC220BB9145002585CB /* FWHefeFilter.m in Sources */,
				21570E0720BBA8AE002585CB /* COStillCamera.m in Sources */,
				21570DE020BB9145002585CB /* FWToasterFilter.m in Sources */,
				21570DFF20BB9145002585CB /* CustomSketchFilter.m in Sources */,
				21570DF220BB9145002585CB /* YJHalfGrayFilter.m in Sources */,
				21570E0020BB9145002585CB /* SimpleSketchController.m in Sources */,
				21570DE920BB9145002585CB /* FWWaldenFilter.m in Sources */,
				21570DF820BB9145002585CB /* LUTAmatorkaFilter.m in Sources */,
				21570DFE20BB9145002585CB /* FrameBlendController.m in Sources */,
				21570DCB20BB9145002585CB /* FWInkwellFilter.m in Sources */,
				21570DF420BB9145002585CB /* HalfSketchFilter.m in Sources */,
				21570DD320BB9145002585CB /* FWRiseFilter.m in Sources */,
				21570D0120BB8D8B002585CB /* AppDelegate.m in Sources */,
				21570DDA20BB9145002585CB /* FWSutroFilter.m in Sources */,
				21570DCD20BB9145002585CB /* FWLomofiFilter.m in Sources */,
				21570DEC20BB9145002585CB /* FWXproIIFilter.m in Sources */,
				21570DC720BB9145002585CB /* FWHudsonFilter.m in Sources */,
				21570DFB20BB9145002585CB /* CustomFrameBlendThreeFilter.m in Sources */,
				21570DD020BB9145002585CB /* FWNashvilleFilter.m in Sources */,
				21570DF920BB9145002585CB /* YJOldPhoteFilter.m in Sources */,
			);
			runOnlyForDeploymentPostprocessing = 0;
		};
		21570D1020BB8D8B002585CB /* Sources */ = {
			isa = PBXSourcesBuildPhase;
			buildActionMask = 2147483647;
			files = (
				21570D1920BB8D8B002585CB /* FilterCameraTests.m in Sources */,
			);
			runOnlyForDeploymentPostprocessing = 0;
		};
		21570D1B20BB8D8B002585CB /* Sources */ = {
			isa = PBXSourcesBuildPhase;
			buildActionMask = 2147483647;
			files = (
				21570D2420BB8D8B002585CB /* FilterCameraUITests.m in Sources */,
			);
			runOnlyForDeploymentPostprocessing = 0;
		};
/* End PBXSourcesBuildPhase section */

/* Begin PBXTargetDependency section */
		21570D1620BB8D8B002585CB /* PBXTargetDependency */ = {
			isa = PBXTargetDependency;
			target = 21570CFB20BB8D8B002585CB /* FilterCamera */;
			targetProxy = 21570D1520BB8D8B002585CB /* PBXContainerItemProxy */;
		};
		21570D2120BB8D8B002585CB /* PBXTargetDependency */ = {
			isa = PBXTargetDependency;
			target = 21570CFB20BB8D8B002585CB /* FilterCamera */;
			targetProxy = 21570D2020BB8D8B002585CB /* PBXContainerItemProxy */;
		};
/* End PBXTargetDependency section */

/* Begin PBXVariantGroup section */
		21570D0520BB8D8B002585CB /* Main.storyboard */ = {
			isa = PBXVariantGroup;
			children = (
				21570D0620BB8D8B002585CB /* Base */,
			);
			name = Main.storyboard;
			sourceTree = "<group>";
		};
		21570D0A20BB8D8B002585CB /* LaunchScreen.storyboard */ = {
			isa = PBXVariantGroup;
			children = (
				21570D0B20BB8D8B002585CB /* Base */,
			);
			name = LaunchScreen.storyboard;
			sourceTree = "<group>";
		};
/* End PBXVariantGroup section */

/* Begin XCBuildConfiguration section */
		21570D2620BB8D8B002585CB /* Debug */ = {
			isa = XCBuildConfiguration;
			buildSettings = {
				ALWAYS_SEARCH_USER_PATHS = NO;
				CLANG_ANALYZER_NONNULL = YES;
				CLANG_ANALYZER_NUMBER_OBJECT_CONVERSION = YES_AGGRESSIVE;
				CLANG_CXX_LANGUAGE_STANDARD = "gnu++14";
				CLANG_CXX_LIBRARY = "libc++";
				CLANG_ENABLE_MODULES = YES;
				CLANG_ENABLE_OBJC_ARC = YES;
				CLANG_WARN_BLOCK_CAPTURE_AUTORELEASING = YES;
				CLANG_WARN_BOOL_CONVERSION = YES;
				CLANG_WARN_COMMA = YES;
				CLANG_WARN_CONSTANT_CONVERSION = YES;
				CLANG_WARN_DIRECT_OBJC_ISA_USAGE = YES_ERROR;
				CLANG_WARN_DOCUMENTATION_COMMENTS = YES;
				CLANG_WARN_EMPTY_BODY = YES;
				CLANG_WARN_ENUM_CONVERSION = YES;
				CLANG_WARN_INFINITE_RECURSION = YES;
				CLANG_WARN_INT_CONVERSION = YES;
				CLANG_WARN_NON_LITERAL_NULL_CONVERSION = YES;
				CLANG_WARN_OBJC_LITERAL_CONVERSION = YES;
				CLANG_WARN_OBJC_ROOT_CLASS = YES_ERROR;
				CLANG_WARN_RANGE_LOOP_ANALYSIS = YES;
				CLANG_WARN_STRICT_PROTOTYPES = YES;
				CLANG_WARN_SUSPICIOUS_MOVE = YES;
				CLANG_WARN_UNGUARDED_AVAILABILITY = YES_AGGRESSIVE;
				CLANG_WARN_UNREACHABLE_CODE = YES;
				CLANG_WARN__DUPLICATE_METHOD_MATCH = YES;
				CODE_SIGN_IDENTITY = "iPhone Developer";
				COPY_PHASE_STRIP = NO;
				DEBUG_INFORMATION_FORMAT = dwarf;
				ENABLE_STRICT_OBJC_MSGSEND = YES;
				ENABLE_TESTABILITY = YES;
				GCC_C_LANGUAGE_STANDARD = gnu11;
				GCC_DYNAMIC_NO_PIC = NO;
				GCC_NO_COMMON_BLOCKS = YES;
				GCC_OPTIMIZATION_LEVEL = 0;
				GCC_PREPROCESSOR_DEFINITIONS = (
					"DEBUG=1",
					"$(inherited)",
				);
				GCC_WARN_64_TO_32_BIT_CONVERSION = YES;
				GCC_WARN_ABOUT_RETURN_TYPE = YES_ERROR;
				GCC_WARN_UNDECLARED_SELECTOR = YES;
				GCC_WARN_UNINITIALIZED_AUTOS = YES_AGGRESSIVE;
				GCC_WARN_UNUSED_FUNCTION = YES;
				GCC_WARN_UNUSED_VARIABLE = YES;
				IPHONEOS_DEPLOYMENT_TARGET = 11.2;
				MTL_ENABLE_DEBUG_INFO = YES;
				ONLY_ACTIVE_ARCH = YES;
				SDKROOT = iphoneos;
			};
			name = Debug;
		};
		21570D2720BB8D8B002585CB /* Release */ = {
			isa = XCBuildConfiguration;
			buildSettings = {
				ALWAYS_SEARCH_USER_PATHS = NO;
				CLANG_ANALYZER_NONNULL = YES;
				CLANG_ANALYZER_NUMBER_OBJECT_CONVERSION = YES_AGGRESSIVE;
				CLANG_CXX_LANGUAGE_STANDARD = "gnu++14";
				CLANG_CXX_LIBRARY = "libc++";
				CLANG_ENABLE_MODULES = YES;
				CLANG_ENABLE_OBJC_ARC = YES;
				CLANG_WARN_BLOCK_CAPTURE_AUTORELEASING = YES;
				CLANG_WARN_BOOL_CONVERSION = YES;
				CLANG_WARN_COMMA = YES;
				CLANG_WARN_CONSTANT_CONVERSION = YES;
				CLANG_WARN_DIRECT_OBJC_ISA_USAGE = YES_ERROR;
				CLANG_WARN_DOCUMENTATION_COMMENTS = YES;
				CLANG_WARN_EMPTY_BODY = YES;
				CLANG_WARN_ENUM_CONVERSION = YES;
				CLANG_WARN_INFINITE_RECURSION = YES;
				CLANG_WARN_INT_CONVERSION = YES;
				CLANG_WARN_NON_LITERAL_NULL_CONVERSION = YES;
				CLANG_WARN_OBJC_LITERAL_CONVERSION = YES;
				CLANG_WARN_OBJC_ROOT_CLASS = YES_ERROR;
				CLANG_WARN_RANGE_LOOP_ANALYSIS = YES;
				CLANG_WARN_STRICT_PROTOTYPES = YES;
				CLANG_WARN_SUSPICIOUS_MOVE = YES;
				CLANG_WARN_UNGUARDED_AVAILABILITY = YES_AGGRESSIVE;
				CLANG_WARN_UNREACHABLE_CODE = YES;
				CLANG_WARN__DUPLICATE_METHOD_MATCH = YES;
				CODE_SIGN_IDENTITY = "iPhone Developer";
				COPY_PHASE_STRIP = NO;
				DEBUG_INFORMATION_FORMAT = "dwarf-with-dsym";
				ENABLE_NS_ASSERTIONS = NO;
				ENABLE_STRICT_OBJC_MSGSEND = YES;
				GCC_C_LANGUAGE_STANDARD = gnu11;
				GCC_NO_COMMON_BLOCKS = YES;
				GCC_WARN_64_TO_32_BIT_CONVERSION = YES;
				GCC_WARN_ABOUT_RETURN_TYPE = YES_ERROR;
				GCC_WARN_UNDECLARED_SELECTOR = YES;
				GCC_WARN_UNINITIALIZED_AUTOS = YES_AGGRESSIVE;
				GCC_WARN_UNUSED_FUNCTION = YES;
				GCC_WARN_UNUSED_VARIABLE = YES;
				IPHONEOS_DEPLOYMENT_TARGET = 11.2;
				MTL_ENABLE_DEBUG_INFO = NO;
				SDKROOT = iphoneos;
				VALIDATE_PRODUCT = YES;
			};
			name = Release;
		};
		21570D2920BB8D8B002585CB /* Debug */ = {
			isa = XCBuildConfiguration;
			baseConfigurationReference = 51D1F414044E7FC6FE339144 /* Pods-FilterCamera.debug.xcconfig */;
			buildSettings = {
				ASSETCATALOG_COMPILER_APPICON_NAME = AppIcon;
				CODE_SIGN_STYLE = Automatic;
				DEVELOPMENT_TEAM = GN2K929UC4;
				GCC_PRECOMPILE_PREFIX_HEADER = YES;
				GCC_PREFIX_HEADER = "$(SRCROOT)/FilterCamera/Coco.pch";
				INFOPLIST_FILE = FilterCamera/Info.plist;
				LD_RUNPATH_SEARCH_PATHS = "$(inherited) @executable_path/Frameworks";
				PRODUCT_BUNDLE_IDENTIFIER = com.wan.test.FilterCamera;
				PRODUCT_NAME = "$(TARGET_NAME)";
				TARGETED_DEVICE_FAMILY = "1,2";
			};
			name = Debug;
		};
		21570D2A20BB8D8B002585CB /* Release */ = {
			isa = XCBuildConfiguration;
			baseConfigurationReference = 1615DFB7149362BBBCE8FCD7 /* Pods-FilterCamera.release.xcconfig */;
			buildSettings = {
				ASSETCATALOG_COMPILER_APPICON_NAME = AppIcon;
				CODE_SIGN_STYLE = Automatic;
				DEVELOPMENT_TEAM = GN2K929UC4;
				GCC_PRECOMPILE_PREFIX_HEADER = YES;
				GCC_PREFIX_HEADER = "$(SRCROOT)/FilterCamera/Coco.pch";
				INFOPLIST_FILE = FilterCamera/Info.plist;
				LD_RUNPATH_SEARCH_PATHS = "$(inherited) @executable_path/Frameworks";
				PRODUCT_BUNDLE_IDENTIFIER = com.wan.test.FilterCamera;
				PRODUCT_NAME = "$(TARGET_NAME)";
				TARGETED_DEVICE_FAMILY = "1,2";
			};
			name = Release;
		};
		21570D2C20BB8D8B002585CB /* Debug */ = {
			isa = XCBuildConfiguration;
			buildSettings = {
				BUNDLE_LOADER = "$(TEST_HOST)";
				CODE_SIGN_STYLE = Automatic;
				DEVELOPMENT_TEAM = L2QMMRR2HG;
				INFOPLIST_FILE = FilterCameraTests/Info.plist;
				LD_RUNPATH_SEARCH_PATHS = "$(inherited) @executable_path/Frameworks @loader_path/Frameworks";
				PRODUCT_BUNDLE_IDENTIFIER = com.wan.test.FilterCameraTests;
				PRODUCT_NAME = "$(TARGET_NAME)";
				TARGETED_DEVICE_FAMILY = "1,2";
				TEST_HOST = "$(BUILT_PRODUCTS_DIR)/FilterCamera.app/FilterCamera";
			};
			name = Debug;
		};
		21570D2D20BB8D8B002585CB /* Release */ = {
			isa = XCBuildConfiguration;
			buildSettings = {
				BUNDLE_LOADER = "$(TEST_HOST)";
				CODE_SIGN_STYLE = Automatic;
				DEVELOPMENT_TEAM = L2QMMRR2HG;
				INFOPLIST_FILE = FilterCameraTests/Info.plist;
				LD_RUNPATH_SEARCH_PATHS = "$(inherited) @executable_path/Frameworks @loader_path/Frameworks";
				PRODUCT_BUNDLE_IDENTIFIER = com.wan.test.FilterCameraTests;
				PRODUCT_NAME = "$(TARGET_NAME)";
				TARGETED_DEVICE_FAMILY = "1,2";
				TEST_HOST = "$(BUILT_PRODUCTS_DIR)/FilterCamera.app/FilterCamera";
			};
			name = Release;
		};
		21570D2F20BB8D8B002585CB /* Debug */ = {
			isa = XCBuildConfiguration;
			buildSettings = {
				CODE_SIGN_STYLE = Automatic;
				DEVELOPMENT_TEAM = L2QMMRR2HG;
				INFOPLIST_FILE = FilterCameraUITests/Info.plist;
				LD_RUNPATH_SEARCH_PATHS = "$(inherited) @executable_path/Frameworks @loader_path/Frameworks";
				PRODUCT_BUNDLE_IDENTIFIER = com.wan.test.FilterCameraUITests;
				PRODUCT_NAME = "$(TARGET_NAME)";
				TARGETED_DEVICE_FAMILY = "1,2";
				TEST_TARGET_NAME = FilterCamera;
			};
			name = Debug;
		};
		21570D3020BB8D8B002585CB /* Release */ = {
			isa = XCBuildConfiguration;
			buildSettings = {
				CODE_SIGN_STYLE = Automatic;
				DEVELOPMENT_TEAM = L2QMMRR2HG;
				INFOPLIST_FILE = FilterCameraUITests/Info.plist;
				LD_RUNPATH_SEARCH_PATHS = "$(inherited) @executable_path/Frameworks @loader_path/Frameworks";
				PRODUCT_BUNDLE_IDENTIFIER = com.wan.test.FilterCameraUITests;
				PRODUCT_NAME = "$(TARGET_NAME)";
				TARGETED_DEVICE_FAMILY = "1,2";
				TEST_TARGET_NAME = FilterCamera;
			};
			name = Release;
		};
/* End XCBuildConfiguration section */

/* Begin XCConfigurationList section */
		21570CF720BB8D8B002585CB /* Build configuration list for PBXProject "FilterCamera" */ = {
			isa = XCConfigurationList;
			buildConfigurations = (
				21570D2620BB8D8B002585CB /* Debug */,
				21570D2720BB8D8B002585CB /* Release */,
			);
			defaultConfigurationIsVisible = 0;
			defaultConfigurationName = Release;
		};
		21570D2820BB8D8B002585CB /* Build configuration list for PBXNativeTarget "FilterCamera" */ = {
			isa = XCConfigurationList;
			buildConfigurations = (
				21570D2920BB8D8B002585CB /* Debug */,
				21570D2A20BB8D8B002585CB /* Release */,
			);
			defaultConfigurationIsVisible = 0;
			defaultConfigurationName = Release;
		};
		21570D2B20BB8D8B002585CB /* Build configuration list for PBXNativeTarget "FilterCameraTests" */ = {
			isa = XCConfigurationList;
			buildConfigurations = (
				21570D2C20BB8D8B002585CB /* Debug */,
				21570D2D20BB8D8B002585CB /* Release */,
			);
			defaultConfigurationIsVisible = 0;
			defaultConfigurationName = Release;
		};
		21570D2E20BB8D8B002585CB /* Build configuration list for PBXNativeTarget "FilterCameraUITests" */ = {
			isa = XCConfigurationList;
			buildConfigurations = (
				21570D2F20BB8D8B002585CB /* Debug */,
				21570D3020BB8D8B002585CB /* Release */,
			);
			defaultConfigurationIsVisible = 0;
			defaultConfigurationName = Release;
		};
/* End XCConfigurationList section */
	};
	rootObject = 21570CF420BB8D8B002585CB /* Project object */;
}
