// !$*UTF8*$!
{
	archiveVersion = 1;
	classes = {
	};
	objectVersion = 48;
	objects = {

/* Begin PBXBuildFile section */
		214AB81420BFC21300D4B73C /* UIImage+Rotate.m in Sources */ = {isa = PBXBuildFile; fileRef = 214AB81320BFC21300D4B73C /* UIImage+Rotate.m */; };
		214AB81A20BFF45100D4B73C /* CoreMotion.framework in Frameworks */ = {isa = PBXBuildFile; fileRef = 214AB81920BFF45100D4B73C /* CoreMotion.framework */; };
		214AB81C20BFF45800D4B73C /* CoreGraphics.framework in Frameworks */ = {isa = PBXBuildFile; fileRef = 214AB81B20BFF45800D4B73C /* CoreGraphics.framework */; };
		21570D0120BB8D8B002585CB /* AppDelegate.m in Sources */ = {isa = PBXBuildFile; fileRef = 21570D0020BB8D8B002585CB /* AppDelegate.m */; };
		21570D0420BB8D8B002585CB /* ViewController.m in Sources */ = {isa = PBXBuildFile; fileRef = 21570D0320BB8D8B002585CB /* ViewController.m */; };
		21570D0720BB8D8B002585CB /* Main.storyboard in Resources */ = {isa = PBXBuildFile; fileRef = 21570D0520BB8D8B002585CB /* Main.storyboard */; };
		21570D0920BB8D8B002585CB /* Assets.xcassets in Resources */ = {isa = PBXBuildFile; fileRef = 21570D0820BB8D8B002585CB /* Assets.xcassets */; };
		21570D0C20BB8D8B002585CB /* LaunchScreen.storyboard in Resources */ = {isa = PBXBuildFile; fileRef = 21570D0A20BB8D8B002585CB /* LaunchScreen.storyboard */; };
		21570D0F20BB8D8B002585CB /* main.m in Sources */ = {isa = PBXBuildFile; fileRef = 21570D0E20BB8D8B002585CB /* main.m */; };
		21570D1920BB8D8B002585CB /* FilterCameraTests.m in Sources */ = {isa = PBXBuildFile; fileRef = 21570D1820BB8D8B002585CB /* FilterCameraTests.m */; };
		21570D2420BB8D8B002585CB /* FilterCameraUITests.m in Sources */ = {isa = PBXBuildFile; fileRef = 21570D2320BB8D8B002585CB /* FilterCameraUITests.m */; };
		21570DEF20BB9145002585CB /* FWFiveInputFilter.m in Sources */ = {isa = PBXBuildFile; fileRef = 21570D8E20BB9145002585CB /* FWFiveInputFilter.m */; };
		21570DF020BB9145002585CB /* FWSixInputFilter.m in Sources */ = {isa = PBXBuildFile; fileRef = 21570D9020BB9145002585CB /* FWSixInputFilter.m */; };
		21570DF120BB9145002585CB /* GPUImageFourInputFilter.m in Sources */ = {isa = PBXBuildFile; fileRef = 21570D9220BB9145002585CB /* GPUImageFourInputFilter.m */; };
		21570DF220BB9145002585CB /* YJHalfGrayFilter.m in Sources */ = {isa = PBXBuildFile; fileRef = 21570D9520BB9145002585CB /* YJHalfGrayFilter.m */; };
		21570DF320BB9145002585CB /* HalfSketchController.m in Sources */ = {isa = PBXBuildFile; fileRef = 21570D9820BB9145002585CB /* HalfSketchController.m */; };
		21570DF420BB9145002585CB /* HalfSketchFilter.m in Sources */ = {isa = PBXBuildFile; fileRef = 21570D9A20BB9145002585CB /* HalfSketchFilter.m */; };
		21570DF520BB9145002585CB /* amatorka2.png in Resources */ = {isa = PBXBuildFile; fileRef = 21570D9C20BB9145002585CB /* amatorka2.png */; };
		21570DF620BB9145002585CB /* amatorka_action_2.png in Resources */ = {isa = PBXBuildFile; fileRef = 21570D9D20BB9145002585CB /* amatorka_action_2.png */; };
		21570DF720BB9145002585CB /* lookup_amatorka.png in Resources */ = {isa = PBXBuildFile; fileRef = 21570D9E20BB9145002585CB /* lookup_amatorka.png */; };
		21570DF820BB9145002585CB /* LUTAmatorkaFilter.m in Sources */ = {isa = PBXBuildFile; fileRef = 21570DA020BB9145002585CB /* LUTAmatorkaFilter.m */; };
		21570DF920BB9145002585CB /* YJOldPhoteFilter.m in Sources */ = {isa = PBXBuildFile; fileRef = 21570DA320BB9145002585CB /* YJOldPhoteFilter.m */; };
		21570DFA20BB9145002585CB /* CustomAlphaBlendFilter.m in Sources */ = {isa = PBXBuildFile; fileRef = 21570DA620BB9145002585CB /* CustomAlphaBlendFilter.m */; };
		21570DFB20BB9145002585CB /* CustomFrameBlendThreeFilter.m in Sources */ = {isa = PBXBuildFile; fileRef = 21570DA820BB9145002585CB /* CustomFrameBlendThreeFilter.m */; };
		21570DFC20BB9145002585CB /* frame.png in Resources */ = {isa = PBXBuildFile; fileRef = 21570DA920BB9145002585CB /* frame.png */; };
		21570DFD20BB9145002585CB /* frame1.png in Resources */ = {isa = PBXBuildFile; fileRef = 21570DAA20BB9145002585CB /* frame1.png */; };
		21570DFE20BB9145002585CB /* FrameBlendController.m in Sources */ = {isa = PBXBuildFile; fileRef = 21570DAC20BB9145002585CB /* FrameBlendController.m */; };
		21570DFF20BB9145002585CB /* CustomSketchFilter.m in Sources */ = {isa = PBXBuildFile; fileRef = 21570DAF20BB9145002585CB /* CustomSketchFilter.m */; };
		21570E0020BB9145002585CB /* SimpleSketchController.m in Sources */ = {isa = PBXBuildFile; fileRef = 21570DB120BB9145002585CB /* SimpleSketchController.m */; };
		21570E0720BBA8AE002585CB /* COStillCamera.m in Sources */ = {isa = PBXBuildFile; fileRef = 21570E0620BBA8AE002585CB /* COStillCamera.m */; };
		21570E0A20BBA8CF002585CB /* COStillCameraPreview.m in Sources */ = {isa = PBXBuildFile; fileRef = 21570E0920BBA8CF002585CB /* COStillCameraPreview.m */; };
		21570E0F20BBA995002585CB /* COCameraViewController.m in Sources */ = {isa = PBXBuildFile; fileRef = 21570E0E20BBA995002585CB /* COCameraViewController.m */; };
		21570E1A20BBC576002585CB /* ShakeButton.m in Sources */ = {isa = PBXBuildFile; fileRef = 21570E1920BBC576002585CB /* ShakeButton.m */; };
		21570E1F20BBDFEA002585CB /* qmkit_rotate_btn@3x.png in Resources */ = {isa = PBXBuildFile; fileRef = 21570E1E20BBDFEA002585CB /* qmkit_rotate_btn@3x.png */; };
		21570E2320BBFDC1002585CB /* COCameraFilterView.m in Sources */ = {isa = PBXBuildFile; fileRef = 21570E2220BBFDC1002585CB /* COCameraFilterView.m */; };
		2179F22420BCDE5800B73822 /* qmkit_fiter_btn@3x.png in Resources */ = {isa = PBXBuildFile; fileRef = 2179F22320BCDE5800B73822 /* qmkit_fiter_btn@3x.png */; };
		2179F22A20BCFC7700B73822 /* FilterModel.m in Sources */ = {isa = PBXBuildFile; fileRef = 2179F22920BCFC7700B73822 /* FilterModel.m */; };
		2179F33020BD078900B73822 /* amaroMap.png in Resources */ = {isa = PBXBuildFile; fileRef = 2179F2C720BD078900B73822 /* amaroMap.png */; };
		2179F33120BD078900B73822 /* blackboard1024.png in Resources */ = {isa = PBXBuildFile; fileRef = 2179F2C820BD078900B73822 /* blackboard1024.png */; };
		2179F33220BD078900B73822 /* config.json in Resources */ = {isa = PBXBuildFile; fileRef = 2179F2C920BD078900B73822 /* config.json */; };
		2179F33320BD078900B73822 /* FWAmaroFilter.m in Sources */ = {isa = PBXBuildFile; fileRef = 2179F2CB20BD078900B73822 /* FWAmaroFilter.m */; };
		2179F33420BD078900B73822 /* overlayMap.png in Resources */ = {isa = PBXBuildFile; fileRef = 2179F2CC20BD078900B73822 /* overlayMap.png */; };
		2179F33520BD078900B73822 /* brannanBlowout.png in Resources */ = {isa = PBXBuildFile; fileRef = 2179F2CE20BD078900B73822 /* brannanBlowout.png */; };
		2179F33620BD078900B73822 /* brannanContrast.png in Resources */ = {isa = PBXBuildFile; fileRef = 2179F2CF20BD078900B73822 /* brannanContrast.png */; };
		2179F33720BD078900B73822 /* brannanLuma.png in Resources */ = {isa = PBXBuildFile; fileRef = 2179F2D020BD078900B73822 /* brannanLuma.png */; };
		2179F33820BD078900B73822 /* brannanProcess.png in Resources */ = {isa = PBXBuildFile; fileRef = 2179F2D120BD078900B73822 /* brannanProcess.png */; };
		2179F33920BD078900B73822 /* brannanScreen.png in Resources */ = {isa = PBXBuildFile; fileRef = 2179F2D220BD078900B73822 /* brannanScreen.png */; };
		2179F33A20BD078900B73822 /* config.json in Resources */ = {isa = PBXBuildFile; fileRef = 2179F2D320BD078900B73822 /* config.json */; };
		2179F33B20BD078900B73822 /* FWBrannanFilter.m in Sources */ = {isa = PBXBuildFile; fileRef = 2179F2D520BD078900B73822 /* FWBrannanFilter.m */; };
		2179F33C20BD078900B73822 /* config.json in Resources */ = {isa = PBXBuildFile; fileRef = 2179F2D720BD078900B73822 /* config.json */; };
		2179F33D20BD078900B73822 /* earlybirdBlowout.png in Resources */ = {isa = PBXBuildFile; fileRef = 2179F2D820BD078900B73822 /* earlybirdBlowout.png */; };
		2179F33E20BD078900B73822 /* earlyBirdCurves.png in Resources */ = {isa = PBXBuildFile; fileRef = 2179F2D920BD078900B73822 /* earlyBirdCurves.png */; };
		2179F33F20BD078900B73822 /* earlybirdMap.png in Resources */ = {isa = PBXBuildFile; fileRef = 2179F2DA20BD078900B73822 /* earlybirdMap.png */; };
		2179F34020BD078900B73822 /* earlybirdOverlayMap.png in Resources */ = {isa = PBXBuildFile; fileRef = 2179F2DB20BD078900B73822 /* earlybirdOverlayMap.png */; };
		2179F34120BD078900B73822 /* FWEarlybirdFilter.m in Sources */ = {isa = PBXBuildFile; fileRef = 2179F2DD20BD078900B73822 /* FWEarlybirdFilter.m */; };
		2179F34220BD078900B73822 /* config.json in Resources */ = {isa = PBXBuildFile; fileRef = 2179F2DF20BD078900B73822 /* config.json */; };
		2179F34320BD078900B73822 /* edgeBurn.png in Resources */ = {isa = PBXBuildFile; fileRef = 2179F2E020BD078900B73822 /* edgeBurn.png */; };
		2179F34420BD078900B73822 /* FWHefeFilter.m in Sources */ = {isa = PBXBuildFile; fileRef = 2179F2E220BD078900B73822 /* FWHefeFilter.m */; };
		2179F34520BD078900B73822 /* hefeGradientMap.png in Resources */ = {isa = PBXBuildFile; fileRef = 2179F2E320BD078900B73822 /* hefeGradientMap.png */; };
		2179F34620BD078900B73822 /* hefeMap.png in Resources */ = {isa = PBXBuildFile; fileRef = 2179F2E420BD078900B73822 /* hefeMap.png */; };
		2179F34720BD078900B73822 /* hefeMetal.png in Resources */ = {isa = PBXBuildFile; fileRef = 2179F2E520BD078900B73822 /* hefeMetal.png */; };
		2179F34820BD078900B73822 /* hefeSoftLight.png in Resources */ = {isa = PBXBuildFile; fileRef = 2179F2E620BD078900B73822 /* hefeSoftLight.png */; };
		2179F34920BD078900B73822 /* config.json in Resources */ = {isa = PBXBuildFile; fileRef = 2179F2E820BD078900B73822 /* config.json */; };
		2179F34A20BD078900B73822 /* FWHudsonFilter.m in Sources */ = {isa = PBXBuildFile; fileRef = 2179F2EA20BD078900B73822 /* FWHudsonFilter.m */; };
		2179F34B20BD078900B73822 /* hudsonBackground.png in Resources */ = {isa = PBXBuildFile; fileRef = 2179F2EB20BD078900B73822 /* hudsonBackground.png */; };
		2179F34C20BD078900B73822 /* hudsonMap.png in Resources */ = {isa = PBXBuildFile; fileRef = 2179F2EC20BD078900B73822 /* hudsonMap.png */; };
		2179F34D20BD078900B73822 /* overlayMap.png in Resources */ = {isa = PBXBuildFile; fileRef = 2179F2ED20BD078900B73822 /* overlayMap.png */; };
		2179F34E20BD078900B73822 /* config.json in Resources */ = {isa = PBXBuildFile; fileRef = 2179F2EF20BD078900B73822 /* config.json */; };
		2179F34F20BD078900B73822 /* FWInkwellFilter.m in Sources */ = {isa = PBXBuildFile; fileRef = 2179F2F120BD078900B73822 /* FWInkwellFilter.m */; };
		2179F35020BD078900B73822 /* inkwellMap.png in Resources */ = {isa = PBXBuildFile; fileRef = 2179F2F220BD078900B73822 /* inkwellMap.png */; };
		2179F35120BD078900B73822 /* config.json in Resources */ = {isa = PBXBuildFile; fileRef = 2179F2F420BD078900B73822 /* config.json */; };
		2179F35220BD078900B73822 /* FWLomofiFilter.m in Sources */ = {isa = PBXBuildFile; fileRef = 2179F2F620BD078900B73822 /* FWLomofiFilter.m */; };
		2179F35320BD078900B73822 /* lomoMap.png in Resources */ = {isa = PBXBuildFile; fileRef = 2179F2F720BD078900B73822 /* lomoMap.png */; };
		2179F35420BD078900B73822 /* vignetteMap.png in Resources */ = {isa = PBXBuildFile; fileRef = 2179F2F820BD078900B73822 /* vignetteMap.png */; };
		2179F35520BD078900B73822 /* config.json in Resources */ = {isa = PBXBuildFile; fileRef = 2179F2FA20BD078900B73822 /* config.json */; };
		2179F35620BD078900B73822 /* FWNashvilleFilter.m in Sources */ = {isa = PBXBuildFile; fileRef = 2179F2FC20BD078900B73822 /* FWNashvilleFilter.m */; };
		2179F35720BD078900B73822 /* nashvilleMap.png in Resources */ = {isa = PBXBuildFile; fileRef = 2179F2FD20BD078900B73822 /* nashvilleMap.png */; };
		2179F35820BD078900B73822 /* blackboard1024.png in Resources */ = {isa = PBXBuildFile; fileRef = 2179F2FF20BD078900B73822 /* blackboard1024.png */; };
		2179F35920BD078900B73822 /* config.json in Resources */ = {isa = PBXBuildFile; fileRef = 2179F30020BD078900B73822 /* config.json */; };
		2179F35A20BD078900B73822 /* FWRiseFilter.m in Sources */ = {isa = PBXBuildFile; fileRef = 2179F30220BD078900B73822 /* FWRiseFilter.m */; };
		2179F35B20BD078900B73822 /* overlayMap.png in Resources */ = {isa = PBXBuildFile; fileRef = 2179F30320BD078900B73822 /* overlayMap.png */; };
		2179F35C20BD078900B73822 /* riseMap.png in Resources */ = {isa = PBXBuildFile; fileRef = 2179F30420BD078900B73822 /* riseMap.png */; };
		2179F35D20BD078900B73822 /* config.json in Resources */ = {isa = PBXBuildFile; fileRef = 2179F30620BD078900B73822 /* config.json */; };
		2179F35E20BD078900B73822 /* FWSierraFilter.m in Sources */ = {isa = PBXBuildFile; fileRef = 2179F30820BD078900B73822 /* FWSierraFilter.m */; };
		2179F35F20BD078900B73822 /* overlayMap.png in Resources */ = {isa = PBXBuildFile; fileRef = 2179F30920BD078900B73822 /* overlayMap.png */; };
		2179F36020BD078900B73822 /* sierraMap.png in Resources */ = {isa = PBXBuildFile; fileRef = 2179F30A20BD078900B73822 /* sierraMap.png */; };
		2179F36120BD078900B73822 /* sierraVignette.png in Resources */ = {isa = PBXBuildFile; fileRef = 2179F30B20BD078900B73822 /* sierraVignette.png */; };
		2179F36220BD078900B73822 /* config.json in Resources */ = {isa = PBXBuildFile; fileRef = 2179F30D20BD078900B73822 /* config.json */; };
		2179F36320BD078900B73822 /* FWSutroFilter.m in Sources */ = {isa = PBXBuildFile; fileRef = 2179F30F20BD078900B73822 /* FWSutroFilter.m */; };
		2179F36420BD078900B73822 /* softLight.png in Resources */ = {isa = PBXBuildFile; fileRef = 2179F31020BD078900B73822 /* softLight.png */; };
		2179F36520BD078900B73822 /* sutroCurves.png in Resources */ = {isa = PBXBuildFile; fileRef = 2179F31120BD078900B73822 /* sutroCurves.png */; };
		2179F36620BD078900B73822 /* sutroEdgeBurn.png in Resources */ = {isa = PBXBuildFile; fileRef = 2179F31220BD078900B73822 /* sutroEdgeBurn.png */; };
		2179F36720BD078900B73822 /* sutroMetal.png in Resources */ = {isa = PBXBuildFile; fileRef = 2179F31320BD078900B73822 /* sutroMetal.png */; };
		2179F36820BD078900B73822 /* vignetteMap.png in Resources */ = {isa = PBXBuildFile; fileRef = 2179F31420BD078900B73822 /* vignetteMap.png */; };
		2179F36920BD078900B73822 /* config.json in Resources */ = {isa = PBXBuildFile; fileRef = 2179F31620BD078900B73822 /* config.json */; };
		2179F36A20BD078900B73822 /* FWToasterFilter.m in Sources */ = {isa = PBXBuildFile; fileRef = 2179F31820BD078900B73822 /* FWToasterFilter.m */; };
		2179F36B20BD078900B73822 /* toasterColorShift.png in Resources */ = {isa = PBXBuildFile; fileRef = 2179F31920BD078900B73822 /* toasterColorShift.png */; };
		2179F36C20BD078900B73822 /* toasterCurves.png in Resources */ = {isa = PBXBuildFile; fileRef = 2179F31A20BD078900B73822 /* toasterCurves.png */; };
		2179F36D20BD078900B73822 /* toasterMetal.png in Resources */ = {isa = PBXBuildFile; fileRef = 2179F31B20BD078900B73822 /* toasterMetal.png */; };
		2179F36E20BD078900B73822 /* toasterOverlayMapWarm.png in Resources */ = {isa = PBXBuildFile; fileRef = 2179F31C20BD078900B73822 /* toasterOverlayMapWarm.png */; };
		2179F36F20BD078900B73822 /* toasterSoftLight.png in Resources */ = {isa = PBXBuildFile; fileRef = 2179F31D20BD078900B73822 /* toasterSoftLight.png */; };
		2179F37020BD078900B73822 /* config.json in Resources */ = {isa = PBXBuildFile; fileRef = 2179F31F20BD078900B73822 /* config.json */; };
		2179F37120BD078900B73822 /* FWValenciaFilter.m in Sources */ = {isa = PBXBuildFile; fileRef = 2179F32120BD078900B73822 /* FWValenciaFilter.m */; };
		2179F37220BD078900B73822 /* valenciaGradientMap.png in Resources */ = {isa = PBXBuildFile; fileRef = 2179F32220BD078900B73822 /* valenciaGradientMap.png */; };
		2179F37320BD078900B73822 /* valenciaMap.png in Resources */ = {isa = PBXBuildFile; fileRef = 2179F32320BD078900B73822 /* valenciaMap.png */; };
		2179F37420BD078900B73822 /* config.json in Resources */ = {isa = PBXBuildFile; fileRef = 2179F32520BD078900B73822 /* config.json */; };
		2179F37520BD078900B73822 /* FWWaldenFilter.m in Sources */ = {isa = PBXBuildFile; fileRef = 2179F32720BD078900B73822 /* FWWaldenFilter.m */; };
		2179F37620BD078900B73822 /* vignetteMap.png in Resources */ = {isa = PBXBuildFile; fileRef = 2179F32820BD078900B73822 /* vignetteMap.png */; };
		2179F37720BD078900B73822 /* waldenMap.png in Resources */ = {isa = PBXBuildFile; fileRef = 2179F32920BD078900B73822 /* waldenMap.png */; };
		2179F37820BD078900B73822 /* config.json in Resources */ = {isa = PBXBuildFile; fileRef = 2179F32B20BD078900B73822 /* config.json */; };
		2179F37920BD078900B73822 /* FWXproIIFilter.m in Sources */ = {isa = PBXBuildFile; fileRef = 2179F32D20BD078900B73822 /* FWXproIIFilter.m */; };
		2179F37A20BD078900B73822 /* vignetteMap.png in Resources */ = {isa = PBXBuildFile; fileRef = 2179F32E20BD078900B73822 /* vignetteMap.png */; };
		2179F37B20BD078900B73822 /* xproMap.png in Resources */ = {isa = PBXBuildFile; fileRef = 2179F32F20BD078900B73822 /* xproMap.png */; };
		2179F38220BD1C9600B73822 /* FilterConfig in Resources */ = {isa = PBXBuildFile; fileRef = 2179F38120BD1C9600B73822 /* FilterConfig */; };
		2179F38520BD45AE00B73822 /* AnimationFilter.m in Sources */ = {isa = PBXBuildFile; fileRef = 2179F38420BD45AE00B73822 /* AnimationFilter.m */; };
		22C562B420BEE2AC0011014A /* qmkit_takephoto_btn@3x.png in Resources */ = {isa = PBXBuildFile; fileRef = 22C562B320BEE2AB0011014A /* qmkit_takephoto_btn@3x.png */; };
		22C562B920C0275C0011014A /* DeviceOrientation.m in Sources */ = {isa = PBXBuildFile; fileRef = 22C562B820C0275C0011014A /* DeviceOrientation.m */; };
		46520FC3277AC77D1B267CA2 /* libPods-FilterCamera.a in Frameworks */ = {isa = PBXBuildFile; fileRef = C28BC55EB39A6840AB95792C /* libPods-FilterCamera.a */; };
/* End PBXBuildFile section */

/* Begin PBXContainerItemProxy section */
		21570D1520BB8D8B002585CB /* PBXContainerItemProxy */ = {
			isa = PBXContainerItemProxy;
			containerPortal = 21570CF420BB8D8B002585CB /* Project object */;
			proxyType = 1;
			remoteGlobalIDString = 21570CFB20BB8D8B002585CB;
			remoteInfo = FilterCamera;
		};
		21570D2020BB8D8B002585CB /* PBXContainerItemProxy */ = {
			isa = PBXContainerItemProxy;
			containerPortal = 21570CF420BB8D8B002585CB /* Project object */;
			proxyType = 1;
			remoteGlobalIDString = 21570CFB20BB8D8B002585CB;
			remoteInfo = FilterCamera;
		};
/* End PBXContainerItemProxy section */

/* Begin PBXFileReference section */
		1615DFB7149362BBBCE8FCD7 /* Pods-FilterCamera.release.xcconfig */ = {isa = PBXFileReference; includeInIndex = 1; lastKnownFileType = text.xcconfig; name = "Pods-FilterCamera.release.xcconfig"; path = "Pods/Target Support Files/Pods-FilterCamera/Pods-FilterCamera.release.xcconfig"; sourceTree = "<group>"; };
		214AB81220BFC21300D4B73C /* UIImage+Rotate.h */ = {isa = PBXFileReference; fileEncoding = 4; lastKnownFileType = sourcecode.c.h; path = "UIImage+Rotate.h"; sourceTree = "<group>"; };
		214AB81320BFC21300D4B73C /* UIImage+Rotate.m */ = {isa = PBXFileReference; fileEncoding = 4; lastKnownFileType = sourcecode.c.objc; path = "UIImage+Rotate.m"; sourceTree = "<group>"; };
		214AB81920BFF45100D4B73C /* CoreMotion.framework */ = {isa = PBXFileReference; lastKnownFileType = wrapper.framework; name = CoreMotion.framework; path = System/Library/Frameworks/CoreMotion.framework; sourceTree = SDKROOT; };
		214AB81B20BFF45800D4B73C /* CoreGraphics.framework */ = {isa = PBXFileReference; lastKnownFileType = wrapper.framework; name = CoreGraphics.framework; path = System/Library/Frameworks/CoreGraphics.framework; sourceTree = SDKROOT; };
		21570CFC20BB8D8B002585CB /* FilterCamera.app */ = {isa = PBXFileReference; explicitFileType = wrapper.application; includeInIndex = 0; path = FilterCamera.app; sourceTree = BUILT_PRODUCTS_DIR; };
		21570CFF20BB8D8B002585CB /* AppDelegate.h */ = {isa = PBXFileReference; lastKnownFileType = sourcecode.c.h; path = AppDelegate.h; sourceTree = "<group>"; };
		21570D0020BB8D8B002585CB /* AppDelegate.m */ = {isa = PBXFileReference; lastKnownFileType = sourcecode.c.objc; path = AppDelegate.m; sourceTree = "<group>"; };
		21570D0220BB8D8B002585CB /* ViewController.h */ = {isa = PBXFileReference; lastKnownFileType = sourcecode.c.h; path = ViewController.h; sourceTree = "<group>"; };
		21570D0320BB8D8B002585CB /* ViewController.m */ = {isa = PBXFileReference; lastKnownFileType = sourcecode.c.objc; path = ViewController.m; sourceTree = "<group>"; };
		21570D0620BB8D8B002585CB /* Base */ = {isa = PBXFileReference; lastKnownFileType = file.storyboard; name = Base; path = Base.lproj/Main.storyboard; sourceTree = "<group>"; };
		21570D0820BB8D8B002585CB /* Assets.xcassets */ = {isa = PBXFileReference; lastKnownFileType = folder.assetcatalog; path = Assets.xcassets; sourceTree = "<group>"; };
		21570D0B20BB8D8B002585CB /* Base */ = {isa = PBXFileReference; lastKnownFileType = file.storyboard; name = Base; path = Base.lproj/LaunchScreen.storyboard; sourceTree = "<group>"; };
		21570D0D20BB8D8B002585CB /* Info.plist */ = {isa = PBXFileReference; lastKnownFileType = text.plist.xml; path = Info.plist; sourceTree = "<group>"; };
		21570D0E20BB8D8B002585CB /* main.m */ = {isa = PBXFileReference; lastKnownFileType = sourcecode.c.objc; path = main.m; sourceTree = "<group>"; };
		21570D1420BB8D8B002585CB /* FilterCameraTests.xctest */ = {isa = PBXFileReference; explicitFileType = wrapper.cfbundle; includeInIndex = 0; path = FilterCameraTests.xctest; sourceTree = BUILT_PRODUCTS_DIR; };
		21570D1820BB8D8B002585CB /* FilterCameraTests.m */ = {isa = PBXFileReference; lastKnownFileType = sourcecode.c.objc; path = FilterCameraTests.m; sourceTree = "<group>"; };
		21570D1A20BB8D8B002585CB /* Info.plist */ = {isa = PBXFileReference; lastKnownFileType = text.plist.xml; path = Info.plist; sourceTree = "<group>"; };
		21570D1F20BB8D8B002585CB /* FilterCameraUITests.xctest */ = {isa = PBXFileReference; explicitFileType = wrapper.cfbundle; includeInIndex = 0; path = FilterCameraUITests.xctest; sourceTree = BUILT_PRODUCTS_DIR; };
		21570D2320BB8D8B002585CB /* FilterCameraUITests.m */ = {isa = PBXFileReference; lastKnownFileType = sourcecode.c.objc; path = FilterCameraUITests.m; sourceTree = "<group>"; };
		21570D2520BB8D8B002585CB /* Info.plist */ = {isa = PBXFileReference; lastKnownFileType = text.plist.xml; path = Info.plist; sourceTree = "<group>"; };
		21570D8D20BB9145002585CB /* FWFiveInputFilter.h */ = {isa = PBXFileReference; fileEncoding = 4; lastKnownFileType = sourcecode.c.h; path = FWFiveInputFilter.h; sourceTree = "<group>"; };
		21570D8E20BB9145002585CB /* FWFiveInputFilter.m */ = {isa = PBXFileReference; fileEncoding = 4; lastKnownFileType = sourcecode.c.objc; path = FWFiveInputFilter.m; sourceTree = "<group>"; };
		21570D8F20BB9145002585CB /* FWSixInputFilter.h */ = {isa = PBXFileReference; fileEncoding = 4; lastKnownFileType = sourcecode.c.h; path = FWSixInputFilter.h; sourceTree = "<group>"; };
		21570D9020BB9145002585CB /* FWSixInputFilter.m */ = {isa = PBXFileReference; fileEncoding = 4; lastKnownFileType = sourcecode.c.objc; path = FWSixInputFilter.m; sourceTree = "<group>"; };
		21570D9120BB9145002585CB /* GPUImageFourInputFilter.h */ = {isa = PBXFileReference; fileEncoding = 4; lastKnownFileType = sourcecode.c.h; path = GPUImageFourInputFilter.h; sourceTree = "<group>"; };
		21570D9220BB9145002585CB /* GPUImageFourInputFilter.m */ = {isa = PBXFileReference; fileEncoding = 4; lastKnownFileType = sourcecode.c.objc; path = GPUImageFourInputFilter.m; sourceTree = "<group>"; };
		21570D9420BB9145002585CB /* YJHalfGrayFilter.h */ = {isa = PBXFileReference; fileEncoding = 4; lastKnownFileType = sourcecode.c.h; path = YJHalfGrayFilter.h; sourceTree = "<group>"; };
		21570D9520BB9145002585CB /* YJHalfGrayFilter.m */ = {isa = PBXFileReference; fileEncoding = 4; lastKnownFileType = sourcecode.c.objc; path = YJHalfGrayFilter.m; sourceTree = "<group>"; };
		21570D9720BB9145002585CB /* HalfSketchController.h */ = {isa = PBXFileReference; fileEncoding = 4; lastKnownFileType = sourcecode.c.h; path = HalfSketchController.h; sourceTree = "<group>"; };
		21570D9820BB9145002585CB /* HalfSketchController.m */ = {isa = PBXFileReference; fileEncoding = 4; lastKnownFileType = sourcecode.c.objc; path = HalfSketchController.m; sourceTree = "<group>"; };
		21570D9920BB9145002585CB /* HalfSketchFilter.h */ = {isa = PBXFileReference; fileEncoding = 4; lastKnownFileType = sourcecode.c.h; path = HalfSketchFilter.h; sourceTree = "<group>"; };
		21570D9A20BB9145002585CB /* HalfSketchFilter.m */ = {isa = PBXFileReference; fileEncoding = 4; lastKnownFileType = sourcecode.c.objc; path = HalfSketchFilter.m; sourceTree = "<group>"; };
		21570D9C20BB9145002585CB /* amatorka2.png */ = {isa = PBXFileReference; lastKnownFileType = image.png; path = amatorka2.png; sourceTree = "<group>"; };
		21570D9D20BB9145002585CB /* amatorka_action_2.png */ = {isa = PBXFileReference; lastKnownFileType = image.png; path = amatorka_action_2.png; sourceTree = "<group>"; };
		21570D9E20BB9145002585CB /* lookup_amatorka.png */ = {isa = PBXFileReference; lastKnownFileType = image.png; path = lookup_amatorka.png; sourceTree = "<group>"; };
		21570D9F20BB9145002585CB /* LUTAmatorkaFilter.h */ = {isa = PBXFileReference; fileEncoding = 4; lastKnownFileType = sourcecode.c.h; path = LUTAmatorkaFilter.h; sourceTree = "<group>"; };
		21570DA020BB9145002585CB /* LUTAmatorkaFilter.m */ = {isa = PBXFileReference; fileEncoding = 4; lastKnownFileType = sourcecode.c.objc; path = LUTAmatorkaFilter.m; sourceTree = "<group>"; };
		21570DA220BB9145002585CB /* YJOldPhoteFilter.h */ = {isa = PBXFileReference; fileEncoding = 4; lastKnownFileType = sourcecode.c.h; path = YJOldPhoteFilter.h; sourceTree = "<group>"; };
		21570DA320BB9145002585CB /* YJOldPhoteFilter.m */ = {isa = PBXFileReference; fileEncoding = 4; lastKnownFileType = sourcecode.c.objc; path = YJOldPhoteFilter.m; sourceTree = "<group>"; };
		21570DA520BB9145002585CB /* CustomAlphaBlendFilter.h */ = {isa = PBXFileReference; fileEncoding = 4; lastKnownFileType = sourcecode.c.h; path = CustomAlphaBlendFilter.h; sourceTree = "<group>"; };
		21570DA620BB9145002585CB /* CustomAlphaBlendFilter.m */ = {isa = PBXFileReference; fileEncoding = 4; lastKnownFileType = sourcecode.c.objc; path = CustomAlphaBlendFilter.m; sourceTree = "<group>"; };
		21570DA720BB9145002585CB /* CustomFrameBlendThreeFilter.h */ = {isa = PBXFileReference; fileEncoding = 4; lastKnownFileType = sourcecode.c.h; path = CustomFrameBlendThreeFilter.h; sourceTree = "<group>"; };
		21570DA820BB9145002585CB /* CustomFrameBlendThreeFilter.m */ = {isa = PBXFileReference; fileEncoding = 4; lastKnownFileType = sourcecode.c.objc; path = CustomFrameBlendThreeFilter.m; sourceTree = "<group>"; };
		21570DA920BB9145002585CB /* frame.png */ = {isa = PBXFileReference; lastKnownFileType = image.png; path = frame.png; sourceTree = "<group>"; };
		21570DAA20BB9145002585CB /* frame1.png */ = {isa = PBXFileReference; lastKnownFileType = image.png; path = frame1.png; sourceTree = "<group>"; };
		21570DAB20BB9145002585CB /* FrameBlendController.h */ = {isa = PBXFileReference; fileEncoding = 4; lastKnownFileType = sourcecode.c.h; path = FrameBlendController.h; sourceTree = "<group>"; };
		21570DAC20BB9145002585CB /* FrameBlendController.m */ = {isa = PBXFileReference; fileEncoding = 4; lastKnownFileType = sourcecode.c.objc; path = FrameBlendController.m; sourceTree = "<group>"; };
		21570DAE20BB9145002585CB /* CustomSketchFilter.h */ = {isa = PBXFileReference; fileEncoding = 4; lastKnownFileType = sourcecode.c.h; path = CustomSketchFilter.h; sourceTree = "<group>"; };
		21570DAF20BB9145002585CB /* CustomSketchFilter.m */ = {isa = PBXFileReference; fileEncoding = 4; lastKnownFileType = sourcecode.c.objc; path = CustomSketchFilter.m; sourceTree = "<group>"; };
		21570DB020BB9145002585CB /* SimpleSketchController.h */ = {isa = PBXFileReference; fileEncoding = 4; lastKnownFileType = sourcecode.c.h; path = SimpleSketchController.h; sourceTree = "<group>"; };
		21570DB120BB9145002585CB /* SimpleSketchController.m */ = {isa = PBXFileReference; fileEncoding = 4; lastKnownFileType = sourcecode.c.objc; path = SimpleSketchController.m; sourceTree = "<group>"; };
		21570E0120BB934A002585CB /* Coco.pch */ = {isa = PBXFileReference; lastKnownFileType = sourcecode.c.h; path = Coco.pch; sourceTree = "<group>"; };
		21570E0520BBA8AE002585CB /* COStillCamera.h */ = {isa = PBXFileReference; lastKnownFileType = sourcecode.c.h; path = COStillCamera.h; sourceTree = "<group>"; };
		21570E0620BBA8AE002585CB /* COStillCamera.m */ = {isa = PBXFileReference; lastKnownFileType = sourcecode.c.objc; path = COStillCamera.m; sourceTree = "<group>"; };
		21570E0820BBA8CF002585CB /* COStillCameraPreview.h */ = {isa = PBXFileReference; lastKnownFileType = sourcecode.c.h; path = COStillCameraPreview.h; sourceTree = "<group>"; };
		21570E0920BBA8CF002585CB /* COStillCameraPreview.m */ = {isa = PBXFileReference; lastKnownFileType = sourcecode.c.objc; path = COStillCameraPreview.m; sourceTree = "<group>"; };
		21570E0D20BBA995002585CB /* COCameraViewController.h */ = {isa = PBXFileReference; lastKnownFileType = sourcecode.c.h; path = COCameraViewController.h; sourceTree = "<group>"; };
		21570E0E20BBA995002585CB /* COCameraViewController.m */ = {isa = PBXFileReference; lastKnownFileType = sourcecode.c.objc; path = COCameraViewController.m; sourceTree = "<group>"; };
		21570E1320BBAFCA002585CB /* Macro.h */ = {isa = PBXFileReference; lastKnownFileType = sourcecode.c.h; path = Macro.h; sourceTree = "<group>"; };
		21570E1820BBC576002585CB /* ShakeButton.h */ = {isa = PBXFileReference; lastKnownFileType = sourcecode.c.h; path = ShakeButton.h; sourceTree = "<group>"; };
		21570E1920BBC576002585CB /* ShakeButton.m */ = {isa = PBXFileReference; lastKnownFileType = sourcecode.c.objc; path = ShakeButton.m; sourceTree = "<group>"; };
		21570E1E20BBDFEA002585CB /* qmkit_rotate_btn@3x.png */ = {isa = PBXFileReference; lastKnownFileType = image.png; path = "qmkit_rotate_btn@3x.png"; sourceTree = "<group>"; };
		21570E2120BBFDC1002585CB /* COCameraFilterView.h */ = {isa = PBXFileReference; lastKnownFileType = sourcecode.c.h; path = COCameraFilterView.h; sourceTree = "<group>"; };
		21570E2220BBFDC1002585CB /* COCameraFilterView.m */ = {isa = PBXFileReference; lastKnownFileType = sourcecode.c.objc; path = COCameraFilterView.m; sourceTree = "<group>"; };
		2179F22320BCDE5800B73822 /* qmkit_fiter_btn@3x.png */ = {isa = PBXFileReference; lastKnownFileType = image.png; path = "qmkit_fiter_btn@3x.png"; sourceTree = "<group>"; };
		2179F22820BCFC7700B73822 /* FilterModel.h */ = {isa = PBXFileReference; lastKnownFileType = sourcecode.c.h; path = FilterModel.h; sourceTree = "<group>"; };
		2179F22920BCFC7700B73822 /* FilterModel.m */ = {isa = PBXFileReference; lastKnownFileType = sourcecode.c.objc; path = FilterModel.m; sourceTree = "<group>"; };
		2179F2C720BD078900B73822 /* amaroMap.png */ = {isa = PBXFileReference; lastKnownFileType = image.png; path = amaroMap.png; sourceTree = "<group>"; };
		2179F2C820BD078900B73822 /* blackboard1024.png */ = {isa = PBXFileReference; lastKnownFileType = image.png; path = blackboard1024.png; sourceTree = "<group>"; };
		2179F2C920BD078900B73822 /* config.json */ = {isa = PBXFileReference; fileEncoding = 4; lastKnownFileType = text.json; path = config.json; sourceTree = "<group>"; };
		2179F2CA20BD078900B73822 /* FWAmaroFilter.h */ = {isa = PBXFileReference; fileEncoding = 4; lastKnownFileType = sourcecode.c.h; path = FWAmaroFilter.h; sourceTree = "<group>"; };
		2179F2CB20BD078900B73822 /* FWAmaroFilter.m */ = {isa = PBXFileReference; fileEncoding = 4; lastKnownFileType = sourcecode.c.objc; path = FWAmaroFilter.m; sourceTree = "<group>"; };
		2179F2CC20BD078900B73822 /* overlayMap.png */ = {isa = PBXFileReference; lastKnownFileType = image.png; path = overlayMap.png; sourceTree = "<group>"; };
		2179F2CE20BD078900B73822 /* brannanBlowout.png */ = {isa = PBXFileReference; lastKnownFileType = image.png; path = brannanBlowout.png; sourceTree = "<group>"; };
		2179F2CF20BD078900B73822 /* brannanContrast.png */ = {isa = PBXFileReference; lastKnownFileType = image.png; path = brannanContrast.png; sourceTree = "<group>"; };
		2179F2D020BD078900B73822 /* brannanLuma.png */ = {isa = PBXFileReference; lastKnownFileType = image.png; path = brannanLuma.png; sourceTree = "<group>"; };
		2179F2D120BD078900B73822 /* brannanProcess.png */ = {isa = PBXFileReference; lastKnownFileType = image.png; path = brannanProcess.png; sourceTree = "<group>"; };
		2179F2D220BD078900B73822 /* brannanScreen.png */ = {isa = PBXFileReference; lastKnownFileType = image.png; path = brannanScreen.png; sourceTree = "<group>"; };
		2179F2D320BD078900B73822 /* config.json */ = {isa = PBXFileReference; fileEncoding = 4; lastKnownFileType = text.json; path = config.json; sourceTree = "<group>"; };
		2179F2D420BD078900B73822 /* FWBrannanFilter.h */ = {isa = PBXFileReference; fileEncoding = 4; lastKnownFileType = sourcecode.c.h; path = FWBrannanFilter.h; sourceTree = "<group>"; };
		2179F2D520BD078900B73822 /* FWBrannanFilter.m */ = {isa = PBXFileReference; fileEncoding = 4; lastKnownFileType = sourcecode.c.objc; path = FWBrannanFilter.m; sourceTree = "<group>"; };
		2179F2D720BD078900B73822 /* config.json */ = {isa = PBXFileReference; fileEncoding = 4; lastKnownFileType = text.json; path = config.json; sourceTree = "<group>"; };
		2179F2D820BD078900B73822 /* earlybirdBlowout.png */ = {isa = PBXFileReference; lastKnownFileType = image.png; path = earlybirdBlowout.png; sourceTree = "<group>"; };
		2179F2D920BD078900B73822 /* earlyBirdCurves.png */ = {isa = PBXFileReference; lastKnownFileType = image.png; path = earlyBirdCurves.png; sourceTree = "<group>"; };
		2179F2DA20BD078900B73822 /* earlybirdMap.png */ = {isa = PBXFileReference; lastKnownFileType = image.png; path = earlybirdMap.png; sourceTree = "<group>"; };
		2179F2DB20BD078900B73822 /* earlybirdOverlayMap.png */ = {isa = PBXFileReference; lastKnownFileType = image.png; path = earlybirdOverlayMap.png; sourceTree = "<group>"; };
		2179F2DC20BD078900B73822 /* FWEarlybirdFilter.h */ = {isa = PBXFileReference; fileEncoding = 4; lastKnownFileType = sourcecode.c.h; path = FWEarlybirdFilter.h; sourceTree = "<group>"; };
		2179F2DD20BD078900B73822 /* FWEarlybirdFilter.m */ = {isa = PBXFileReference; fileEncoding = 4; lastKnownFileType = sourcecode.c.objc; path = FWEarlybirdFilter.m; sourceTree = "<group>"; };
		2179F2DF20BD078900B73822 /* config.json */ = {isa = PBXFileReference; fileEncoding = 4; lastKnownFileType = text.json; path = config.json; sourceTree = "<group>"; };
		2179F2E020BD078900B73822 /* edgeBurn.png */ = {isa = PBXFileReference; lastKnownFileType = image.png; path = edgeBurn.png; sourceTree = "<group>"; };
		2179F2E120BD078900B73822 /* FWHefeFilter.h */ = {isa = PBXFileReference; fileEncoding = 4; lastKnownFileType = sourcecode.c.h; path = FWHefeFilter.h; sourceTree = "<group>"; };
		2179F2E220BD078900B73822 /* FWHefeFilter.m */ = {isa = PBXFileReference; fileEncoding = 4; lastKnownFileType = sourcecode.c.objc; path = FWHefeFilter.m; sourceTree = "<group>"; };
		2179F2E320BD078900B73822 /* hefeGradientMap.png */ = {isa = PBXFileReference; lastKnownFileType = image.png; path = hefeGradientMap.png; sourceTree = "<group>"; };
		2179F2E420BD078900B73822 /* hefeMap.png */ = {isa = PBXFileReference; lastKnownFileType = image.png; path = hefeMap.png; sourceTree = "<group>"; };
		2179F2E520BD078900B73822 /* hefeMetal.png */ = {isa = PBXFileReference; lastKnownFileType = image.png; path = hefeMetal.png; sourceTree = "<group>"; };
		2179F2E620BD078900B73822 /* hefeSoftLight.png */ = {isa = PBXFileReference; lastKnownFileType = image.png; path = hefeSoftLight.png; sourceTree = "<group>"; };
		2179F2E820BD078900B73822 /* config.json */ = {isa = PBXFileReference; fileEncoding = 4; lastKnownFileType = text.json; path = config.json; sourceTree = "<group>"; };
		2179F2E920BD078900B73822 /* FWHudsonFilter.h */ = {isa = PBXFileReference; fileEncoding = 4; lastKnownFileType = sourcecode.c.h; path = FWHudsonFilter.h; sourceTree = "<group>"; };
		2179F2EA20BD078900B73822 /* FWHudsonFilter.m */ = {isa = PBXFileReference; fileEncoding = 4; lastKnownFileType = sourcecode.c.objc; path = FWHudsonFilter.m; sourceTree = "<group>"; };
		2179F2EB20BD078900B73822 /* hudsonBackground.png */ = {isa = PBXFileReference; lastKnownFileType = image.png; path = hudsonBackground.png; sourceTree = "<group>"; };
		2179F2EC20BD078900B73822 /* hudsonMap.png */ = {isa = PBXFileReference; lastKnownFileType = image.png; path = hudsonMap.png; sourceTree = "<group>"; };
		2179F2ED20BD078900B73822 /* overlayMap.png */ = {isa = PBXFileReference; lastKnownFileType = image.png; path = overlayMap.png; sourceTree = "<group>"; };
		2179F2EF20BD078900B73822 /* config.json */ = {isa = PBXFileReference; fileEncoding = 4; lastKnownFileType = text.json; path = config.json; sourceTree = "<group>"; };
		2179F2F020BD078900B73822 /* FWInkwellFilter.h */ = {isa = PBXFileReference; fileEncoding = 4; lastKnownFileType = sourcecode.c.h; path = FWInkwellFilter.h; sourceTree = "<group>"; };
		2179F2F120BD078900B73822 /* FWInkwellFilter.m */ = {isa = PBXFileReference; fileEncoding = 4; lastKnownFileType = sourcecode.c.objc; path = FWInkwellFilter.m; sourceTree = "<group>"; };
		2179F2F220BD078900B73822 /* inkwellMap.png */ = {isa = PBXFileReference; lastKnownFileType = image.png; path = inkwellMap.png; sourceTree = "<group>"; };
		2179F2F420BD078900B73822 /* config.json */ = {isa = PBXFileReference; fileEncoding = 4; lastKnownFileType = text.json; path = config.json; sourceTree = "<group>"; };
		2179F2F520BD078900B73822 /* FWLomofiFilter.h */ = {isa = PBXFileReference; fileEncoding = 4; lastKnownFileType = sourcecode.c.h; path = FWLomofiFilter.h; sourceTree = "<group>"; };
		2179F2F620BD078900B73822 /* FWLomofiFilter.m */ = {isa = PBXFileReference; fileEncoding = 4; lastKnownFileType = sourcecode.c.objc; path = FWLomofiFilter.m; sourceTree = "<group>"; };
		2179F2F720BD078900B73822 /* lomoMap.png */ = {isa = PBXFileReference; lastKnownFileType = image.png; path = lomoMap.png; sourceTree = "<group>"; };
		2179F2F820BD078900B73822 /* vignetteMap.png */ = {isa = PBXFileReference; lastKnownFileType = image.png; path = vignetteMap.png; sourceTree = "<group>"; };
		2179F2FA20BD078900B73822 /* config.json */ = {isa = PBXFileReference; fileEncoding = 4; lastKnownFileType = text.json; path = config.json; sourceTree = "<group>"; };
		2179F2FB20BD078900B73822 /* FWNashvilleFilter.h */ = {isa = PBXFileReference; fileEncoding = 4; lastKnownFileType = sourcecode.c.h; path = FWNashvilleFilter.h; sourceTree = "<group>"; };
		2179F2FC20BD078900B73822 /* FWNashvilleFilter.m */ = {isa = PBXFileReference; fileEncoding = 4; lastKnownFileType = sourcecode.c.objc; path = FWNashvilleFilter.m; sourceTree = "<group>"; };
		2179F2FD20BD078900B73822 /* nashvilleMap.png */ = {isa = PBXFileReference; lastKnownFileType = image.png; path = nashvilleMap.png; sourceTree = "<group>"; };
		2179F2FF20BD078900B73822 /* blackboard1024.png */ = {isa = PBXFileReference; lastKnownFileType = image.png; path = blackboard1024.png; sourceTree = "<group>"; };
		2179F30020BD078900B73822 /* config.json */ = {isa = PBXFileReference; fileEncoding = 4; lastKnownFileType = text.json; path = config.json; sourceTree = "<group>"; };
		2179F30120BD078900B73822 /* FWRiseFilter.h */ = {isa = PBXFileReference; fileEncoding = 4; lastKnownFileType = sourcecode.c.h; path = FWRiseFilter.h; sourceTree = "<group>"; };
		2179F30220BD078900B73822 /* FWRiseFilter.m */ = {isa = PBXFileReference; fileEncoding = 4; lastKnownFileType = sourcecode.c.objc; path = FWRiseFilter.m; sourceTree = "<group>"; };
		2179F30320BD078900B73822 /* overlayMap.png */ = {isa = PBXFileReference; lastKnownFileType = image.png; path = overlayMap.png; sourceTree = "<group>"; };
		2179F30420BD078900B73822 /* riseMap.png */ = {isa = PBXFileReference; lastKnownFileType = image.png; path = riseMap.png; sourceTree = "<group>"; };
		2179F30620BD078900B73822 /* config.json */ = {isa = PBXFileReference; fileEncoding = 4; lastKnownFileType = text.json; path = config.json; sourceTree = "<group>"; };
		2179F30720BD078900B73822 /* FWSierraFilter.h */ = {isa = PBXFileReference; fileEncoding = 4; lastKnownFileType = sourcecode.c.h; path = FWSierraFilter.h; sourceTree = "<group>"; };
		2179F30820BD078900B73822 /* FWSierraFilter.m */ = {isa = PBXFileReference; fileEncoding = 4; lastKnownFileType = sourcecode.c.objc; path = FWSierraFilter.m; sourceTree = "<group>"; };
		2179F30920BD078900B73822 /* overlayMap.png */ = {isa = PBXFileReference; lastKnownFileType = image.png; path = overlayMap.png; sourceTree = "<group>"; };
		2179F30A20BD078900B73822 /* sierraMap.png */ = {isa = PBXFileReference; lastKnownFileType = image.png; path = sierraMap.png; sourceTree = "<group>"; };
		2179F30B20BD078900B73822 /* sierraVignette.png */ = {isa = PBXFileReference; lastKnownFileType = image.png; path = sierraVignette.png; sourceTree = "<group>"; };
		2179F30D20BD078900B73822 /* config.json */ = {isa = PBXFileReference; fileEncoding = 4; lastKnownFileType = text.json; path = config.json; sourceTree = "<group>"; };
		2179F30E20BD078900B73822 /* FWSutroFilter.h */ = {isa = PBXFileReference; fileEncoding = 4; lastKnownFileType = sourcecode.c.h; path = FWSutroFilter.h; sourceTree = "<group>"; };
		2179F30F20BD078900B73822 /* FWSutroFilter.m */ = {isa = PBXFileReference; fileEncoding = 4; lastKnownFileType = sourcecode.c.objc; path = FWSutroFilter.m; sourceTree = "<group>"; };
		2179F31020BD078900B73822 /* softLight.png */ = {isa = PBXFileReference; lastKnownFileType = image.png; path = softLight.png; sourceTree = "<group>"; };
		2179F31120BD078900B73822 /* sutroCurves.png */ = {isa = PBXFileReference; lastKnownFileType = image.png; path = sutroCurves.png; sourceTree = "<group>"; };
		2179F31220BD078900B73822 /* sutroEdgeBurn.png */ = {isa = PBXFileReference; lastKnownFileType = image.png; path = sutroEdgeBurn.png; sourceTree = "<group>"; };
		2179F31320BD078900B73822 /* sutroMetal.png */ = {isa = PBXFileReference; lastKnownFileType = image.png; path = sutroMetal.png; sourceTree = "<group>"; };
		2179F31420BD078900B73822 /* vignetteMap.png */ = {isa = PBXFileReference; lastKnownFileType = image.png; path = vignetteMap.png; sourceTree = "<group>"; };
		2179F31620BD078900B73822 /* config.json */ = {isa = PBXFileReference; fileEncoding = 4; lastKnownFileType = text.json; path = config.json; sourceTree = "<group>"; };
		2179F31720BD078900B73822 /* FWToasterFilter.h */ = {isa = PBXFileReference; fileEncoding = 4; lastKnownFileType = sourcecode.c.h; path = FWToasterFilter.h; sourceTree = "<group>"; };
		2179F31820BD078900B73822 /* FWToasterFilter.m */ = {isa = PBXFileReference; fileEncoding = 4; lastKnownFileType = sourcecode.c.objc; path = FWToasterFilter.m; sourceTree = "<group>"; };
		2179F31920BD078900B73822 /* toasterColorShift.png */ = {isa = PBXFileReference; lastKnownFileType = image.png; path = toasterColorShift.png; sourceTree = "<group>"; };
		2179F31A20BD078900B73822 /* toasterCurves.png */ = {isa = PBXFileReference; lastKnownFileType = image.png; path = toasterCurves.png; sourceTree = "<group>"; };
		2179F31B20BD078900B73822 /* toasterMetal.png */ = {isa = PBXFileReference; lastKnownFileType = image.png; path = toasterMetal.png; sourceTree = "<group>"; };
		2179F31C20BD078900B73822 /* toasterOverlayMapWarm.png */ = {isa = PBXFileReference; lastKnownFileType = image.png; path = toasterOverlayMapWarm.png; sourceTree = "<group>"; };
		2179F31D20BD078900B73822 /* toasterSoftLight.png */ = {isa = PBXFileReference; lastKnownFileType = image.png; path = toasterSoftLight.png; sourceTree = "<group>"; };
		2179F31F20BD078900B73822 /* config.json */ = {isa = PBXFileReference; fileEncoding = 4; lastKnownFileType = text.json; path = config.json; sourceTree = "<group>"; };
		2179F32020BD078900B73822 /* FWValenciaFilter.h */ = {isa = PBXFileReference; fileEncoding = 4; lastKnownFileType = sourcecode.c.h; path = FWValenciaFilter.h; sourceTree = "<group>"; };
		2179F32120BD078900B73822 /* FWValenciaFilter.m */ = {isa = PBXFileReference; fileEncoding = 4; lastKnownFileType = sourcecode.c.objc; path = FWValenciaFilter.m; sourceTree = "<group>"; };
		2179F32220BD078900B73822 /* valenciaGradientMap.png */ = {isa = PBXFileReference; lastKnownFileType = image.png; path = valenciaGradientMap.png; sourceTree = "<group>"; };
		2179F32320BD078900B73822 /* valenciaMap.png */ = {isa = PBXFileReference; lastKnownFileType = image.png; path = valenciaMap.png; sourceTree = "<group>"; };
		2179F32520BD078900B73822 /* config.json */ = {isa = PBXFileReference; fileEncoding = 4; lastKnownFileType = text.json; path = config.json; sourceTree = "<group>"; };
		2179F32620BD078900B73822 /* FWWaldenFilter.h */ = {isa = PBXFileReference; fileEncoding = 4; lastKnownFileType = sourcecode.c.h; path = FWWaldenFilter.h; sourceTree = "<group>"; };
		2179F32720BD078900B73822 /* FWWaldenFilter.m */ = {isa = PBXFileReference; fileEncoding = 4; lastKnownFileType = sourcecode.c.objc; path = FWWaldenFilter.m; sourceTree = "<group>"; };
		2179F32820BD078900B73822 /* vignetteMap.png */ = {isa = PBXFileReference; lastKnownFileType = image.png; path = vignetteMap.png; sourceTree = "<group>"; };
		2179F32920BD078900B73822 /* waldenMap.png */ = {isa = PBXFileReference; lastKnownFileType = image.png; path = waldenMap.png; sourceTree = "<group>"; };
		2179F32B20BD078900B73822 /* config.json */ = {isa = PBXFileReference; fileEncoding = 4; lastKnownFileType = text.json; path = config.json; sourceTree = "<group>"; };
		2179F32C20BD078900B73822 /* FWXproIIFilter.h */ = {isa = PBXFileReference; fileEncoding = 4; lastKnownFileType = sourcecode.c.h; path = FWXproIIFilter.h; sourceTree = "<group>"; };
		2179F32D20BD078900B73822 /* FWXproIIFilter.m */ = {isa = PBXFileReference; fileEncoding = 4; lastKnownFileType = sourcecode.c.objc; path = FWXproIIFilter.m; sourceTree = "<group>"; };
		2179F32E20BD078900B73822 /* vignetteMap.png */ = {isa = PBXFileReference; lastKnownFileType = image.png; path = vignetteMap.png; sourceTree = "<group>"; };
		2179F32F20BD078900B73822 /* xproMap.png */ = {isa = PBXFileReference; lastKnownFileType = image.png; path = xproMap.png; sourceTree = "<group>"; };
		2179F38120BD1C9600B73822 /* FilterConfig */ = {isa = PBXFileReference; lastKnownFileType = folder; name = FilterConfig; path = FilterCamera/FilterConfig; sourceTree = "<group>"; };
		2179F38320BD45AE00B73822 /* AnimationFilter.h */ = {isa = PBXFileReference; lastKnownFileType = sourcecode.c.h; path = AnimationFilter.h; sourceTree = "<group>"; };
		2179F38420BD45AE00B73822 /* AnimationFilter.m */ = {isa = PBXFileReference; lastKnownFileType = sourcecode.c.objc; path = AnimationFilter.m; sourceTree = "<group>"; };
		22C562B320BEE2AB0011014A /* qmkit_takephoto_btn@3x.png */ = {isa = PBXFileReference; lastKnownFileType = image.png; path = "qmkit_takephoto_btn@3x.png"; sourceTree = "<group>"; };
		22C562B720C0275C0011014A /* DeviceOrientation.h */ = {isa = PBXFileReference; fileEncoding = 4; lastKnownFileType = sourcecode.c.h; path = DeviceOrientation.h; sourceTree = "<group>"; };
		22C562B820C0275C0011014A /* DeviceOrientation.m */ = {isa = PBXFileReference; fileEncoding = 4; lastKnownFileType = sourcecode.c.objc; path = DeviceOrientation.m; sourceTree = "<group>"; };
		51D1F414044E7FC6FE339144 /* Pods-FilterCamera.debug.xcconfig */ = {isa = PBXFileReference; includeInIndex = 1; lastKnownFileType = text.xcconfig; name = "Pods-FilterCamera.debug.xcconfig"; path = "Pods/Target Support Files/Pods-FilterCamera/Pods-FilterCamera.debug.xcconfig"; sourceTree = "<group>"; };
		C28BC55EB39A6840AB95792C /* libPods-FilterCamera.a */ = {isa = PBXFileReference; explicitFileType = archive.ar; includeInIndex = 0; path = "libPods-FilterCamera.a"; sourceTree = BUILT_PRODUCTS_DIR; };
/* End PBXFileReference section */

/* Begin PBXFrameworksBuildPhase section */
		21570CF920BB8D8B002585CB /* Frameworks */ = {
			isa = PBXFrameworksBuildPhase;
			buildActionMask = 2147483647;
			files = (
				214AB81C20BFF45800D4B73C /* CoreGraphics.framework in Frameworks */,
				214AB81A20BFF45100D4B73C /* CoreMotion.framework in Frameworks */,
				46520FC3277AC77D1B267CA2 /* libPods-FilterCamera.a in Frameworks */,
			);
			runOnlyForDeploymentPostprocessing = 0;
		};
		21570D1120BB8D8B002585CB /* Frameworks */ = {
			isa = PBXFrameworksBuildPhase;
			buildActionMask = 2147483647;
			files = (
			);
			runOnlyForDeploymentPostprocessing = 0;
		};
		21570D1C20BB8D8B002585CB /* Frameworks */ = {
			isa = PBXFrameworksBuildPhase;
			buildActionMask = 2147483647;
			files = (
			);
			runOnlyForDeploymentPostprocessing = 0;
		};
/* End PBXFrameworksBuildPhase section */

/* Begin PBXGroup section */
		214AB80C20BFBE8C00D4B73C /* Vender */ = {
			isa = PBXGroup;
			children = (
				214AB81520BFF41600D4B73C /* Orientation */,
			);
			path = Vender;
			sourceTree = "<group>";
		};
		214AB81120BFC21300D4B73C /* Category */ = {
			isa = PBXGroup;
			children = (
				214AB81220BFC21300D4B73C /* UIImage+Rotate.h */,
				214AB81320BFC21300D4B73C /* UIImage+Rotate.m */,
			);
			path = Category;
			sourceTree = "<group>";
		};
		214AB81520BFF41600D4B73C /* Orientation */ = {
			isa = PBXGroup;
			children = (
				22C562B720C0275C0011014A /* DeviceOrientation.h */,
				22C562B820C0275C0011014A /* DeviceOrientation.m */,
			);
			path = Orientation;
			sourceTree = "<group>";
		};
		21570CF320BB8D8B002585CB = {
			isa = PBXGroup;
			children = (
				2179F38120BD1C9600B73822 /* FilterConfig */,
				2179F22B20BD00F500B73822 /* FilterSource */,
				21570CFE20BB8D8B002585CB /* FilterCamera */,
				21570D1720BB8D8B002585CB /* FilterCameraTests */,
				21570D2220BB8D8B002585CB /* FilterCameraUITests */,
				21570CFD20BB8D8B002585CB /* Products */,
				72D5EB4AEE9C2B950BE5BA90 /* Pods */,
				BAADFFE61C90C61551197A81 /* Frameworks */,
			);
			sourceTree = "<group>";
		};
		21570CFD20BB8D8B002585CB /* Products */ = {
			isa = PBXGroup;
			children = (
				21570CFC20BB8D8B002585CB /* FilterCamera.app */,
				21570D1420BB8D8B002585CB /* FilterCameraTests.xctest */,
				21570D1F20BB8D8B002585CB /* FilterCameraUITests.xctest */,
			);
			name = Products;
			sourceTree = "<group>";
		};
		21570CFE20BB8D8B002585CB /* FilterCamera */ = {
			isa = PBXGroup;
			children = (
				214AB81120BFC21300D4B73C /* Category */,
				214AB80C20BFBE8C00D4B73C /* Vender */,
				21570E1B20BBDFEA002585CB /* Resources */,
				21570E0220BBA887002585CB /* Modules */,
				21570D3120BB9145002585CB /* FilterController */,
				21570CFF20BB8D8B002585CB /* AppDelegate.h */,
				21570D0020BB8D8B002585CB /* AppDelegate.m */,
				21570D0220BB8D8B002585CB /* ViewController.h */,
				21570D0320BB8D8B002585CB /* ViewController.m */,
				2179F38320BD45AE00B73822 /* AnimationFilter.h */,
				2179F38420BD45AE00B73822 /* AnimationFilter.m */,
				21570D0520BB8D8B002585CB /* Main.storyboard */,
				21570D0820BB8D8B002585CB /* Assets.xcassets */,
				21570D0A20BB8D8B002585CB /* LaunchScreen.storyboard */,
				21570D0D20BB8D8B002585CB /* Info.plist */,
				21570D0E20BB8D8B002585CB /* main.m */,
				21570E0120BB934A002585CB /* Coco.pch */,
				21570E1320BBAFCA002585CB /* Macro.h */,
			);
			path = FilterCamera;
			sourceTree = "<group>";
		};
		21570D1720BB8D8B002585CB /* FilterCameraTests */ = {
			isa = PBXGroup;
			children = (
				21570D1820BB8D8B002585CB /* FilterCameraTests.m */,
				21570D1A20BB8D8B002585CB /* Info.plist */,
			);
			path = FilterCameraTests;
			sourceTree = "<group>";
		};
		21570D2220BB8D8B002585CB /* FilterCameraUITests */ = {
			isa = PBXGroup;
			children = (
				21570D2320BB8D8B002585CB /* FilterCameraUITests.m */,
				21570D2520BB8D8B002585CB /* Info.plist */,
			);
			path = FilterCameraUITests;
			sourceTree = "<group>";
		};
		21570D3120BB9145002585CB /* FilterController */ = {
			isa = PBXGroup;
			children = (
				21570D8D20BB9145002585CB /* FWFiveInputFilter.h */,
				21570D8E20BB9145002585CB /* FWFiveInputFilter.m */,
				21570D8F20BB9145002585CB /* FWSixInputFilter.h */,
				21570D9020BB9145002585CB /* FWSixInputFilter.m */,
				21570D9120BB9145002585CB /* GPUImageFourInputFilter.h */,
				21570D9220BB9145002585CB /* GPUImageFourInputFilter.m */,
				21570D9320BB9145002585CB /* HalfGray */,
				21570D9620BB9145002585CB /* HalfSketch */,
				21570D9B20BB9145002585CB /* lut_amatorke */,
				21570DA120BB9145002585CB /* OldPhoto */,
				21570DA420BB9145002585CB /* PhotoFrame */,
				21570DAD20BB9145002585CB /* SimpleSketch */,
			);
			path = FilterController;
			sourceTree = "<group>";
		};
		21570D9320BB9145002585CB /* HalfGray */ = {
			isa = PBXGroup;
			children = (
				21570D9420BB9145002585CB /* YJHalfGrayFilter.h */,
				21570D9520BB9145002585CB /* YJHalfGrayFilter.m */,
			);
			path = HalfGray;
			sourceTree = "<group>";
		};
		21570D9620BB9145002585CB /* HalfSketch */ = {
			isa = PBXGroup;
			children = (
				21570D9720BB9145002585CB /* HalfSketchController.h */,
				21570D9820BB9145002585CB /* HalfSketchController.m */,
				21570D9920BB9145002585CB /* HalfSketchFilter.h */,
				21570D9A20BB9145002585CB /* HalfSketchFilter.m */,
			);
			path = HalfSketch;
			sourceTree = "<group>";
		};
		21570D9B20BB9145002585CB /* lut_amatorke */ = {
			isa = PBXGroup;
			children = (
				21570D9C20BB9145002585CB /* amatorka2.png */,
				21570D9D20BB9145002585CB /* amatorka_action_2.png */,
				21570D9E20BB9145002585CB /* lookup_amatorka.png */,
				21570D9F20BB9145002585CB /* LUTAmatorkaFilter.h */,
				21570DA020BB9145002585CB /* LUTAmatorkaFilter.m */,
			);
			path = lut_amatorke;
			sourceTree = "<group>";
		};
		21570DA120BB9145002585CB /* OldPhoto */ = {
			isa = PBXGroup;
			children = (
				21570DA220BB9145002585CB /* YJOldPhoteFilter.h */,
				21570DA320BB9145002585CB /* YJOldPhoteFilter.m */,
			);
			path = OldPhoto;
			sourceTree = "<group>";
		};
		21570DA420BB9145002585CB /* PhotoFrame */ = {
			isa = PBXGroup;
			children = (
				21570DA520BB9145002585CB /* CustomAlphaBlendFilter.h */,
				21570DA620BB9145002585CB /* CustomAlphaBlendFilter.m */,
				21570DA720BB9145002585CB /* CustomFrameBlendThreeFilter.h */,
				21570DA820BB9145002585CB /* CustomFrameBlendThreeFilter.m */,
				21570DA920BB9145002585CB /* frame.png */,
				21570DAA20BB9145002585CB /* frame1.png */,
				21570DAB20BB9145002585CB /* FrameBlendController.h */,
				21570DAC20BB9145002585CB /* FrameBlendController.m */,
			);
			path = PhotoFrame;
			sourceTree = "<group>";
		};
		21570DAD20BB9145002585CB /* SimpleSketch */ = {
			isa = PBXGroup;
			children = (
				21570DAE20BB9145002585CB /* CustomSketchFilter.h */,
				21570DAF20BB9145002585CB /* CustomSketchFilter.m */,
				21570DB020BB9145002585CB /* SimpleSketchController.h */,
				21570DB120BB9145002585CB /* SimpleSketchController.m */,
			);
			path = SimpleSketch;
			sourceTree = "<group>";
		};
		21570E0220BBA887002585CB /* Modules */ = {
			isa = PBXGroup;
			children = (
				21570E0B20BBA927002585CB /* MainCamera */,
				21570E0320BBA887002585CB /* PublicModules */,
			);
			path = Modules;
			sourceTree = "<group>";
		};
		21570E0320BBA887002585CB /* PublicModules */ = {
			isa = PBXGroup;
			children = (
				21570E1720BBB605002585CB /* ShakeButton */,
				21570E0420BBA887002585CB /* CameraKit */,
			);
			path = PublicModules;
			sourceTree = "<group>";
		};
		21570E0420BBA887002585CB /* CameraKit */ = {
			isa = PBXGroup;
			children = (
				21570E0520BBA8AE002585CB /* COStillCamera.h */,
				21570E0620BBA8AE002585CB /* COStillCamera.m */,
				21570E0820BBA8CF002585CB /* COStillCameraPreview.h */,
				21570E0920BBA8CF002585CB /* COStillCameraPreview.m */,
			);
			path = CameraKit;
			sourceTree = "<group>";
		};
		21570E0B20BBA927002585CB /* MainCamera */ = {
			isa = PBXGroup;
			children = (
				21570E2020BBFD68002585CB /* View */,
				21570E0C20BBA927002585CB /* Controller */,
			);
			path = MainCamera;
			sourceTree = "<group>";
		};
		21570E0C20BBA927002585CB /* Controller */ = {
			isa = PBXGroup;
			children = (
				21570E0D20BBA995002585CB /* COCameraViewController.h */,
				21570E0E20BBA995002585CB /* COCameraViewController.m */,
			);
			path = Controller;
			sourceTree = "<group>";
		};
		21570E1720BBB605002585CB /* ShakeButton */ = {
			isa = PBXGroup;
			children = (
				21570E1820BBC576002585CB /* ShakeButton.h */,
				21570E1920BBC576002585CB /* ShakeButton.m */,
			);
			path = ShakeButton;
			sourceTree = "<group>";
		};
		21570E1B20BBDFEA002585CB /* Resources */ = {
			isa = PBXGroup;
			children = (
				21570E1C20BBDFEA002585CB /* Images */,
			);
			path = Resources;
			sourceTree = "<group>";
		};
		21570E1C20BBDFEA002585CB /* Images */ = {
			isa = PBXGroup;
			children = (
				21570E1D20BBDFEA002585CB /* IconButton */,
			);
			path = Images;
			sourceTree = "<group>";
		};
		21570E1D20BBDFEA002585CB /* IconButton */ = {
			isa = PBXGroup;
			children = (
				22C562B320BEE2AB0011014A /* qmkit_takephoto_btn@3x.png */,
				2179F22320BCDE5800B73822 /* qmkit_fiter_btn@3x.png */,
				21570E1E20BBDFEA002585CB /* qmkit_rotate_btn@3x.png */,
			);
			path = IconButton;
			sourceTree = "<group>";
		};
		21570E2020BBFD68002585CB /* View */ = {
			isa = PBXGroup;
			children = (
				21570E2120BBFDC1002585CB /* COCameraFilterView.h */,
				21570E2220BBFDC1002585CB /* COCameraFilterView.m */,
				2179F22820BCFC7700B73822 /* FilterModel.h */,
				2179F22920BCFC7700B73822 /* FilterModel.m */,
			);
			path = View;
			sourceTree = "<group>";
		};
		2179F22B20BD00F500B73822 /* FilterSource */ = {
			isa = PBXGroup;
			children = (
				2179F2C520BD078900B73822 /* COFilters */,
			);
			name = FilterSource;
			path = FilterCamera/FilterSource;
			sourceTree = "<group>";
		};
		2179F2C520BD078900B73822 /* COFilters */ = {
			isa = PBXGroup;
			children = (
				2179F2C620BD078900B73822 /* fw_amaro_鸡尾酒 */,
				2179F2CD20BD078900B73822 /* fw_brannan_海风 */,
				2179F2D620BD078900B73822 /* fw_earlybird_加菲 */,
				2179F2DE20BD078900B73822 /* fw_hefe_涂鸦 */,
				2179F2E720BD078900B73822 /* fw_hudson_雾夜 */,
				2179F2EE20BD078900B73822 /* fw_Inkwell_历史 */,
				2179F2F320BD078900B73822 /* fw_lomofi_随心 */,
				2179F2F920BD078900B73822 /* fw_nashville_奶昔 */,
				2179F2FE20BD078900B73822 /* fw_rise_暖阳 */,
				2179F30520BD078900B73822 /* fw_sierra_柔暖 */,
				2179F30C20BD078900B73822 /* fw_sutro_丛林 */,
				2179F31520BD078900B73822 /* fw_toaster_依偎 */,
				2179F31E20BD078900B73822 /* fw_valencia_桑迪 */,
				2179F32420BD078900B73822 /* fw_Walden_牛仔 */,
				2179F32A20BD078900B73822 /* fw_XproII_雅熙 */,
			);
			path = COFilters;
			sourceTree = "<group>";
		};
		2179F2C620BD078900B73822 /* fw_amaro_鸡尾酒 */ = {
			isa = PBXGroup;
			children = (
				2179F2C720BD078900B73822 /* amaroMap.png */,
				2179F2C820BD078900B73822 /* blackboard1024.png */,
				2179F2C920BD078900B73822 /* config.json */,
				2179F2CA20BD078900B73822 /* FWAmaroFilter.h */,
				2179F2CB20BD078900B73822 /* FWAmaroFilter.m */,
				2179F2CC20BD078900B73822 /* overlayMap.png */,
			);
			path = "fw_amaro_鸡尾酒";
			sourceTree = "<group>";
		};
		2179F2CD20BD078900B73822 /* fw_brannan_海风 */ = {
			isa = PBXGroup;
			children = (
				2179F2CE20BD078900B73822 /* brannanBlowout.png */,
				2179F2CF20BD078900B73822 /* brannanContrast.png */,
				2179F2D020BD078900B73822 /* brannanLuma.png */,
				2179F2D120BD078900B73822 /* brannanProcess.png */,
				2179F2D220BD078900B73822 /* brannanScreen.png */,
				2179F2D320BD078900B73822 /* config.json */,
				2179F2D420BD078900B73822 /* FWBrannanFilter.h */,
				2179F2D520BD078900B73822 /* FWBrannanFilter.m */,
			);
			path = "fw_brannan_海风";
			sourceTree = "<group>";
		};
		2179F2D620BD078900B73822 /* fw_earlybird_加菲 */ = {
			isa = PBXGroup;
			children = (
				2179F2D720BD078900B73822 /* config.json */,
				2179F2D820BD078900B73822 /* earlybirdBlowout.png */,
				2179F2D920BD078900B73822 /* earlyBirdCurves.png */,
				2179F2DA20BD078900B73822 /* earlybirdMap.png */,
				2179F2DB20BD078900B73822 /* earlybirdOverlayMap.png */,
				2179F2DC20BD078900B73822 /* FWEarlybirdFilter.h */,
				2179F2DD20BD078900B73822 /* FWEarlybirdFilter.m */,
			);
			path = "fw_earlybird_加菲";
			sourceTree = "<group>";
		};
		2179F2DE20BD078900B73822 /* fw_hefe_涂鸦 */ = {
			isa = PBXGroup;
			children = (
				2179F2DF20BD078900B73822 /* config.json */,
				2179F2E020BD078900B73822 /* edgeBurn.png */,
				2179F2E120BD078900B73822 /* FWHefeFilter.h */,
				2179F2E220BD078900B73822 /* FWHefeFilter.m */,
				2179F2E320BD078900B73822 /* hefeGradientMap.png */,
				2179F2E420BD078900B73822 /* hefeMap.png */,
				2179F2E520BD078900B73822 /* hefeMetal.png */,
				2179F2E620BD078900B73822 /* hefeSoftLight.png */,
			);
			path = "fw_hefe_涂鸦";
			sourceTree = "<group>";
		};
		2179F2E720BD078900B73822 /* fw_hudson_雾夜 */ = {
			isa = PBXGroup;
			children = (
				2179F2E820BD078900B73822 /* config.json */,
				2179F2E920BD078900B73822 /* FWHudsonFilter.h */,
				2179F2EA20BD078900B73822 /* FWHudsonFilter.m */,
				2179F2EB20BD078900B73822 /* hudsonBackground.png */,
				2179F2EC20BD078900B73822 /* hudsonMap.png */,
				2179F2ED20BD078900B73822 /* overlayMap.png */,
			);
			path = "fw_hudson_雾夜";
			sourceTree = "<group>";
		};
		2179F2EE20BD078900B73822 /* fw_Inkwell_历史 */ = {
			isa = PBXGroup;
			children = (
				2179F2EF20BD078900B73822 /* config.json */,
				2179F2F020BD078900B73822 /* FWInkwellFilter.h */,
				2179F2F120BD078900B73822 /* FWInkwellFilter.m */,
				2179F2F220BD078900B73822 /* inkwellMap.png */,
			);
			path = "fw_Inkwell_历史";
			sourceTree = "<group>";
		};
		2179F2F320BD078900B73822 /* fw_lomofi_随心 */ = {
			isa = PBXGroup;
			children = (
				2179F2F420BD078900B73822 /* config.json */,
				2179F2F520BD078900B73822 /* FWLomofiFilter.h */,
				2179F2F620BD078900B73822 /* FWLomofiFilter.m */,
				2179F2F720BD078900B73822 /* lomoMap.png */,
				2179F2F820BD078900B73822 /* vignetteMap.png */,
			);
			path = "fw_lomofi_随心";
			sourceTree = "<group>";
		};
		2179F2F920BD078900B73822 /* fw_nashville_奶昔 */ = {
			isa = PBXGroup;
			children = (
				2179F2FA20BD078900B73822 /* config.json */,
				2179F2FB20BD078900B73822 /* FWNashvilleFilter.h */,
				2179F2FC20BD078900B73822 /* FWNashvilleFilter.m */,
				2179F2FD20BD078900B73822 /* nashvilleMap.png */,
			);
			path = "fw_nashville_奶昔";
			sourceTree = "<group>";
		};
		2179F2FE20BD078900B73822 /* fw_rise_暖阳 */ = {
			isa = PBXGroup;
			children = (
				2179F2FF20BD078900B73822 /* blackboard1024.png */,
				2179F30020BD078900B73822 /* config.json */,
				2179F30120BD078900B73822 /* FWRiseFilter.h */,
				2179F30220BD078900B73822 /* FWRiseFilter.m */,
				2179F30320BD078900B73822 /* overlayMap.png */,
				2179F30420BD078900B73822 /* riseMap.png */,
			);
			path = "fw_rise_暖阳";
			sourceTree = "<group>";
		};
		2179F30520BD078900B73822 /* fw_sierra_柔暖 */ = {
			isa = PBXGroup;
			children = (
				2179F30620BD078900B73822 /* config.json */,
				2179F30720BD078900B73822 /* FWSierraFilter.h */,
				2179F30820BD078900B73822 /* FWSierraFilter.m */,
				2179F30920BD078900B73822 /* overlayMap.png */,
				2179F30A20BD078900B73822 /* sierraMap.png */,
				2179F30B20BD078900B73822 /* sierraVignette.png */,
			);
			path = "fw_sierra_柔暖";
			sourceTree = "<group>";
		};
		2179F30C20BD078900B73822 /* fw_sutro_丛林 */ = {
			isa = PBXGroup;
			children = (
				2179F30D20BD078900B73822 /* config.json */,
				2179F30E20BD078900B73822 /* FWSutroFilter.h */,
				2179F30F20BD078900B73822 /* FWSutroFilter.m */,
				2179F31020BD078900B73822 /* softLight.png */,
				2179F31120BD078900B73822 /* sutroCurves.png */,
				2179F31220BD078900B73822 /* sutroEdgeBurn.png */,
				2179F31320BD078900B73822 /* sutroMetal.png */,
				2179F31420BD078900B73822 /* vignetteMap.png */,
			);
			path = "fw_sutro_丛林";
			sourceTree = "<group>";
		};
		2179F31520BD078900B73822 /* fw_toaster_依偎 */ = {
			isa = PBXGroup;
			children = (
				2179F31620BD078900B73822 /* config.json */,
				2179F31720BD078900B73822 /* FWToasterFilter.h */,
				2179F31820BD078900B73822 /* FWToasterFilter.m */,
				2179F31920BD078900B73822 /* toasterColorShift.png */,
				2179F31A20BD078900B73822 /* toasterCurves.png */,
				2179F31B20BD078900B73822 /* toasterMetal.png */,
				2179F31C20BD078900B73822 /* toasterOverlayMapWarm.png */,
				2179F31D20BD078900B73822 /* toasterSoftLight.png */,
			);
			path = "fw_toaster_依偎";
			sourceTree = "<group>";
		};
		2179F31E20BD078900B73822 /* fw_valencia_桑迪 */ = {
			isa = PBXGroup;
			children = (
				2179F31F20BD078900B73822 /* config.json */,
				2179F32020BD078900B73822 /* FWValenciaFilter.h */,
				2179F32120BD078900B73822 /* FWValenciaFilter.m */,
				2179F32220BD078900B73822 /* valenciaGradientMap.png */,
				2179F32320BD078900B73822 /* valenciaMap.png */,
			);
			path = "fw_valencia_桑迪";
			sourceTree = "<group>";
		};
		2179F32420BD078900B73822 /* fw_Walden_牛仔 */ = {
			isa = PBXGroup;
			children = (
				2179F32520BD078900B73822 /* config.json */,
				2179F32620BD078900B73822 /* FWWaldenFilter.h */,
				2179F32720BD078900B73822 /* FWWaldenFilter.m */,
				2179F32820BD078900B73822 /* vignetteMap.png */,
				2179F32920BD078900B73822 /* waldenMap.png */,
			);
			path = "fw_Walden_牛仔";
			sourceTree = "<group>";
		};
		2179F32A20BD078900B73822 /* fw_XproII_雅熙 */ = {
			isa = PBXGroup;
			children = (
				2179F32B20BD078900B73822 /* config.json */,
				2179F32C20BD078900B73822 /* FWXproIIFilter.h */,
				2179F32D20BD078900B73822 /* FWXproIIFilter.m */,
				2179F32E20BD078900B73822 /* vignetteMap.png */,
				2179F32F20BD078900B73822 /* xproMap.png */,
			);
			path = "fw_XproII_雅熙";
			sourceTree = "<group>";
		};
		72D5EB4AEE9C2B950BE5BA90 /* Pods */ = {
			isa = PBXGroup;
			children = (
				51D1F414044E7FC6FE339144 /* Pods-FilterCamera.debug.xcconfig */,
				1615DFB7149362BBBCE8FCD7 /* Pods-FilterCamera.release.xcconfig */,
			);
			name = Pods;
			sourceTree = "<group>";
		};
		BAADFFE61C90C61551197A81 /* Frameworks */ = {
			isa = PBXGroup;
			children = (
				214AB81B20BFF45800D4B73C /* CoreGraphics.framework */,
				214AB81920BFF45100D4B73C /* CoreMotion.framework */,
				C28BC55EB39A6840AB95792C /* libPods-FilterCamera.a */,
			);
			name = Frameworks;
			sourceTree = "<group>";
		};
/* End PBXGroup section */

/* Begin PBXNativeTarget section */
		21570CFB20BB8D8B002585CB /* FilterCamera */ = {
			isa = PBXNativeTarget;
			buildConfigurationList = 21570D2820BB8D8B002585CB /* Build configuration list for PBXNativeTarget "FilterCamera" */;
			buildPhases = (
				099182A886D02296A8AB17FB /* [CP] Check Pods Manifest.lock */,
				21570CF820BB8D8B002585CB /* Sources */,
				21570CF920BB8D8B002585CB /* Frameworks */,
				21570CFA20BB8D8B002585CB /* Resources */,
				8B7D36C5EE2290EAE6E2ACBB /* [CP] Embed Pods Frameworks */,
				3423209EE795D7CFE36CA79D /* [CP] Copy Pods Resources */,
			);
			buildRules = (
			);
			dependencies = (
			);
			name = FilterCamera;
			productName = FilterCamera;
			productReference = 21570CFC20BB8D8B002585CB /* FilterCamera.app */;
			productType = "com.apple.product-type.application";
		};
		21570D1320BB8D8B002585CB /* FilterCameraTests */ = {
			isa = PBXNativeTarget;
			buildConfigurationList = 21570D2B20BB8D8B002585CB /* Build configuration list for PBXNativeTarget "FilterCameraTests" */;
			buildPhases = (
				21570D1020BB8D8B002585CB /* Sources */,
				21570D1120BB8D8B002585CB /* Frameworks */,
				21570D1220BB8D8B002585CB /* Resources */,
			);
			buildRules = (
			);
			dependencies = (
				21570D1620BB8D8B002585CB /* PBXTargetDependency */,
			);
			name = FilterCameraTests;
			productName = FilterCameraTests;
			productReference = 21570D1420BB8D8B002585CB /* FilterCameraTests.xctest */;
			productType = "com.apple.product-type.bundle.unit-test";
		};
		21570D1E20BB8D8B002585CB /* FilterCameraUITests */ = {
			isa = PBXNativeTarget;
			buildConfigurationList = 21570D2E20BB8D8B002585CB /* Build configuration list for PBXNativeTarget "FilterCameraUITests" */;
			buildPhases = (
				21570D1B20BB8D8B002585CB /* Sources */,
				21570D1C20BB8D8B002585CB /* Frameworks */,
				21570D1D20BB8D8B002585CB /* Resources */,
			);
			buildRules = (
			);
			dependencies = (
				21570D2120BB8D8B002585CB /* PBXTargetDependency */,
			);
			name = FilterCameraUITests;
			productName = FilterCameraUITests;
			productReference = 21570D1F20BB8D8B002585CB /* FilterCameraUITests.xctest */;
			productType = "com.apple.product-type.bundle.ui-testing";
		};
/* End PBXNativeTarget section */

/* Begin PBXProject section */
		21570CF420BB8D8B002585CB /* Project object */ = {
			isa = PBXProject;
			attributes = {
				LastUpgradeCheck = 0920;
				ORGANIZATIONNAME = wan;
				TargetAttributes = {
					21570CFB20BB8D8B002585CB = {
						CreatedOnToolsVersion = 9.2;
						ProvisioningStyle = Automatic;
					};
					21570D1320BB8D8B002585CB = {
						CreatedOnToolsVersion = 9.2;
						ProvisioningStyle = Automatic;
						TestTargetID = 21570CFB20BB8D8B002585CB;
					};
					21570D1E20BB8D8B002585CB = {
						CreatedOnToolsVersion = 9.2;
						ProvisioningStyle = Automatic;
						TestTargetID = 21570CFB20BB8D8B002585CB;
					};
				};
			};
			buildConfigurationList = 21570CF720BB8D8B002585CB /* Build configuration list for PBXProject "FilterCamera" */;
			compatibilityVersion = "Xcode 8.0";
			developmentRegion = en;
			hasScannedForEncodings = 0;
			knownRegions = (
				en,
				Base,
			);
			mainGroup = 21570CF320BB8D8B002585CB;
			productRefGroup = 21570CFD20BB8D8B002585CB /* Products */;
			projectDirPath = "";
			projectRoot = "";
			targets = (
				21570CFB20BB8D8B002585CB /* FilterCamera */,
				21570D1320BB8D8B002585CB /* FilterCameraTests */,
				21570D1E20BB8D8B002585CB /* FilterCameraUITests */,
			);
		};
/* End PBXProject section */

/* Begin PBXResourcesBuildPhase section */
		21570CFA20BB8D8B002585CB /* Resources */ = {
			isa = PBXResourcesBuildPhase;
			buildActionMask = 2147483647;
			files = (
				2179F36E20BD078900B73822 /* toasterOverlayMapWarm.png in Resources */,
				21570DF520BB9145002585CB /* amatorka2.png in Resources */,
				2179F33120BD078900B73822 /* blackboard1024.png in Resources */,
				22C562B420BEE2AC0011014A /* qmkit_takephoto_btn@3x.png in Resources */,
				2179F36F20BD078900B73822 /* toasterSoftLight.png in Resources */,
				2179F35520BD078900B73822 /* config.json in Resources */,
				2179F34520BD078900B73822 /* hefeGradientMap.png in Resources */,
				2179F37A20BD078900B73822 /* vignetteMap.png in Resources */,
				2179F33020BD078900B73822 /* amaroMap.png in Resources */,
				2179F36720BD078900B73822 /* sutroMetal.png in Resources */,
				2179F36820BD078900B73822 /* vignetteMap.png in Resources */,
				2179F37620BD078900B73822 /* vignetteMap.png in Resources */,
				2179F35B20BD078900B73822 /* overlayMap.png in Resources */,
				2179F33E20BD078900B73822 /* earlyBirdCurves.png in Resources */,
				2179F36C20BD078900B73822 /* toasterCurves.png in Resources */,
				21570E1F20BBDFEA002585CB /* qmkit_rotate_btn@3x.png in Resources */,
				2179F35420BD078900B73822 /* vignetteMap.png in Resources */,
				2179F36D20BD078900B73822 /* toasterMetal.png in Resources */,
				2179F36120BD078900B73822 /* sierraVignette.png in Resources */,
				2179F37820BD078900B73822 /* config.json in Resources */,
				2179F33620BD078900B73822 /* brannanContrast.png in Resources */,
				2179F34720BD078900B73822 /* hefeMetal.png in Resources */,
				2179F36420BD078900B73822 /* softLight.png in Resources */,
				2179F36020BD078900B73822 /* sierraMap.png in Resources */,
				2179F34320BD078900B73822 /* edgeBurn.png in Resources */,
				2179F35120BD078900B73822 /* config.json in Resources */,
				2179F34920BD078900B73822 /* config.json in Resources */,
				2179F35920BD078900B73822 /* config.json in Resources */,
				2179F37720BD078900B73822 /* waldenMap.png in Resources */,
				2179F33720BD078900B73822 /* brannanLuma.png in Resources */,
				2179F37220BD078900B73822 /* valenciaGradientMap.png in Resources */,
				21570DFD20BB9145002585CB /* frame1.png in Resources */,
				2179F35F20BD078900B73822 /* overlayMap.png in Resources */,
				2179F38220BD1C9600B73822 /* FilterConfig in Resources */,
				2179F34820BD078900B73822 /* hefeSoftLight.png in Resources */,
				2179F36520BD078900B73822 /* sutroCurves.png in Resources */,
				21570DFC20BB9145002585CB /* frame.png in Resources */,
				2179F34220BD078900B73822 /* config.json in Resources */,
				2179F33920BD078900B73822 /* brannanScreen.png in Resources */,
				2179F35720BD078900B73822 /* nashvilleMap.png in Resources */,
				2179F33D20BD078900B73822 /* earlybirdBlowout.png in Resources */,
				2179F37420BD078900B73822 /* config.json in Resources */,
				21570D0C20BB8D8B002585CB /* LaunchScreen.storyboard in Resources */,
				21570DF620BB9145002585CB /* amatorka_action_2.png in Resources */,
				2179F33520BD078900B73822 /* brannanBlowout.png in Resources */,
				2179F34D20BD078900B73822 /* overlayMap.png in Resources */,
				21570D0920BB8D8B002585CB /* Assets.xcassets in Resources */,
				2179F33220BD078900B73822 /* config.json in Resources */,
				2179F33C20BD078900B73822 /* config.json in Resources */,
				2179F37320BD078900B73822 /* valenciaMap.png in Resources */,
				2179F34C20BD078900B73822 /* hudsonMap.png in Resources */,
				21570DF720BB9145002585CB /* lookup_amatorka.png in Resources */,
				2179F34020BD078900B73822 /* earlybirdOverlayMap.png in Resources */,
				21570D0720BB8D8B002585CB /* Main.storyboard in Resources */,
				2179F34620BD078900B73822 /* hefeMap.png in Resources */,
				2179F35320BD078900B73822 /* lomoMap.png in Resources */,
				2179F34E20BD078900B73822 /* config.json in Resources */,
				2179F22420BCDE5800B73822 /* qmkit_fiter_btn@3x.png in Resources */,
				2179F35020BD078900B73822 /* inkwellMap.png in Resources */,
				2179F33A20BD078900B73822 /* config.json in Resources */,
				2179F36920BD078900B73822 /* config.json in Resources */,
				2179F33820BD078900B73822 /* brannanProcess.png in Resources */,
				2179F35C20BD078900B73822 /* riseMap.png in Resources */,
				2179F33420BD078900B73822 /* overlayMap.png in Resources */,
				2179F35D20BD078900B73822 /* config.json in Resources */,
				2179F37020BD078900B73822 /* config.json in Resources */,
				2179F33F20BD078900B73822 /* earlybirdMap.png in Resources */,
				2179F35820BD078900B73822 /* blackboard1024.png in Resources */,
				2179F36620BD078900B73822 /* sutroEdgeBurn.png in Resources */,
				2179F36B20BD078900B73822 /* toasterColorShift.png in Resources */,
				2179F34B20BD078900B73822 /* hudsonBackground.png in Resources */,
				2179F36220BD078900B73822 /* config.json in Resources */,
				2179F37B20BD078900B73822 /* xproMap.png in Resources */,
			);
			runOnlyForDeploymentPostprocessing = 0;
		};
		21570D1220BB8D8B002585CB /* Resources */ = {
			isa = PBXResourcesBuildPhase;
			buildActionMask = 2147483647;
			files = (
			);
			runOnlyForDeploymentPostprocessing = 0;
		};
		21570D1D20BB8D8B002585CB /* Resources */ = {
			isa = PBXResourcesBuildPhase;
			buildActionMask = 2147483647;
			files = (
			);
			runOnlyForDeploymentPostprocessing = 0;
		};
/* End PBXResourcesBuildPhase section */

/* Begin PBXShellScriptBuildPhase section */
		099182A886D02296A8AB17FB /* [CP] Check Pods Manifest.lock */ = {
			isa = PBXShellScriptBuildPhase;
			buildActionMask = 2147483647;
			files = (
			);
			inputPaths = (
				"${PODS_PODFILE_DIR_PATH}/Podfile.lock",
				"${PODS_ROOT}/Manifest.lock",
			);
			name = "[CP] Check Pods Manifest.lock";
			outputPaths = (
				"$(DERIVED_FILE_DIR)/Pods-FilterCamera-checkManifestLockResult.txt",
			);
			runOnlyForDeploymentPostprocessing = 0;
			shellPath = /bin/sh;
			shellScript = "diff \"${PODS_PODFILE_DIR_PATH}/Podfile.lock\" \"${PODS_ROOT}/Manifest.lock\" > /dev/null\nif [ $? != 0 ] ; then\n    # print error to STDERR\n    echo \"error: The sandbox is not in sync with the Podfile.lock. Run 'pod install' or update your CocoaPods installation.\" >&2\n    exit 1\nfi\n# This output is used by Xcode 'outputs' to avoid re-running this script phase.\necho \"SUCCESS\" > \"${SCRIPT_OUTPUT_FILE_0}\"\n";
			showEnvVarsInLog = 0;
		};
		3423209EE795D7CFE36CA79D /* [CP] Copy Pods Resources */ = {
			isa = PBXShellScriptBuildPhase;
			buildActionMask = 2147483647;
			files = (
			);
			inputPaths = (
				"${SRCROOT}/Pods/Target Support Files/Pods-FilterCamera/Pods-FilterCamera-resources.sh",
				"${PODS_ROOT}/GPUImage/framework/Resources/lookup.png",
				"${PODS_ROOT}/GPUImage/framework/Resources/lookup_amatorka.png",
				"${PODS_ROOT}/GPUImage/framework/Resources/lookup_miss_etikate.png",
				"${PODS_ROOT}/GPUImage/framework/Resources/lookup_soft_elegance_1.png",
				"${PODS_ROOT}/GPUImage/framework/Resources/lookup_soft_elegance_2.png",
			);
			name = "[CP] Copy Pods Resources";
			outputPaths = (
				"${TARGET_BUILD_DIR}/${UNLOCALIZED_RESOURCES_FOLDER_PATH}/lookup.png",
				"${TARGET_BUILD_DIR}/${UNLOCALIZED_RESOURCES_FOLDER_PATH}/lookup_amatorka.png",
				"${TARGET_BUILD_DIR}/${UNLOCALIZED_RESOURCES_FOLDER_PATH}/lookup_miss_etikate.png",
				"${TARGET_BUILD_DIR}/${UNLOCALIZED_RESOURCES_FOLDER_PATH}/lookup_soft_elegance_1.png",
				"${TARGET_BUILD_DIR}/${UNLOCALIZED_RESOURCES_FOLDER_PATH}/lookup_soft_elegance_2.png",
			);
			runOnlyForDeploymentPostprocessing = 0;
			shellPath = /bin/sh;
			shellScript = "\"${SRCROOT}/Pods/Target Support Files/Pods-FilterCamera/Pods-FilterCamera-resources.sh\"\n";
			showEnvVarsInLog = 0;
		};
		8B7D36C5EE2290EAE6E2ACBB /* [CP] Embed Pods Frameworks */ = {
			isa = PBXShellScriptBuildPhase;
			buildActionMask = 2147483647;
			files = (
			);
			inputPaths = (
			);
			name = "[CP] Embed Pods Frameworks";
			outputPaths = (
			);
			runOnlyForDeploymentPostprocessing = 0;
			shellPath = /bin/sh;
			shellScript = "\"${SRCROOT}/Pods/Target Support Files/Pods-FilterCamera/Pods-FilterCamera-frameworks.sh\"\n";
			showEnvVarsInLog = 0;
		};
/* End PBXShellScriptBuildPhase section */

/* Begin PBXSourcesBuildPhase section */
		21570CF820BB8D8B002585CB /* Sources */ = {
			isa = PBXSourcesBuildPhase;
			buildActionMask = 2147483647;
			files = (
				21570DF020BB9145002585CB /* FWSixInputFilter.m in Sources */,
				2179F36A20BD078900B73822 /* FWToasterFilter.m in Sources */,
				2179F36320BD078900B73822 /* FWSutroFilter.m in Sources */,
				21570D0420BB8D8B002585CB /* ViewController.m in Sources */,
				21570E0A20BBA8CF002585CB /* COStillCameraPreview.m in Sources */,
				2179F37520BD078900B73822 /* FWWaldenFilter.m in Sources */,
				21570E1A20BBC576002585CB /* ShakeButton.m in Sources */,
				2179F35A20BD078900B73822 /* FWRiseFilter.m in Sources */,
				21570D0F20BB8D8B002585CB /* main.m in Sources */,
				21570DF320BB9145002585CB /* HalfSketchController.m in Sources */,
				22C562B920C0275C0011014A /* DeviceOrientation.m in Sources */,
				2179F34A20BD078900B73822 /* FWHudsonFilter.m in Sources */,
				21570E0F20BBA995002585CB /* COCameraViewController.m in Sources */,
				2179F22A20BCFC7700B73822 /* FilterModel.m in Sources */,
				21570DFA20BB9145002585CB /* CustomAlphaBlendFilter.m in Sources */,
				21570DF120BB9145002585CB /* GPUImageFourInputFilter.m in Sources */,
				2179F34120BD078900B73822 /* FWEarlybirdFilter.m in Sources */,
				21570DEF20BB9145002585CB /* FWFiveInputFilter.m in Sources */,
				2179F34F20BD078900B73822 /* FWInkwellFilter.m in Sources */,
				21570E0720BBA8AE002585CB /* COStillCamera.m in Sources */,
				21570DFF20BB9145002585CB /* CustomSketchFilter.m in Sources */,
				2179F34420BD078900B73822 /* FWHefeFilter.m in Sources */,
				2179F37920BD078900B73822 /* FWXproIIFilter.m in Sources */,
				21570DF220BB9145002585CB /* YJHalfGrayFilter.m in Sources */,
				21570E0020BB9145002585CB /* SimpleSketchController.m in Sources */,
				2179F35E20BD078900B73822 /* FWSierraFilter.m in Sources */,
				21570DF820BB9145002585CB /* LUTAmatorkaFilter.m in Sources */,
				2179F37120BD078900B73822 /* FWValenciaFilter.m in Sources */,
				21570DFE20BB9145002585CB /* FrameBlendController.m in Sources */,
				21570DF420BB9145002585CB /* HalfSketchFilter.m in Sources */,
				21570D0120BB8D8B002585CB /* AppDelegate.m in Sources */,
				2179F38520BD45AE00B73822 /* AnimationFilter.m in Sources */,
				21570E2320BBFDC1002585CB /* COCameraFilterView.m in Sources */,
				2179F33320BD078900B73822 /* FWAmaroFilter.m in Sources */,
				21570DFB20BB9145002585CB /* CustomFrameBlendThreeFilter.m in Sources */,
				21570DF920BB9145002585CB /* YJOldPhoteFilter.m in Sources */,
				2179F35620BD078900B73822 /* FWNashvilleFilter.m in Sources */,
				2179F35220BD078900B73822 /* FWLomofiFilter.m in Sources */,
				214AB81420BFC21300D4B73C /* UIImage+Rotate.m in Sources */,
				2179F33B20BD078900B73822 /* FWBrannanFilter.m in Sources */,
			);
			runOnlyForDeploymentPostprocessing = 0;
		};
		21570D1020BB8D8B002585CB /* Sources */ = {
			isa = PBXSourcesBuildPhase;
			buildActionMask = 2147483647;
			files = (
				21570D1920BB8D8B002585CB /* FilterCameraTests.m in Sources */,
			);
			runOnlyForDeploymentPostprocessing = 0;
		};
		21570D1B20BB8D8B002585CB /* Sources */ = {
			isa = PBXSourcesBuildPhase;
			buildActionMask = 2147483647;
			files = (
				21570D2420BB8D8B002585CB /* FilterCameraUITests.m in Sources */,
			);
			runOnlyForDeploymentPostprocessing = 0;
		};
/* End PBXSourcesBuildPhase section */

/* Begin PBXTargetDependency section */
		21570D1620BB8D8B002585CB /* PBXTargetDependency */ = {
			isa = PBXTargetDependency;
			target = 21570CFB20BB8D8B002585CB /* FilterCamera */;
			targetProxy = 21570D1520BB8D8B002585CB /* PBXContainerItemProxy */;
		};
		21570D2120BB8D8B002585CB /* PBXTargetDependency */ = {
			isa = PBXTargetDependency;
			target = 21570CFB20BB8D8B002585CB /* FilterCamera */;
			targetProxy = 21570D2020BB8D8B002585CB /* PBXContainerItemProxy */;
		};
/* End PBXTargetDependency section */

/* Begin PBXVariantGroup section */
		21570D0520BB8D8B002585CB /* Main.storyboard */ = {
			isa = PBXVariantGroup;
			children = (
				21570D0620BB8D8B002585CB /* Base */,
			);
			name = Main.storyboard;
			sourceTree = "<group>";
		};
		21570D0A20BB8D8B002585CB /* LaunchScreen.storyboard */ = {
			isa = PBXVariantGroup;
			children = (
				21570D0B20BB8D8B002585CB /* Base */,
			);
			name = LaunchScreen.storyboard;
			sourceTree = "<group>";
		};
/* End PBXVariantGroup section */

/* Begin XCBuildConfiguration section */
		21570D2620BB8D8B002585CB /* Debug */ = {
			isa = XCBuildConfiguration;
			buildSettings = {
				ALWAYS_SEARCH_USER_PATHS = NO;
				CLANG_ANALYZER_NONNULL = YES;
				CLANG_ANALYZER_NUMBER_OBJECT_CONVERSION = YES_AGGRESSIVE;
				CLANG_CXX_LANGUAGE_STANDARD = "gnu++14";
				CLANG_CXX_LIBRARY = "libc++";
				CLANG_ENABLE_MODULES = YES;
				CLANG_ENABLE_OBJC_ARC = YES;
				CLANG_WARN_BLOCK_CAPTURE_AUTORELEASING = YES;
				CLANG_WARN_BOOL_CONVERSION = YES;
				CLANG_WARN_COMMA = YES;
				CLANG_WARN_CONSTANT_CONVERSION = YES;
				CLANG_WARN_DIRECT_OBJC_ISA_USAGE = YES_ERROR;
				CLANG_WARN_DOCUMENTATION_COMMENTS = YES;
				CLANG_WARN_EMPTY_BODY = YES;
				CLANG_WARN_ENUM_CONVERSION = YES;
				CLANG_WARN_INFINITE_RECURSION = YES;
				CLANG_WARN_INT_CONVERSION = YES;
				CLANG_WARN_NON_LITERAL_NULL_CONVERSION = YES;
				CLANG_WARN_OBJC_LITERAL_CONVERSION = YES;
				CLANG_WARN_OBJC_ROOT_CLASS = YES_ERROR;
				CLANG_WARN_RANGE_LOOP_ANALYSIS = YES;
				CLANG_WARN_STRICT_PROTOTYPES = YES;
				CLANG_WARN_SUSPICIOUS_MOVE = YES;
				CLANG_WARN_UNGUARDED_AVAILABILITY = YES_AGGRESSIVE;
				CLANG_WARN_UNREACHABLE_CODE = YES;
				CLANG_WARN__DUPLICATE_METHOD_MATCH = YES;
				CODE_SIGN_IDENTITY = "iPhone Developer";
				COPY_PHASE_STRIP = NO;
				DEBUG_INFORMATION_FORMAT = dwarf;
				ENABLE_STRICT_OBJC_MSGSEND = YES;
				ENABLE_TESTABILITY = YES;
				GCC_C_LANGUAGE_STANDARD = gnu11;
				GCC_DYNAMIC_NO_PIC = NO;
				GCC_NO_COMMON_BLOCKS = YES;
				GCC_OPTIMIZATION_LEVEL = 0;
				GCC_PREPROCESSOR_DEFINITIONS = (
					"DEBUG=1",
					"$(inherited)",
				);
				GCC_WARN_64_TO_32_BIT_CONVERSION = YES;
				GCC_WARN_ABOUT_RETURN_TYPE = YES_ERROR;
				GCC_WARN_UNDECLARED_SELECTOR = YES;
				GCC_WARN_UNINITIALIZED_AUTOS = YES_AGGRESSIVE;
				GCC_WARN_UNUSED_FUNCTION = YES;
				GCC_WARN_UNUSED_VARIABLE = YES;
				IPHONEOS_DEPLOYMENT_TARGET = 11.2;
				MTL_ENABLE_DEBUG_INFO = YES;
				ONLY_ACTIVE_ARCH = YES;
				SDKROOT = iphoneos;
			};
			name = Debug;
		};
		21570D2720BB8D8B002585CB /* Release */ = {
			isa = XCBuildConfiguration;
			buildSettings = {
				ALWAYS_SEARCH_USER_PATHS = NO;
				CLANG_ANALYZER_NONNULL = YES;
				CLANG_ANALYZER_NUMBER_OBJECT_CONVERSION = YES_AGGRESSIVE;
				CLANG_CXX_LANGUAGE_STANDARD = "gnu++14";
				CLANG_CXX_LIBRARY = "libc++";
				CLANG_ENABLE_MODULES = YES;
				CLANG_ENABLE_OBJC_ARC = YES;
				CLANG_WARN_BLOCK_CAPTURE_AUTORELEASING = YES;
				CLANG_WARN_BOOL_CONVERSION = YES;
				CLANG_WARN_COMMA = YES;
				CLANG_WARN_CONSTANT_CONVERSION = YES;
				CLANG_WARN_DIRECT_OBJC_ISA_USAGE = YES_ERROR;
				CLANG_WARN_DOCUMENTATION_COMMENTS = YES;
				CLANG_WARN_EMPTY_BODY = YES;
				CLANG_WARN_ENUM_CONVERSION = YES;
				CLANG_WARN_INFINITE_RECURSION = YES;
				CLANG_WARN_INT_CONVERSION = YES;
				CLANG_WARN_NON_LITERAL_NULL_CONVERSION = YES;
				CLANG_WARN_OBJC_LITERAL_CONVERSION = YES;
				CLANG_WARN_OBJC_ROOT_CLASS = YES_ERROR;
				CLANG_WARN_RANGE_LOOP_ANALYSIS = YES;
				CLANG_WARN_STRICT_PROTOTYPES = YES;
				CLANG_WARN_SUSPICIOUS_MOVE = YES;
				CLANG_WARN_UNGUARDED_AVAILABILITY = YES_AGGRESSIVE;
				CLANG_WARN_UNREACHABLE_CODE = YES;
				CLANG_WARN__DUPLICATE_METHOD_MATCH = YES;
				CODE_SIGN_IDENTITY = "iPhone Developer";
				COPY_PHASE_STRIP = NO;
				DEBUG_INFORMATION_FORMAT = "dwarf-with-dsym";
				ENABLE_NS_ASSERTIONS = NO;
				ENABLE_STRICT_OBJC_MSGSEND = YES;
				GCC_C_LANGUAGE_STANDARD = gnu11;
				GCC_NO_COMMON_BLOCKS = YES;
				GCC_WARN_64_TO_32_BIT_CONVERSION = YES;
				GCC_WARN_ABOUT_RETURN_TYPE = YES_ERROR;
				GCC_WARN_UNDECLARED_SELECTOR = YES;
				GCC_WARN_UNINITIALIZED_AUTOS = YES_AGGRESSIVE;
				GCC_WARN_UNUSED_FUNCTION = YES;
				GCC_WARN_UNUSED_VARIABLE = YES;
				IPHONEOS_DEPLOYMENT_TARGET = 11.2;
				MTL_ENABLE_DEBUG_INFO = NO;
				SDKROOT = iphoneos;
				VALIDATE_PRODUCT = YES;
			};
			name = Release;
		};
		21570D2920BB8D8B002585CB /* Debug */ = {
			isa = XCBuildConfiguration;
			baseConfigurationReference = 51D1F414044E7FC6FE339144 /* Pods-FilterCamera.debug.xcconfig */;
			buildSettings = {
				ASSETCATALOG_COMPILER_APPICON_NAME = AppIcon;
				CODE_SIGN_STYLE = Automatic;
				DEVELOPMENT_TEAM = GN2K929UC4;
				GCC_PRECOMPILE_PREFIX_HEADER = YES;
				GCC_PREFIX_HEADER = "$(SRCROOT)/FilterCamera/Coco.pch";
				INFOPLIST_FILE = FilterCamera/Info.plist;
				LD_RUNPATH_SEARCH_PATHS = "$(inherited) @executable_path/Frameworks";
				PRODUCT_BUNDLE_IDENTIFIER = com.wan.test.FilterCamera;
				PRODUCT_NAME = "$(TARGET_NAME)";
				TARGETED_DEVICE_FAMILY = "1,2";
			};
			name = Debug;
		};
		21570D2A20BB8D8B002585CB /* Release */ = {
			isa = XCBuildConfiguration;
			baseConfigurationReference = 1615DFB7149362BBBCE8FCD7 /* Pods-FilterCamera.release.xcconfig */;
			buildSettings = {
				ASSETCATALOG_COMPILER_APPICON_NAME = AppIcon;
				CODE_SIGN_STYLE = Automatic;
				DEVELOPMENT_TEAM = GN2K929UC4;
				GCC_PRECOMPILE_PREFIX_HEADER = YES;
				GCC_PREFIX_HEADER = "$(SRCROOT)/FilterCamera/Coco.pch";
				INFOPLIST_FILE = FilterCamera/Info.plist;
				LD_RUNPATH_SEARCH_PATHS = "$(inherited) @executable_path/Frameworks";
				PRODUCT_BUNDLE_IDENTIFIER = com.wan.test.FilterCamera;
				PRODUCT_NAME = "$(TARGET_NAME)";
				TARGETED_DEVICE_FAMILY = "1,2";
			};
			name = Release;
		};
		21570D2C20BB8D8B002585CB /* Debug */ = {
			isa = XCBuildConfiguration;
			buildSettings = {
				BUNDLE_LOADER = "$(TEST_HOST)";
				CODE_SIGN_STYLE = Automatic;
				DEVELOPMENT_TEAM = L2QMMRR2HG;
				INFOPLIST_FILE = FilterCameraTests/Info.plist;
				LD_RUNPATH_SEARCH_PATHS = "$(inherited) @executable_path/Frameworks @loader_path/Frameworks";
				PRODUCT_BUNDLE_IDENTIFIER = com.wan.test.FilterCameraTests;
				PRODUCT_NAME = "$(TARGET_NAME)";
				TARGETED_DEVICE_FAMILY = "1,2";
				TEST_HOST = "$(BUILT_PRODUCTS_DIR)/FilterCamera.app/FilterCamera";
			};
			name = Debug;
		};
		21570D2D20BB8D8B002585CB /* Release */ = {
			isa = XCBuildConfiguration;
			buildSettings = {
				BUNDLE_LOADER = "$(TEST_HOST)";
				CODE_SIGN_STYLE = Automatic;
				DEVELOPMENT_TEAM = L2QMMRR2HG;
				INFOPLIST_FILE = FilterCameraTests/Info.plist;
				LD_RUNPATH_SEARCH_PATHS = "$(inherited) @executable_path/Frameworks @loader_path/Frameworks";
				PRODUCT_BUNDLE_IDENTIFIER = com.wan.test.FilterCameraTests;
				PRODUCT_NAME = "$(TARGET_NAME)";
				TARGETED_DEVICE_FAMILY = "1,2";
				TEST_HOST = "$(BUILT_PRODUCTS_DIR)/FilterCamera.app/FilterCamera";
			};
			name = Release;
		};
		21570D2F20BB8D8B002585CB /* Debug */ = {
			isa = XCBuildConfiguration;
			buildSettings = {
				CODE_SIGN_STYLE = Automatic;
				DEVELOPMENT_TEAM = L2QMMRR2HG;
				INFOPLIST_FILE = FilterCameraUITests/Info.plist;
				LD_RUNPATH_SEARCH_PATHS = "$(inherited) @executable_path/Frameworks @loader_path/Frameworks";
				PRODUCT_BUNDLE_IDENTIFIER = com.wan.test.FilterCameraUITests;
				PRODUCT_NAME = "$(TARGET_NAME)";
				TARGETED_DEVICE_FAMILY = "1,2";
				TEST_TARGET_NAME = FilterCamera;
			};
			name = Debug;
		};
		21570D3020BB8D8B002585CB /* Release */ = {
			isa = XCBuildConfiguration;
			buildSettings = {
				CODE_SIGN_STYLE = Automatic;
				DEVELOPMENT_TEAM = L2QMMRR2HG;
				INFOPLIST_FILE = FilterCameraUITests/Info.plist;
				LD_RUNPATH_SEARCH_PATHS = "$(inherited) @executable_path/Frameworks @loader_path/Frameworks";
				PRODUCT_BUNDLE_IDENTIFIER = com.wan.test.FilterCameraUITests;
				PRODUCT_NAME = "$(TARGET_NAME)";
				TARGETED_DEVICE_FAMILY = "1,2";
				TEST_TARGET_NAME = FilterCamera;
			};
			name = Release;
		};
/* End XCBuildConfiguration section */

/* Begin XCConfigurationList section */
		21570CF720BB8D8B002585CB /* Build configuration list for PBXProject "FilterCamera" */ = {
			isa = XCConfigurationList;
			buildConfigurations = (
				21570D2620BB8D8B002585CB /* Debug */,
				21570D2720BB8D8B002585CB /* Release */,
			);
			defaultConfigurationIsVisible = 0;
			defaultConfigurationName = Release;
		};
		21570D2820BB8D8B002585CB /* Build configuration list for PBXNativeTarget "FilterCamera" */ = {
			isa = XCConfigurationList;
			buildConfigurations = (
				21570D2920BB8D8B002585CB /* Debug */,
				21570D2A20BB8D8B002585CB /* Release */,
			);
			defaultConfigurationIsVisible = 0;
			defaultConfigurationName = Release;
		};
		21570D2B20BB8D8B002585CB /* Build configuration list for PBXNativeTarget "FilterCameraTests" */ = {
			isa = XCConfigurationList;
			buildConfigurations = (
				21570D2C20BB8D8B002585CB /* Debug */,
				21570D2D20BB8D8B002585CB /* Release */,
			);
			defaultConfigurationIsVisible = 0;
			defaultConfigurationName = Release;
		};
		21570D2E20BB8D8B002585CB /* Build configuration list for PBXNativeTarget "FilterCameraUITests" */ = {
			isa = XCConfigurationList;
			buildConfigurations = (
				21570D2F20BB8D8B002585CB /* Debug */,
				21570D3020BB8D8B002585CB /* Release */,
			);
			defaultConfigurationIsVisible = 0;
			defaultConfigurationName = Release;
		};
/* End XCConfigurationList section */
	};
	rootObject = 21570CF420BB8D8B002585CB /* Project object */;
}
