PODS:
  - GPUImage (0.1.7)
  - Masonry (1.1.0)
  - MBProgressHUD (1.1.0)
  - ReactiveObjC (3.0.0)
  - SDWebImage (4.2.2):
    - SDWebImage/Core (= 4.2.2)
  - SDWebImage/Core (4.2.2)

DEPENDENCIES:
  - GPUImage
  - Masonry
  - MBProgressHUD (~> 1.1.0)
  - ReactiveObjC
  - SDWebImage

SPEC REPOS:
  https://github.com/cocoapods/specs.git:
    - GPUImage
    - Masonry
    - MBProgressHUD
    - ReactiveObjC
    - SDWebImage

SPEC CHECKSUMS:
  GPUImage: 733a5f0fab92df9de1c37ba9df520a833ccb406d
  Masonry: 678fab65091a9290e40e2832a55e7ab731aad201
  MBProgressHUD: e7baa36a220447d8aeb12769bf0585582f3866d9
  ReactiveObjC: ce79989e8684b9086b5f8d0c74bc7b81a8729c9e
  SDWebImage: 89a9d32cd520bbb46eb14e541d5109b3564af198

PODFILE CHECKSUM: ac9d48b6e7091abee67b263c237c63d9a78ead88

COCOAPODS: 1.5.3
