PODS:
  - GPUImage (0.1.7)
  - Masonry (1.1.0)
  - ReactiveObjC (3.0.0)
  - SDWebImage (4.2.2):
    - SDWebImage/Core (= 4.2.2)
  - SDWebImage/Core (4.2.2)

DEPENDENCIES:
  - GPUImage
  - Masonry
  - ReactiveObjC
  - SDWebImage

SPEC REPOS:
  https://github.com/cocoapods/specs.git:
    - GPUImage
    - Masonry
    - ReactiveObjC
    - SDWebImage

SPEC CHECKSUMS:
  GPUImage: 733a5f0fab92df9de1c37ba9df520a833ccb406d
  Masonry: 678fab65091a9290e40e2832a55e7ab731aad201
  ReactiveObjC: ce79989e8684b9086b5f8d0c74bc7b81a8729c9e
  SDWebImage: 89a9d32cd520bbb46eb14e541d5109b3564af198

PODFILE CHECKSUM: 65bf0af2b0e435740e1c9fe407d92a013ee7c922

COCOAPODS: 1.5.3
